{
  "version": 4,
  "terraform_version": "1.16.1",
  "serial": 44,
  "lineage": "54382eb0-ea38-3c81-6cbc-f28a1dc1ad31",
  "outputs": {
    "alb_dns_name": {
      "value": "std01-ex10-alb-916992816.ap-northeast-1.elb.amazonaws.com",
      "type": "string"
    },
    "asg_security_group_id": {
      "value": "sg-09248c508f8ef1f1d",
      "type": "string"
    },
    "autoscaling_group_name": {
      "value": "std01-ex10-codedeploy-asg",
      "type": "string"
    },
    "codedeploy_application_name": {
      "value": "std01-ex10-codedeploy-app",
      "type": "string"
    },
    "codedeploy_deployment_group_name": {
      "value": "std01-ex10-deployment-group",
      "type": "string"
    },
    "db_subnet_ids": {
      "value": [
        "subnet-0bc8031c627b68fc1",
        "subnet-084339f1d2a3a8ec1",
        "subnet-08a951a2310cc6856"
      ],
      "type": [
        "tuple",
        [
          "string",
          "string",
          "string"
        ]
      ]
    },
    "ecr_repository_url": {
      "value": "925047940866.dkr.ecr.ap-northeast-1.amazonaws.com/std01-ex10-nginx",
      "type": "string"
    },
    "launch_template_id": {
      "value": "lt-066745b8357a187cb",
      "type": "string"
    },
    "private_subnet_ids": {
      "value": [
        "subnet-064a9701b6d1f0c6a",
        "subnet-063237b324077df65",
        "subnet-0a7153f076415bedb"
      ],
      "type": [
        "tuple",
        [
          "string",
          "string",
          "string"
        ]
      ]
    },
    "public_subnet_ids": {
      "value": [
        "subnet-05a8b6e4003b6872e",
        "subnet-04256113cf9d85c69",
        "subnet-054cb4ccf9b6532ef"
      ],
      "type": [
        "tuple",
        [
          "string",
          "string",
          "string"
        ]
      ]
    },
    "target_group_arn": {
      "value": "arn:aws:elasticloadbalancing:ap-northeast-1:925047940866:targetgroup/std01-ex10-tg/84df5b059a52241f",
      "type": "string"
    },
    "vpc_id": {
      "value": "vpc-05d1cec139af59a7b",
      "type": "string"
    }
  },
  "resources": [
    {
      "mode": "data",
      "type": "aws_ami",
      "name": "al2023",
      "provider": "provider[\"registry.terraform.io/hashicorp/aws\"]",
      "instances": [
        {
          "schema_version": 0,
          "attributes": {
            "allow_unsafe_filter": null,
            "architecture": "x86_64",
            "arn": "arn:aws:ec2:ap-northeast-1::image/ami-00801cfd6858c5bb2",
            "block_device_mappings": [
              {
                "device_name": "/dev/xvda",
                "ebs": {
                  "delete_on_termination": "true",
                  "encrypted": "false",
                  "iops": "3000",
                  "snapshot_id": "snap-000e781bee7c5e5f9",
                  "throughput": "125",
                  "volume_initialization_rate": "0",
                  "volume_size": "8",
                  "volume_type": "gp3"
                },
                "no_device": "",
                "virtual_name": ""
              }
            ],
            "boot_mode": "uefi-preferred",
            "creation_date": "2026-09-17T00:58:16.000Z",
            "deprecation_time": "2026-12-16T01:00:00.000Z",
            "description": "Amazon Linux 2023 AMI 2023.12.20260917.1 x86_64 HVM kernel-6.1",
            "ena_support": true,
            "executable_users": null,
            "filter": [
              {
                "name": "architecture",
                "values": [
                  "x86_64"
                ]
              },
              {
                "name": "name",
                "values": [
                  "al2023-ami-2023.*-x86_64"
                ]
              },
              {
                "name": "root-device-type",
                "values": [
                  "ebs"
                ]
              },
              {
                "name": "virtualization-type",
                "values": [
                  "hvm"
                ]
              }
            ],
            "hypervisor": "xen",
            "id": "ami-00801cfd6858c5bb2",
            "image_id": "ami-00801cfd6858c5bb2",
            "image_location": "amazon/al2023-ami-2023.12.20260917.1-kernel-6.1-x86_64",
            "image_owner_alias": "amazon",
            "image_type": "machine",
            "imds_support": "v2.0",
            "include_deprecated": false,
            "kernel_id": "",
            "last_launched_time": "",
            "most_recent": true,
            "name": "al2023-ami-2023.12.20260917.1-kernel-6.1-x86_64",
            "name_regex": null,
            "owner_id": "137112412989",
            "owners": [
              "amazon"
            ],
            "platform": "",
            "platform_details": "Linux/UNIX",
            "product_codes": [],
            "public": true,
            "ramdisk_id": "",
            "region": "ap-northeast-1",
            "root_device_name": "/dev/xvda",
            "root_device_type": "ebs",
            "root_snapshot_id": "snap-000e781bee7c5e5f9",
            "sriov_net_support": "simple",
            "state": "available",
            "state_reason": {
              "code": "UNSET",
              "message": "UNSET"
            },
            "tags": {},
            "timeouts": null,
            "tpm_support": "",
            "uefi_data": null,
            "usage_operation": "RunInstances",
            "virtualization_type": "hvm"
          },
          "sensitive_attributes": [],
          "identity_schema_version": 0
        }
      ]
    },
    {
      "mode": "managed",
      "type": "aws_autoscaling_attachment",
      "name": "asg_tg",
      "provider": "provider[\"registry.terraform.io/hashicorp/aws\"]",
      "instances": [
        {
          "schema_version": 0,
          "attributes": {
            "autoscaling_group_name": "std01-ex10-codedeploy-asg",
            "elb": null,
            "id": "std01-ex10-codedeploy-asg-20260918061835557400000001",
            "lb_target_group_arn": "arn:aws:elasticloadbalancing:ap-northeast-1:925047940866:targetgroup/std01-ex10-tg/84df5b059a52241f",
            "region": "ap-northeast-1"
          },
          "sensitive_attributes": [],
          "identity_schema_version": 0,
          "private": "bnVsbA==",
          "dependencies": [
            "aws_autoscaling_group.asg",
            "aws_iam_instance_profile.asg_node_profile",
            "aws_iam_role.asg_node_role",
            "aws_launch_template.asg_lt",
            "aws_lb_target_group.app_tg",
            "aws_security_group.alb_sg",
            "aws_security_group.asg_sg",
            "aws_subnet.private_1a",
            "aws_subnet.private_1c",
            "aws_subnet.private_1d",
            "aws_vpc.ex10_vpc",
            "data.aws_ami.al2023"
          ]
        }
      ]
    },
    {
      "mode": "managed",
      "type": "aws_autoscaling_group",
      "name": "asg",
      "provider": "provider[\"registry.terraform.io/hashicorp/aws\"]",
      "instances": [
        {
          "schema_version": 1,
          "attributes": {
            "arn": "arn:aws:autoscaling:ap-northeast-1:925047940866:autoScalingGroup:a56c7677-4848-426b-b109-9ba9f0e5fcca:autoScalingGroupName/std01-ex10-codedeploy-asg",
            "availability_zone_distribution": [
              {
                "capacity_distribution_strategy": "balanced-best-effort"
              }
            ],
            "availability_zones": [
              "ap-northeast-1a",
              "ap-northeast-1c",
              "ap-northeast-1d"
            ],
            "capacity_rebalance": false,
            "capacity_reservation_specification": [
              {
                "capacity_reservation_preference": "default",
                "capacity_reservation_target": []
              }
            ],
            "context": "",
            "default_cooldown": 300,
            "default_instance_warmup": 0,
            "desired_capacity": 2,
            "desired_capacity_type": "",
            "enabled_metrics": null,
            "force_delete": false,
            "force_delete_warm_pool": false,
            "health_check_grace_period": 120,
            "health_check_type": "EC2",
            "id": "std01-ex10-codedeploy-asg",
            "ignore_failed_scaling_activities": false,
            "initial_lifecycle_hook": [],
            "instance_lifecycle_policy": [
              {
                "retention_triggers": [
                  {
                    "terminate_hook_abandon": "terminate"
                  }
                ]
              }
            ],
            "instance_maintenance_policy": [],
            "instance_refresh": [],
            "launch_configuration": "",
            "launch_template": [
              {
                "id": "lt-066745b8357a187cb",
                "name": "std01-ex10-asg-lt-5742cfe2ae7240b59f679fa1f7",
                "version": "$Latest"
              }
            ],
            "load_balancers": [],
            "max_instance_lifetime": 0,
            "max_size": 3,
            "metrics_granularity": "1Minute",
            "min_elb_capacity": null,
            "min_size": 1,
            "mixed_instances_policy": [],
            "name": "std01-ex10-codedeploy-asg",
            "name_prefix": "",
            "placement_group": "",
            "predicted_capacity": 0,
            "protect_from_scale_in": false,
            "region": "ap-northeast-1",
            "service_linked_role_arn": "arn:aws:iam::925047940866:role/aws-service-role/autoscaling.amazonaws.com/AWSServiceRoleForAutoScaling",
            "suspended_processes": null,
            "tag": [
              {
                "key": "Env",
                "propagate_at_launch": true,
                "value": "test"
              },
              {
                "key": "Name",
                "propagate_at_launch": true,
                "value": "std01-ex10-asg-node-instance"
              },
              {
                "key": "Owner",
                "propagate_at_launch": true,
                "value": "std01"
              },
              {
                "key": "Project",
                "propagate_at_launch": true,
                "value": "ex10-asg-codedeploy"
              }
            ],
            "target_group_arns": [],
            "termination_policies": null,
            "timeouts": null,
            "traffic_source": [],
            "vpc_zone_identifier": [
              "subnet-063237b324077df65",
              "subnet-064a9701b6d1f0c6a",
              "subnet-0a7153f076415bedb"
            ],
            "wait_for_capacity_timeout": "10m",
            "wait_for_elb_capacity": null,
            "warm_pool": [],
            "warm_pool_size": 0
          },
          "sensitive_attributes": [],
          "identity_schema_version": 0,
          "identity": {
            "account_id": "925047940866",
            "name": "std01-ex10-codedeploy-asg",
            "region": "ap-northeast-1"
          },
          "private": "eyJlMmJmYjczMC1lY2FhLTExZTYtOGY4OC0zNDM2M2JjN2M0YzAiOnsiZGVsZXRlIjo2MDAwMDAwMDAwMDAsInVwZGF0ZSI6NjAwMDAwMDAwMDAwfSwic2NoZW1hX3ZlcnNpb24iOiIxIn0=",
          "dependencies": [
            "aws_iam_instance_profile.asg_node_profile",
            "aws_iam_role.asg_node_role",
            "aws_launch_template.asg_lt",
            "aws_security_group.alb_sg",
            "aws_security_group.asg_sg",
            "aws_subnet.private_1a",
            "aws_subnet.private_1c",
            "aws_subnet.private_1d",
            "aws_vpc.ex10_vpc",
            "data.aws_ami.al2023"
          ]
        }
      ]
    },
    {
      "mode": "managed",
      "type": "aws_codedeploy_app",
      "name": "app",
      "provider": "provider[\"registry.terraform.io/hashicorp/aws\"]",
      "instances": [
        {
          "schema_version": 0,
          "attributes": {
            "application_id": "ffab2628-9961-4f49-9c6e-ab771a1c7630",
            "arn": "arn:aws:codedeploy:ap-northeast-1:925047940866:application:std01-ex10-codedeploy-app",
            "compute_platform": "Server",
            "github_account_name": "",
            "id": "ffab2628-9961-4f49-9c6e-ab771a1c7630:std01-ex10-codedeploy-app",
            "linked_to_github": false,
            "name": "std01-ex10-codedeploy-app",
            "region": "ap-northeast-1",
            "tags": null,
            "tags_all": {
              "Env": "test",
              "Owner": "std01",
              "Project": "ex10-asg-codedeploy"
            }
          },
          "sensitive_attributes": [],
          "identity_schema_version": 0,
          "private": "bnVsbA=="
        }
      ]
    },
    {
      "mode": "managed",
      "type": "aws_codedeploy_deployment_group",
      "name": "dg",
      "provider": "provider[\"registry.terraform.io/hashicorp/aws\"]",
      "instances": [
        {
          "schema_version": 0,
          "attributes": {
            "alarm_configuration": [],
            "app_name": "std01-ex10-codedeploy-app",
            "arn": "arn:aws:codedeploy:ap-northeast-1:925047940866:deploymentgroup:std01-ex10-codedeploy-app/std01-ex10-deployment-group",
            "auto_rollback_configuration": [
              {
                "enabled": true,
                "events": [
                  "DEPLOYMENT_FAILURE"
                ]
              }
            ],
            "autoscaling_groups": [
              "std01-ex10-codedeploy-asg"
            ],
            "blue_green_deployment_config": [],
            "compute_platform": "Server",
            "deployment_config_name": "CodeDeployDefault.AllAtOnce",
            "deployment_group_id": "cddec6c3-9f1e-43c3-943d-240dc6fdf9bc",
            "deployment_group_name": "std01-ex10-deployment-group",
            "deployment_style": [
              {
                "deployment_option": "WITHOUT_TRAFFIC_CONTROL",
                "deployment_type": "IN_PLACE"
              }
            ],
            "ec2_tag_filter": [],
            "ec2_tag_set": [],
            "ecs_service": [],
            "id": "cddec6c3-9f1e-43c3-943d-240dc6fdf9bc",
            "load_balancer_info": [],
            "on_premises_instance_tag_filter": [],
            "outdated_instances_strategy": "UPDATE",
            "region": "ap-northeast-1",
            "service_role_arn": "arn:aws:iam::925047940866:role/std01-ex10-codedeploy-service-role",
            "tags": null,
            "tags_all": {
              "Env": "test",
              "Owner": "std01",
              "Project": "ex10-asg-codedeploy"
            },
            "termination_hook_enabled": false,
            "trigger_configuration": []
          },
          "sensitive_attributes": [],
          "identity_schema_version": 0,
          "private": "bnVsbA==",
          "dependencies": [
            "aws_autoscaling_group.asg",
            "aws_codedeploy_app.app",
            "aws_iam_instance_profile.asg_node_profile",
            "aws_iam_role.asg_node_role",
            "aws_iam_role.codedeploy_role",
            "aws_launch_template.asg_lt",
            "aws_security_group.alb_sg",
            "aws_security_group.asg_sg",
            "aws_subnet.private_1a",
            "aws_subnet.private_1c",
            "aws_subnet.private_1d",
            "aws_vpc.ex10_vpc",
            "data.aws_ami.al2023"
          ]
        }
      ]
    },
    {
      "mode": "managed",
      "type": "aws_ecr_repository",
      "name": "nginx",
      "provider": "provider[\"registry.terraform.io/hashicorp/aws\"]",
      "instances": [
        {
          "schema_version": 0,
          "attributes": {
            "arn": "arn:aws:ecr:ap-northeast-1:925047940866:repository/std01-ex10-nginx",
            "encryption_configuration": [
              {
                "encryption_type": "AES256",
                "kms_key": ""
              }
            ],
            "force_delete": true,
            "id": "std01-ex10-nginx",
            "image_scanning_configuration": [
              {
                "scan_on_push": true
              }
            ],
            "image_tag_mutability": "MUTABLE",
            "image_tag_mutability_exclusion_filter": [],
            "name": "std01-ex10-nginx",
            "region": "ap-northeast-1",
            "registry_id": "925047940866",
            "repository_url": "925047940866.dkr.ecr.ap-northeast-1.amazonaws.com/std01-ex10-nginx",
            "tags": {
              "Name": "std01-ex10-nginx"
            },
            "tags_all": {
              "Env": "test",
              "Name": "std01-ex10-nginx",
              "Owner": "std01",
              "Project": "ex10-asg-codedeploy"
            },
            "timeouts": null
          },
          "sensitive_attributes": [],
          "identity_schema_version": 0,
          "identity": {
            "account_id": "925047940866",
            "name": "std01-ex10-nginx",
            "region": "ap-northeast-1"
          },
          "private": "eyJlMmJmYjczMC1lY2FhLTExZTYtOGY4OC0zNDM2M2JjN2M0YzAiOnsiZGVsZXRlIjoxMjAwMDAwMDAwMDAwfX0="
        }
      ]
    },
    {
      "mode": "managed",
      "type": "aws_eip",
      "name": "nat_eip",
      "provider": "provider[\"registry.terraform.io/hashicorp/aws\"]",
      "instances": [
        {
          "schema_version": 0,
          "attributes": {
            "address": null,
            "allocation_id": "eipalloc-0fd2c96ea126c8484",
            "arn": "arn:aws:ec2:ap-northeast-1:925047940866:elastic-ip/eipalloc-0fd2c96ea126c8484",
            "associate_with_private_ip": null,
            "association_id": "",
            "carrier_ip": "",
            "customer_owned_ip": "",
            "customer_owned_ipv4_pool": "",
            "domain": "vpc",
            "id": "eipalloc-0fd2c96ea126c8484",
            "instance": "",
            "ipam_pool_id": "",
            "network_border_group": "ap-northeast-1",
            "network_interface": "",
            "private_dns": "",
            "private_ip": "",
            "ptr_record": "",
            "public_dns": "ec2-54-64-143-214.ap-northeast-1.compute.amazonaws.com",
            "public_ip": "54.64.143.214",
            "public_ipv4_pool": "amazon",
            "region": "ap-northeast-1",
            "tags": {
              "Name": "std01-ex10-nat-eip"
            },
            "tags_all": {
              "Env": "test",
              "Name": "std01-ex10-nat-eip",
              "Owner": "std01",
              "Project": "ex10-asg-codedeploy"
            },
            "timeouts": null
          },
          "sensitive_attributes": [],
          "identity_schema_version": 0,
          "identity": {
            "account_id": "925047940866",
            "id": "eipalloc-0fd2c96ea126c8484",
            "region": "ap-northeast-1"
          },
          "private": "eyJlMmJmYjczMC1lY2FhLTExZTYtOGY4OC0zNDM2M2JjN2M0YzAiOnsiZGVsZXRlIjoxODAwMDAwMDAwMDAsInJlYWQiOjkwMDAwMDAwMDAwMCwidXBkYXRlIjozMDAwMDAwMDAwMDB9fQ=="
        }
      ]
    },
    {
      "mode": "managed",
      "type": "aws_iam_instance_profile",
      "name": "asg_node_profile",
      "provider": "provider[\"registry.terraform.io/hashicorp/aws\"]",
      "instances": [
        {
          "schema_version": 0,
          "attributes": {
            "arn": "arn:aws:iam::925047940866:instance-profile/std01-ex10-asg-node-instance-profile",
            "create_date": "2026-09-18T06:18:06Z",
            "id": "std01-ex10-asg-node-instance-profile",
            "name": "std01-ex10-asg-node-instance-profile",
            "name_prefix": "",
            "path": "/",
            "role": "std01-ex10-asg-node-role",
            "tags": null,
            "tags_all": {
              "Env": "test",
              "Owner": "std01",
              "Project": "ex10-asg-codedeploy"
            },
            "unique_id": "AIPA5OYJHM4BIFQGZDCVB"
          },
          "sensitive_attributes": [],
          "identity_schema_version": 0,
          "identity": {
            "account_id": "925047940866",
            "name": "std01-ex10-asg-node-instance-profile"
          },
          "private": "bnVsbA==",
          "dependencies": [
            "aws_iam_role.asg_node_role"
          ]
        }
      ]
    },
    {
      "mode": "managed",
      "type": "aws_iam_role",
      "name": "asg_node_role",
      "provider": "provider[\"registry.terraform.io/hashicorp/aws\"]",
      "instances": [
        {
          "schema_version": 0,
          "attributes": {
            "arn": "arn:aws:iam::925047940866:role/std01-ex10-asg-node-role",
            "assume_role_policy": "{\"Statement\":[{\"Action\":\"sts:AssumeRole\",\"Effect\":\"Allow\",\"Principal\":{\"Service\":\"ec2.amazonaws.com\"}}],\"Version\":\"2012-10-17\"}",
            "create_date": "2026-09-18T06:18:05Z",
            "description": "",
            "force_detach_policies": false,
            "id": "std01-ex10-asg-node-role",
            "inline_policy": [],
            "managed_policy_arns": [],
            "max_session_duration": 3600,
            "name": "std01-ex10-asg-node-role",
            "name_prefix": "",
            "path": "/",
            "permissions_boundary": "",
            "tags": {
              "Name": "std01-ex10-asg-node-role"
            },
            "tags_all": {
              "Env": "test",
              "Name": "std01-ex10-asg-node-role",
              "Owner": "std01",
              "Project": "ex10-asg-codedeploy"
            },
            "unique_id": "AROA5OYJHM4BNNGERV3OA"
          },
          "sensitive_attributes": [],
          "identity_schema_version": 0,
          "identity": {
            "account_id": "925047940866",
            "name": "std01-ex10-asg-node-role"
          },
          "private": "bnVsbA=="
        }
      ]
    },
    {
      "mode": "managed",
      "type": "aws_iam_role",
      "name": "codedeploy_role",
      "provider": "provider[\"registry.terraform.io/hashicorp/aws\"]",
      "instances": [
        {
          "schema_version": 0,
          "attributes": {
            "arn": "arn:aws:iam::925047940866:role/std01-ex10-codedeploy-service-role",
            "assume_role_policy": "{\"Statement\":[{\"Action\":\"sts:AssumeRole\",\"Effect\":\"Allow\",\"Principal\":{\"Service\":\"codedeploy.amazonaws.com\"}}],\"Version\":\"2012-10-17\"}",
            "create_date": "2026-09-18T06:18:05Z",
            "description": "",
            "force_detach_policies": false,
            "id": "std01-ex10-codedeploy-service-role",
            "inline_policy": [],
            "managed_policy_arns": [],
            "max_session_duration": 3600,
            "name": "std01-ex10-codedeploy-service-role",
            "name_prefix": "",
            "path": "/",
            "permissions_boundary": "",
            "tags": {
              "Name": "std01-ex10-codedeploy-service-role"
            },
            "tags_all": {
              "Env": "test",
              "Name": "std01-ex10-codedeploy-service-role",
              "Owner": "std01",
              "Project": "ex10-asg-codedeploy"
            },
            "unique_id": "AROA5OYJHM4BNH6KGR6K3"
          },
          "sensitive_attributes": [],
          "identity_schema_version": 0,
          "identity": {
            "account_id": "925047940866",
            "name": "std01-ex10-codedeploy-service-role"
          },
          "private": "bnVsbA=="
        }
      ]
    },
    {
      "mode": "managed",
      "type": "aws_iam_role_policy_attachment",
      "name": "codedeploy_policy",
      "provider": "provider[\"registry.terraform.io/hashicorp/aws\"]",
      "instances": [
        {
          "schema_version": 0,
          "attributes": {
            "id": "std01-ex10-codedeploy-service-role/arn:aws:iam::aws:policy/service-role/AWSCodeDeployRole",
            "policy_arn": "arn:aws:iam::aws:policy/service-role/AWSCodeDeployRole",
            "role": "std01-ex10-codedeploy-service-role"
          },
          "sensitive_attributes": [],
          "identity_schema_version": 0,
          "identity": {
            "account_id": "925047940866",
            "policy_arn": "arn:aws:iam::aws:policy/service-role/AWSCodeDeployRole",
            "role": "std01-ex10-codedeploy-service-role"
          },
          "private": "bnVsbA==",
          "dependencies": [
            "aws_iam_role.codedeploy_role"
          ]
        }
      ]
    },
    {
      "mode": "managed",
      "type": "aws_iam_role_policy_attachment",
      "name": "ecr_read",
      "provider": "provider[\"registry.terraform.io/hashicorp/aws\"]",
      "instances": [
        {
          "schema_version": 0,
          "attributes": {
            "id": "std01-ex10-asg-node-role/arn:aws:iam::aws:policy/AmazonEC2ContainerRegistryReadOnly",
            "policy_arn": "arn:aws:iam::aws:policy/AmazonEC2ContainerRegistryReadOnly",
            "role": "std01-ex10-asg-node-role"
          },
          "sensitive_attributes": [],
          "identity_schema_version": 0,
          "identity": {
            "account_id": "925047940866",
            "policy_arn": "arn:aws:iam::aws:policy/AmazonEC2ContainerRegistryReadOnly",
            "role": "std01-ex10-asg-node-role"
          },
          "private": "bnVsbA==",
          "dependencies": [
            "aws_iam_role.asg_node_role"
          ]
        }
      ]
    },
    {
      "mode": "managed",
      "type": "aws_iam_role_policy_attachment",
      "name": "s3_read",
      "provider": "provider[\"registry.terraform.io/hashicorp/aws\"]",
      "instances": [
        {
          "schema_version": 0,
          "attributes": {
            "id": "std01-ex10-asg-node-role/arn:aws:iam::aws:policy/AmazonS3ReadOnlyAccess",
            "policy_arn": "arn:aws:iam::aws:policy/AmazonS3ReadOnlyAccess",
            "role": "std01-ex10-asg-node-role"
          },
          "sensitive_attributes": [],
          "identity_schema_version": 0,
          "identity": {
            "account_id": "925047940866",
            "policy_arn": "arn:aws:iam::aws:policy/AmazonS3ReadOnlyAccess",
            "role": "std01-ex10-asg-node-role"
          },
          "private": "bnVsbA==",
          "dependencies": [
            "aws_iam_role.asg_node_role"
          ]
        }
      ]
    },
    {
      "mode": "managed",
      "type": "aws_iam_role_policy_attachment",
      "name": "ssm_core",
      "provider": "provider[\"registry.terraform.io/hashicorp/aws\"]",
      "instances": [
        {
          "schema_version": 0,
          "attributes": {
            "id": "std01-ex10-asg-node-role/arn:aws:iam::aws:policy/AmazonSSMManagedInstanceCore",
            "policy_arn": "arn:aws:iam::aws:policy/AmazonSSMManagedInstanceCore",
            "role": "std01-ex10-asg-node-role"
          },
          "sensitive_attributes": [],
          "identity_schema_version": 0,
          "identity": {
            "account_id": "925047940866",
            "policy_arn": "arn:aws:iam::aws:policy/AmazonSSMManagedInstanceCore",
            "role": "std01-ex10-asg-node-role"
          },
          "private": "bnVsbA==",
          "dependencies": [
            "aws_iam_role.asg_node_role"
          ]
        }
      ]
    },
    {
      "mode": "managed",
      "type": "aws_internet_gateway",
      "name": "ex10_igw",
      "provider": "provider[\"registry.terraform.io/hashicorp/aws\"]",
      "instances": [
        {
          "schema_version": 0,
          "attributes": {
            "arn": "arn:aws:ec2:ap-northeast-1:925047940866:internet-gateway/igw-0e41ec6dac8e6adc6",
            "id": "igw-0e41ec6dac8e6adc6",
            "owner_id": "925047940866",
            "region": "ap-northeast-1",
            "tags": {
              "Name": "std01-ex10-igw"
            },
            "tags_all": {
              "Env": "test",
              "Name": "std01-ex10-igw",
              "Owner": "std01",
              "Project": "ex10-asg-codedeploy"
            },
            "timeouts": null,
            "vpc_id": "vpc-05d1cec139af59a7b"
          },
          "sensitive_attributes": [],
          "identity_schema_version": 0,
          "identity": {
            "account_id": "925047940866",
            "id": "igw-0e41ec6dac8e6adc6",
            "region": "ap-northeast-1"
          },
          "private": "eyJlMmJmYjczMC1lY2FhLTExZTYtOGY4OC0zNDM2M2JjN2M0YzAiOnsiY3JlYXRlIjoxMjAwMDAwMDAwMDAwLCJkZWxldGUiOjEyMDAwMDAwMDAwMDAsInVwZGF0ZSI6MTIwMDAwMDAwMDAwMH19",
          "dependencies": [
            "aws_vpc.ex10_vpc"
          ]
        }
      ]
    },
    {
      "mode": "managed",
      "type": "aws_launch_template",
      "name": "asg_lt",
      "provider": "provider[\"registry.terraform.io/hashicorp/aws\"]",
      "instances": [
        {
          "schema_version": 1,
          "attributes": {
            "arn": "arn:aws:ec2:ap-northeast-1:925047940866:launch-template/lt-066745b8357a187cb",
            "block_device_mappings": [],
            "capacity_reservation_specification": [],
            "cpu_options": [],
            "credit_specification": [],
            "default_version": 1,
            "description": "",
            "disable_api_stop": false,
            "disable_api_termination": false,
            "ebs_optimized": "",
            "enclave_options": [],
            "hibernation_options": [],
            "iam_instance_profile": [
              {
                "arn": "",
                "name": "std01-ex10-asg-node-instance-profile"
              }
            ],
            "id": "lt-066745b8357a187cb",
            "image_id": "ami-00801cfd6858c5bb2",
            "instance_initiated_shutdown_behavior": "",
            "instance_market_options": [],
            "instance_requirements": [],
            "instance_type": "t3.micro",
            "kernel_id": "",
            "key_name": "",
            "latest_version": 1,
            "license_specification": [],
            "maintenance_options": [],
            "metadata_options": [],
            "monitoring": [],
            "name": "std01-ex10-asg-lt-5742cfe2ae7240b59f679fa1f7",
            "name_prefix": "std01-ex10-asg-lt-",
            "network_interfaces": [],
            "network_performance_options": [],
            "placement": [],
            "private_dns_name_options": [],
            "ram_disk_id": "",
            "region": "ap-northeast-1",
            "secondary_interfaces": [],
            "security_group_names": null,
            "tag_specifications": [
              {
                "resource_type": "instance",
                "tags": {
                  "Name": "std01-ex10-asg-node-instance"
                }
              },
              {
                "resource_type": "volume",
                "tags": {
                  "Name": "std01-ex10-asg-node-volume"
                }
              }
            ],
            "tags": {
              "Name": "std01-ex10-asg-launch-template"
            },
            "tags_all": {
              "Env": "test",
              "Name": "std01-ex10-asg-launch-template",
              "Owner": "std01",
              "Project": "ex10-asg-codedeploy"
            },
            "update_default_version": null,
            "user_data": "IyEvYmluL2Jhc2gKCmRuZiB1cGRhdGUgLXkKCmRuZiBpbnN0YWxsIC15IFwKICBydWJ5IFwKICB3Z2V0IFwKICBkb2NrZXIKCnN5c3RlbWN0bCBlbmFibGUgZG9ja2VyCnN5c3RlbWN0bCBzdGFydCBkb2NrZXIKCnVzZXJtb2QgLWFHIGRvY2tlciBlYzItdXNlcgoKY2QgL3RtcAoKd2dldCBodHRwczovL2F3cy1jb2RlZGVwbG95LWFwLW5vcnRoZWFzdC0xLnMzLmFwLW5vcnRoZWFzdC0xLmFtYXpvbmF3cy5jb20vbGF0ZXN0L2luc3RhbGwKCmNobW9kICt4IC4vaW5zdGFsbAoKLi9pbnN0YWxsIGF1dG8KCnN5c3RlbWN0bCBlbmFibGUgY29kZWRlcGxveS1hZ2VudApzeXN0ZW1jdGwgc3RhcnQgY29kZWRlcGxveS1hZ2VudAo=",
            "vpc_security_group_ids": [
              "sg-09248c508f8ef1f1d"
            ]
          },
          "sensitive_attributes": [],
          "identity_schema_version": 0,
          "identity": {
            "account_id": "925047940866",
            "id": "lt-066745b8357a187cb",
            "region": "ap-northeast-1"
          },
          "private": "eyJzY2hlbWFfdmVyc2lvbiI6IjEifQ==",
          "dependencies": [
            "aws_iam_instance_profile.asg_node_profile",
            "aws_iam_role.asg_node_role",
            "aws_security_group.alb_sg",
            "aws_security_group.asg_sg",
            "aws_vpc.ex10_vpc",
            "data.aws_ami.al2023"
          ]
        }
      ]
    },
    {
      "mode": "managed",
      "type": "aws_lb",
      "name": "app_alb",
      "provider": "provider[\"registry.terraform.io/hashicorp/aws\"]",
      "instances": [
        {
          "schema_version": 0,
          "attributes": {
            "access_logs": [
              {
                "bucket": "",
                "enabled": false,
                "prefix": ""
              }
            ],
            "arn": "arn:aws:elasticloadbalancing:ap-northeast-1:925047940866:loadbalancer/app/std01-ex10-alb/b2c411ec92c31881",
            "arn_suffix": "app/std01-ex10-alb/b2c411ec92c31881",
            "client_keep_alive": 3600,
            "connection_logs": [
              {
                "bucket": "",
                "enabled": false,
                "prefix": ""
              }
            ],
            "customer_owned_ipv4_pool": "",
            "desync_mitigation_mode": "defensive",
            "dns_name": "std01-ex10-alb-916992816.ap-northeast-1.elb.amazonaws.com",
            "dns_record_client_routing_policy": null,
            "drop_invalid_header_fields": false,
            "enable_cross_zone_load_balancing": true,
            "enable_deletion_protection": false,
            "enable_http2": true,
            "enable_prefix_for_ipv6_source_nat": "off",
            "enable_tls_version_and_cipher_suite_headers": false,
            "enable_waf_fail_open": false,
            "enable_xff_client_port": false,
            "enable_zonal_shift": false,
            "enforce_security_group_inbound_rules_on_private_link_traffic": "",
            "health_check_logs": [
              {
                "bucket": "",
                "enabled": false,
                "prefix": ""
              }
            ],
            "id": "arn:aws:elasticloadbalancing:ap-northeast-1:925047940866:loadbalancer/app/std01-ex10-alb/b2c411ec92c31881",
            "idle_timeout": 60,
            "internal": false,
            "ip_address_type": "ipv4",
            "ipam_pools": [],
            "load_balancer_type": "application",
            "minimum_load_balancer_capacity": [],
            "name": "std01-ex10-alb",
            "name_prefix": "",
            "preserve_host_header": false,
            "region": "ap-northeast-1",
            "secondary_ips_auto_assigned_per_subnet": null,
            "security_groups": [
              "sg-0eaffaa063798a05b"
            ],
            "subnet_mapping": [
              {
                "allocation_id": "",
                "ipv6_address": "",
                "outpost_id": "",
                "private_ipv4_address": "",
                "subnet_id": "subnet-04256113cf9d85c69"
              },
              {
                "allocation_id": "",
                "ipv6_address": "",
                "outpost_id": "",
                "private_ipv4_address": "",
                "subnet_id": "subnet-054cb4ccf9b6532ef"
              },
              {
                "allocation_id": "",
                "ipv6_address": "",
                "outpost_id": "",
                "private_ipv4_address": "",
                "subnet_id": "subnet-05a8b6e4003b6872e"
              }
            ],
            "subnets": [
              "subnet-04256113cf9d85c69",
              "subnet-054cb4ccf9b6532ef",
              "subnet-05a8b6e4003b6872e"
            ],
            "tags": {
              "Name": "std01-ex10-alb"
            },
            "tags_all": {
              "Env": "test",
              "Name": "std01-ex10-alb",
              "Owner": "std01",
              "Project": "ex10-asg-codedeploy"
            },
            "timeouts": null,
            "vpc_id": "vpc-05d1cec139af59a7b",
            "xff_header_processing_mode": "append",
            "zone_id": "Z14GRHDCWA56QT"
          },
          "sensitive_attributes": [],
          "identity_schema_version": 0,
          "identity": {
            "arn": "arn:aws:elasticloadbalancing:ap-northeast-1:925047940866:loadbalancer/app/std01-ex10-alb/b2c411ec92c31881"
          },
          "private": "eyJlMmJmYjczMC1lY2FhLTExZTYtOGY4OC0zNDM2M2JjN2M0YzAiOnsiY3JlYXRlIjo2MDAwMDAwMDAwMDAsImRlbGV0ZSI6NjAwMDAwMDAwMDAwLCJ1cGRhdGUiOjYwMDAwMDAwMDAwMH19",
          "dependencies": [
            "aws_security_group.alb_sg",
            "aws_subnet.public_1a",
            "aws_subnet.public_1c",
            "aws_subnet.public_1d",
            "aws_vpc.ex10_vpc"
          ]
        }
      ]
    },
    {
      "mode": "managed",
      "type": "aws_lb_listener",
      "name": "http",
      "provider": "provider[\"registry.terraform.io/hashicorp/aws\"]",
      "instances": [
        {
          "schema_version": 0,
          "attributes": {
            "alpn_policy": null,
            "arn": "arn:aws:elasticloadbalancing:ap-northeast-1:925047940866:listener/app/std01-ex10-alb/b2c411ec92c31881/b1a40113c6e3effd",
            "certificate_arn": null,
            "default_action": [
              {
                "authenticate_cognito": [],
                "authenticate_oidc": [],
                "fixed_response": [],
                "forward": [],
                "jwt_validation": [],
                "order": 1,
                "redirect": [],
                "target_group_arn": "arn:aws:elasticloadbalancing:ap-northeast-1:925047940866:targetgroup/std01-ex10-tg/84df5b059a52241f",
                "type": "forward"
              }
            ],
            "id": "arn:aws:elasticloadbalancing:ap-northeast-1:925047940866:listener/app/std01-ex10-alb/b2c411ec92c31881/b1a40113c6e3effd",
            "load_balancer_arn": "arn:aws:elasticloadbalancing:ap-northeast-1:925047940866:loadbalancer/app/std01-ex10-alb/b2c411ec92c31881",
            "mutual_authentication": [],
            "port": 80,
            "protocol": "HTTP",
            "region": "ap-northeast-1",
            "routing_http_request_x_amzn_mtls_clientcert_header_name": null,
            "routing_http_request_x_amzn_mtls_clientcert_issuer_header_name": null,
            "routing_http_request_x_amzn_mtls_clientcert_leaf_header_name": null,
            "routing_http_request_x_amzn_mtls_clientcert_serial_number_header_name": null,
            "routing_http_request_x_amzn_mtls_clientcert_subject_header_name": null,
            "routing_http_request_x_amzn_mtls_clientcert_validity_header_name": null,
            "routing_http_request_x_amzn_tls_cipher_suite_header_name": null,
            "routing_http_request_x_amzn_tls_version_header_name": null,
            "routing_http_response_access_control_allow_credentials_header_value": "",
            "routing_http_response_access_control_allow_headers_header_value": "",
            "routing_http_response_access_control_allow_methods_header_value": "",
            "routing_http_response_access_control_allow_origin_header_value": "",
            "routing_http_response_access_control_expose_headers_header_value": "",
            "routing_http_response_access_control_max_age_header_value": "",
            "routing_http_response_content_security_policy_header_value": "",
            "routing_http_response_server_enabled": true,
            "routing_http_response_strict_transport_security_header_value": "",
            "routing_http_response_x_content_type_options_header_value": "",
            "routing_http_response_x_frame_options_header_value": "",
            "ssl_policy": "",
            "tags": null,
            "tags_all": {
              "Env": "test",
              "Owner": "std01",
              "Project": "ex10-asg-codedeploy"
            },
            "tcp_idle_timeout_seconds": null,
            "timeouts": null
          },
          "sensitive_attributes": [],
          "identity_schema_version": 0,
          "identity": {
            "arn": "arn:aws:elasticloadbalancing:ap-northeast-1:925047940866:listener/app/std01-ex10-alb/b2c411ec92c31881/b1a40113c6e3effd"
          },
          "private": "eyJlMmJmYjczMC1lY2FhLTExZTYtOGY4OC0zNDM2M2JjN2M0YzAiOnsiY3JlYXRlIjozMDAwMDAwMDAwMDAsInVwZGF0ZSI6MzAwMDAwMDAwMDAwfX0=",
          "dependencies": [
            "aws_lb.app_alb",
            "aws_lb_target_group.app_tg",
            "aws_security_group.alb_sg",
            "aws_subnet.public_1a",
            "aws_subnet.public_1c",
            "aws_subnet.public_1d",
            "aws_vpc.ex10_vpc"
          ]
        }
      ]
    },
    {
      "mode": "managed",
      "type": "aws_lb_target_group",
      "name": "app_tg",
      "provider": "provider[\"registry.terraform.io/hashicorp/aws\"]",
      "instances": [
        {
          "schema_version": 0,
          "attributes": {
            "arn": "arn:aws:elasticloadbalancing:ap-northeast-1:925047940866:targetgroup/std01-ex10-tg/84df5b059a52241f",
            "arn_suffix": "targetgroup/std01-ex10-tg/84df5b059a52241f",
            "connection_termination": null,
            "deregistration_delay": "300",
            "health_check": [
              {
                "enabled": true,
                "healthy_threshold": 2,
                "interval": 30,
                "matcher": "200-399",
                "path": "/",
                "port": "traffic-port",
                "protocol": "HTTP",
                "timeout": 5,
                "unhealthy_threshold": 2
              }
            ],
            "id": "arn:aws:elasticloadbalancing:ap-northeast-1:925047940866:targetgroup/std01-ex10-tg/84df5b059a52241f",
            "ip_address_type": "ipv4",
            "lambda_multi_value_headers_enabled": false,
            "load_balancer_arns": [],
            "load_balancing_algorithm_type": "round_robin",
            "load_balancing_anomaly_mitigation": "off",
            "load_balancing_cross_zone_enabled": "use_load_balancer_configuration",
            "name": "std01-ex10-tg",
            "name_prefix": "",
            "port": 80,
            "preserve_client_ip": null,
            "protocol": "HTTP",
            "protocol_version": "HTTP1",
            "proxy_protocol_v2": false,
            "region": "ap-northeast-1",
            "slow_start": 0,
            "stickiness": [
              {
                "cookie_duration": 86400,
                "cookie_name": "",
                "enabled": false,
                "type": "lb_cookie"
              }
            ],
            "tags": {
              "Name": "std01-ex10-tg"
            },
            "tags_all": {
              "Env": "test",
              "Name": "std01-ex10-tg",
              "Owner": "std01",
              "Project": "ex10-asg-codedeploy"
            },
            "target_control_port": 0,
            "target_failover": [
              {
                "on_deregistration": null,
                "on_unhealthy": null
              }
            ],
            "target_group_health": [
              {
                "dns_failover": [
                  {
                    "minimum_healthy_targets_count": "1",
                    "minimum_healthy_targets_percentage": "off"
                  }
                ],
                "unhealthy_state_routing": [
                  {
                    "minimum_healthy_targets_count": 1,
                    "minimum_healthy_targets_percentage": "off"
                  }
                ]
              }
            ],
            "target_health_state": [
              {
                "enable_unhealthy_connection_termination": null,
                "unhealthy_draining_interval": null
              }
            ],
            "target_type": "instance",
            "vpc_id": "vpc-05d1cec139af59a7b"
          },
          "sensitive_attributes": [],
          "identity_schema_version": 0,
          "identity": {
            "arn": "arn:aws:elasticloadbalancing:ap-northeast-1:925047940866:targetgroup/std01-ex10-tg/84df5b059a52241f"
          },
          "private": "bnVsbA==",
          "dependencies": [
            "aws_vpc.ex10_vpc"
          ]
        }
      ]
    },
    {
      "mode": "managed",
      "type": "aws_nat_gateway",
      "name": "nat",
      "provider": "provider[\"registry.terraform.io/hashicorp/aws\"]",
      "instances": [
        {
          "schema_version": 0,
          "attributes": {
            "allocation_id": "eipalloc-0fd2c96ea126c8484",
            "association_id": "eipassoc-0adc700ea7ced98d7",
            "auto_provision_zones": null,
            "auto_scaling_ips": null,
            "availability_mode": "zonal",
            "availability_zone_address": [],
            "connectivity_type": "public",
            "id": "nat-0c904695a0797a408",
            "network_interface_id": "eni-0b66d9d17363af884",
            "private_ip": "10.10.1.252",
            "public_ip": "54.64.143.214",
            "region": "ap-northeast-1",
            "regional_nat_gateway_address": [],
            "regional_nat_gateway_auto_mode": null,
            "route_table_id": null,
            "secondary_allocation_ids": [],
            "secondary_private_ip_address_count": 0,
            "secondary_private_ip_addresses": [],
            "subnet_id": "subnet-05a8b6e4003b6872e",
            "tags": {
              "Name": "std01-ex10-nat-gateway"
            },
            "tags_all": {
              "Env": "test",
              "Name": "std01-ex10-nat-gateway",
              "Owner": "std01",
              "Project": "ex10-asg-codedeploy"
            },
            "timeouts": null,
            "vpc_id": "vpc-05d1cec139af59a7b"
          },
          "sensitive_attributes": [],
          "identity_schema_version": 0,
          "identity": {
            "account_id": "925047940866",
            "id": "nat-0c904695a0797a408",
            "region": "ap-northeast-1"
          },
          "private": "eyJlMmJmYjczMC1lY2FhLTExZTYtOGY4OC0zNDM2M2JjN2M0YzAiOnsiY3JlYXRlIjo2MDAwMDAwMDAwMDAsImRlbGV0ZSI6MTgwMDAwMDAwMDAwMCwidXBkYXRlIjo2MDAwMDAwMDAwMDB9fQ==",
          "dependencies": [
            "aws_eip.nat_eip",
            "aws_internet_gateway.ex10_igw",
            "aws_subnet.public_1a",
            "aws_vpc.ex10_vpc"
          ]
        }
      ]
    },
    {
      "mode": "managed",
      "type": "aws_route_table",
      "name": "db_rt",
      "provider": "provider[\"registry.terraform.io/hashicorp/aws\"]",
      "instances": [
        {
          "schema_version": 0,
          "attributes": {
            "arn": "arn:aws:ec2:ap-northeast-1:925047940866:route-table/rtb-0f1d17f757eb23808",
            "id": "rtb-0f1d17f757eb23808",
            "owner_id": "925047940866",
            "propagating_vgws": [],
            "region": "ap-northeast-1",
            "route": [],
            "tags": {
              "Name": "std01-ex10-db-rt"
            },
            "tags_all": {
              "Env": "test",
              "Name": "std01-ex10-db-rt",
              "Owner": "std01",
              "Project": "ex10-asg-codedeploy"
            },
            "timeouts": null,
            "vpc_id": "vpc-05d1cec139af59a7b"
          },
          "sensitive_attributes": [],
          "identity_schema_version": 0,
          "identity": {
            "account_id": "925047940866",
            "id": "rtb-0f1d17f757eb23808",
            "region": "ap-northeast-1"
          },
          "private": "eyJlMmJmYjczMC1lY2FhLTExZTYtOGY4OC0zNDM2M2JjN2M0YzAiOnsiY3JlYXRlIjozMDAwMDAwMDAwMDAsImRlbGV0ZSI6MzAwMDAwMDAwMDAwLCJ1cGRhdGUiOjEyMDAwMDAwMDAwMH19",
          "dependencies": [
            "aws_vpc.ex10_vpc"
          ]
        }
      ]
    },
    {
      "mode": "managed",
      "type": "aws_route_table",
      "name": "private_rt",
      "provider": "provider[\"registry.terraform.io/hashicorp/aws\"]",
      "instances": [
        {
          "schema_version": 0,
          "attributes": {
            "arn": "arn:aws:ec2:ap-northeast-1:925047940866:route-table/rtb-075e0e9172a6ef9a2",
            "id": "rtb-075e0e9172a6ef9a2",
            "owner_id": "925047940866",
            "propagating_vgws": [],
            "region": "ap-northeast-1",
            "route": [
              {
                "carrier_gateway_id": "",
                "cidr_block": "0.0.0.0/0",
                "core_network_arn": "",
                "destination_prefix_list_id": "",
                "egress_only_gateway_id": "",
                "gateway_id": "",
                "ipv6_cidr_block": "",
                "local_gateway_id": "",
                "nat_gateway_id": "nat-0c904695a0797a408",
                "network_interface_id": "",
                "odb_network_arn": "",
                "transit_gateway_id": "",
                "vpc_endpoint_id": "",
                "vpc_peering_connection_id": ""
              }
            ],
            "tags": {
              "Name": "std01-ex10-private-rt"
            },
            "tags_all": {
              "Env": "test",
              "Name": "std01-ex10-private-rt",
              "Owner": "std01",
              "Project": "ex10-asg-codedeploy"
            },
            "timeouts": null,
            "vpc_id": "vpc-05d1cec139af59a7b"
          },
          "sensitive_attributes": [],
          "identity_schema_version": 0,
          "identity": {
            "account_id": "925047940866",
            "id": "rtb-075e0e9172a6ef9a2",
            "region": "ap-northeast-1"
          },
          "private": "eyJlMmJmYjczMC1lY2FhLTExZTYtOGY4OC0zNDM2M2JjN2M0YzAiOnsiY3JlYXRlIjozMDAwMDAwMDAwMDAsImRlbGV0ZSI6MzAwMDAwMDAwMDAwLCJ1cGRhdGUiOjEyMDAwMDAwMDAwMH19",
          "dependencies": [
            "aws_eip.nat_eip",
            "aws_internet_gateway.ex10_igw",
            "aws_nat_gateway.nat",
            "aws_subnet.public_1a",
            "aws_vpc.ex10_vpc"
          ]
        }
      ]
    },
    {
      "mode": "managed",
      "type": "aws_route_table",
      "name": "public_rt",
      "provider": "provider[\"registry.terraform.io/hashicorp/aws\"]",
      "instances": [
        {
          "schema_version": 0,
          "attributes": {
            "arn": "arn:aws:ec2:ap-northeast-1:925047940866:route-table/rtb-0013a721bd924fa6a",
            "id": "rtb-0013a721bd924fa6a",
            "owner_id": "925047940866",
            "propagating_vgws": [],
            "region": "ap-northeast-1",
            "route": [
              {
                "carrier_gateway_id": "",
                "cidr_block": "0.0.0.0/0",
                "core_network_arn": "",
                "destination_prefix_list_id": "",
                "egress_only_gateway_id": "",
                "gateway_id": "igw-0e41ec6dac8e6adc6",
                "ipv6_cidr_block": "",
                "local_gateway_id": "",
                "nat_gateway_id": "",
                "network_interface_id": "",
                "odb_network_arn": "",
                "transit_gateway_id": "",
                "vpc_endpoint_id": "",
                "vpc_peering_connection_id": ""
              }
            ],
            "tags": {
              "Name": "std01-ex10-public-rt"
            },
            "tags_all": {
              "Env": "test",
              "Name": "std01-ex10-public-rt",
              "Owner": "std01",
              "Project": "ex10-asg-codedeploy"
            },
            "timeouts": null,
            "vpc_id": "vpc-05d1cec139af59a7b"
          },
          "sensitive_attributes": [],
          "identity_schema_version": 0,
          "identity": {
            "account_id": "925047940866",
            "id": "rtb-0013a721bd924fa6a",
            "region": "ap-northeast-1"
          },
          "private": "eyJlMmJmYjczMC1lY2FhLTExZTYtOGY4OC0zNDM2M2JjN2M0YzAiOnsiY3JlYXRlIjozMDAwMDAwMDAwMDAsImRlbGV0ZSI6MzAwMDAwMDAwMDAwLCJ1cGRhdGUiOjEyMDAwMDAwMDAwMH19",
          "dependencies": [
            "aws_internet_gateway.ex10_igw",
            "aws_vpc.ex10_vpc"
          ]
        }
      ]
    },
    {
      "mode": "managed",
      "type": "aws_route_table_association",
      "name": "db_1a",
      "provider": "provider[\"registry.terraform.io/hashicorp/aws\"]",
      "instances": [
        {
          "schema_version": 0,
          "attributes": {
            "gateway_id": "",
            "id": "rtbassoc-025dd896cf882ec6a",
            "region": "ap-northeast-1",
            "route_table_id": "rtb-0f1d17f757eb23808",
            "subnet_id": "subnet-0bc8031c627b68fc1",
            "timeouts": null
          },
          "sensitive_attributes": [],
          "identity_schema_version": 0,
          "identity": {
            "account_id": "925047940866",
            "id": "rtbassoc-025dd896cf882ec6a",
            "region": "ap-northeast-1"
          },
          "private": "eyJlMmJmYjczMC1lY2FhLTExZTYtOGY4OC0zNDM2M2JjN2M0YzAiOnsiY3JlYXRlIjozMDAwMDAwMDAwMDAsImRlbGV0ZSI6MzAwMDAwMDAwMDAwLCJ1cGRhdGUiOjEyMDAwMDAwMDAwMH19",
          "dependencies": [
            "aws_route_table.db_rt",
            "aws_subnet.db_1a",
            "aws_vpc.ex10_vpc"
          ]
        }
      ]
    },
    {
      "mode": "managed",
      "type": "aws_route_table_association",
      "name": "db_1c",
      "provider": "provider[\"registry.terraform.io/hashicorp/aws\"]",
      "instances": [
        {
          "schema_version": 0,
          "attributes": {
            "gateway_id": "",
            "id": "rtbassoc-01400770e8b881c9a",
            "region": "ap-northeast-1",
            "route_table_id": "rtb-0f1d17f757eb23808",
            "subnet_id": "subnet-084339f1d2a3a8ec1",
            "timeouts": null
          },
          "sensitive_attributes": [],
          "identity_schema_version": 0,
          "identity": {
            "account_id": "925047940866",
            "id": "rtbassoc-01400770e8b881c9a",
            "region": "ap-northeast-1"
          },
          "private": "eyJlMmJmYjczMC1lY2FhLTExZTYtOGY4OC0zNDM2M2JjN2M0YzAiOnsiY3JlYXRlIjozMDAwMDAwMDAwMDAsImRlbGV0ZSI6MzAwMDAwMDAwMDAwLCJ1cGRhdGUiOjEyMDAwMDAwMDAwMH19",
          "dependencies": [
            "aws_route_table.db_rt",
            "aws_subnet.db_1c",
            "aws_vpc.ex10_vpc"
          ]
        }
      ]
    },
    {
      "mode": "managed",
      "type": "aws_route_table_association",
      "name": "db_1d",
      "provider": "provider[\"registry.terraform.io/hashicorp/aws\"]",
      "instances": [
        {
          "schema_version": 0,
          "attributes": {
            "gateway_id": "",
            "id": "rtbassoc-04bcc3c0498a32bf3",
            "region": "ap-northeast-1",
            "route_table_id": "rtb-0f1d17f757eb23808",
            "subnet_id": "subnet-08a951a2310cc6856",
            "timeouts": null
          },
          "sensitive_attributes": [],
          "identity_schema_version": 0,
          "identity": {
            "account_id": "925047940866",
            "id": "rtbassoc-04bcc3c0498a32bf3",
            "region": "ap-northeast-1"
          },
          "private": "eyJlMmJmYjczMC1lY2FhLTExZTYtOGY4OC0zNDM2M2JjN2M0YzAiOnsiY3JlYXRlIjozMDAwMDAwMDAwMDAsImRlbGV0ZSI6MzAwMDAwMDAwMDAwLCJ1cGRhdGUiOjEyMDAwMDAwMDAwMH19",
          "dependencies": [
            "aws_route_table.db_rt",
            "aws_subnet.db_1d",
            "aws_vpc.ex10_vpc"
          ]
        }
      ]
    },
    {
      "mode": "managed",
      "type": "aws_route_table_association",
      "name": "private_1a",
      "provider": "provider[\"registry.terraform.io/hashicorp/aws\"]",
      "instances": [
        {
          "schema_version": 0,
          "attributes": {
            "gateway_id": "",
            "id": "rtbassoc-07ea964fc64956bb9",
            "region": "ap-northeast-1",
            "route_table_id": "rtb-075e0e9172a6ef9a2",
            "subnet_id": "subnet-064a9701b6d1f0c6a",
            "timeouts": null
          },
          "sensitive_attributes": [],
          "identity_schema_version": 0,
          "identity": {
            "account_id": "925047940866",
            "id": "rtbassoc-07ea964fc64956bb9",
            "region": "ap-northeast-1"
          },
          "private": "eyJlMmJmYjczMC1lY2FhLTExZTYtOGY4OC0zNDM2M2JjN2M0YzAiOnsiY3JlYXRlIjozMDAwMDAwMDAwMDAsImRlbGV0ZSI6MzAwMDAwMDAwMDAwLCJ1cGRhdGUiOjEyMDAwMDAwMDAwMH19",
          "dependencies": [
            "aws_eip.nat_eip",
            "aws_internet_gateway.ex10_igw",
            "aws_nat_gateway.nat",
            "aws_route_table.private_rt",
            "aws_subnet.private_1a",
            "aws_subnet.public_1a",
            "aws_vpc.ex10_vpc"
          ]
        }
      ]
    },
    {
      "mode": "managed",
      "type": "aws_route_table_association",
      "name": "private_1c",
      "provider": "provider[\"registry.terraform.io/hashicorp/aws\"]",
      "instances": [
        {
          "schema_version": 0,
          "attributes": {
            "gateway_id": "",
            "id": "rtbassoc-06dde616c55b019b1",
            "region": "ap-northeast-1",
            "route_table_id": "rtb-075e0e9172a6ef9a2",
            "subnet_id": "subnet-063237b324077df65",
            "timeouts": null
          },
          "sensitive_attributes": [],
          "identity_schema_version": 0,
          "identity": {
            "account_id": "925047940866",
            "id": "rtbassoc-06dde616c55b019b1",
            "region": "ap-northeast-1"
          },
          "private": "eyJlMmJmYjczMC1lY2FhLTExZTYtOGY4OC0zNDM2M2JjN2M0YzAiOnsiY3JlYXRlIjozMDAwMDAwMDAwMDAsImRlbGV0ZSI6MzAwMDAwMDAwMDAwLCJ1cGRhdGUiOjEyMDAwMDAwMDAwMH19",
          "dependencies": [
            "aws_eip.nat_eip",
            "aws_internet_gateway.ex10_igw",
            "aws_nat_gateway.nat",
            "aws_route_table.private_rt",
            "aws_subnet.private_1c",
            "aws_subnet.public_1a",
            "aws_vpc.ex10_vpc"
          ]
        }
      ]
    },
    {
      "mode": "managed",
      "type": "aws_route_table_association",
      "name": "private_1d",
      "provider": "provider[\"registry.terraform.io/hashicorp/aws\"]",
      "instances": [
        {
          "schema_version": 0,
          "attributes": {
            "gateway_id": "",
            "id": "rtbassoc-0e8628acb8c103de6",
            "region": "ap-northeast-1",
            "route_table_id": "rtb-075e0e9172a6ef9a2",
            "subnet_id": "subnet-0a7153f076415bedb",
            "timeouts": null
          },
          "sensitive_attributes": [],
          "identity_schema_version": 0,
          "identity": {
            "account_id": "925047940866",
            "id": "rtbassoc-0e8628acb8c103de6",
            "region": "ap-northeast-1"
          },
          "private": "eyJlMmJmYjczMC1lY2FhLTExZTYtOGY4OC0zNDM2M2JjN2M0YzAiOnsiY3JlYXRlIjozMDAwMDAwMDAwMDAsImRlbGV0ZSI6MzAwMDAwMDAwMDAwLCJ1cGRhdGUiOjEyMDAwMDAwMDAwMH19",
          "dependencies": [
            "aws_eip.nat_eip",
            "aws_internet_gateway.ex10_igw",
            "aws_nat_gateway.nat",
            "aws_route_table.private_rt",
            "aws_subnet.private_1d",
            "aws_subnet.public_1a",
            "aws_vpc.ex10_vpc"
          ]
        }
      ]
    },
    {
      "mode": "managed",
      "type": "aws_route_table_association",
      "name": "public_1a",
      "provider": "provider[\"registry.terraform.io/hashicorp/aws\"]",
      "instances": [
        {
          "schema_version": 0,
          "attributes": {
            "gateway_id": "",
            "id": "rtbassoc-04c29f710f6d0339b",
            "region": "ap-northeast-1",
            "route_table_id": "rtb-0013a721bd924fa6a",
            "subnet_id": "subnet-05a8b6e4003b6872e",
            "timeouts": null
          },
          "sensitive_attributes": [],
          "identity_schema_version": 0,
          "identity": {
            "account_id": "925047940866",
            "id": "rtbassoc-04c29f710f6d0339b",
            "region": "ap-northeast-1"
          },
          "private": "eyJlMmJmYjczMC1lY2FhLTExZTYtOGY4OC0zNDM2M2JjN2M0YzAiOnsiY3JlYXRlIjozMDAwMDAwMDAwMDAsImRlbGV0ZSI6MzAwMDAwMDAwMDAwLCJ1cGRhdGUiOjEyMDAwMDAwMDAwMH19",
          "dependencies": [
            "aws_internet_gateway.ex10_igw",
            "aws_route_table.public_rt",
            "aws_subnet.public_1a",
            "aws_vpc.ex10_vpc"
          ]
        }
      ]
    },
    {
      "mode": "managed",
      "type": "aws_route_table_association",
      "name": "public_1c",
      "provider": "provider[\"registry.terraform.io/hashicorp/aws\"]",
      "instances": [
        {
          "schema_version": 0,
          "attributes": {
            "gateway_id": "",
            "id": "rtbassoc-0845d66b1263b2366",
            "region": "ap-northeast-1",
            "route_table_id": "rtb-0013a721bd924fa6a",
            "subnet_id": "subnet-04256113cf9d85c69",
            "timeouts": null
          },
          "sensitive_attributes": [],
          "identity_schema_version": 0,
          "identity": {
            "account_id": "925047940866",
            "id": "rtbassoc-0845d66b1263b2366",
            "region": "ap-northeast-1"
          },
          "private": "eyJlMmJmYjczMC1lY2FhLTExZTYtOGY4OC0zNDM2M2JjN2M0YzAiOnsiY3JlYXRlIjozMDAwMDAwMDAwMDAsImRlbGV0ZSI6MzAwMDAwMDAwMDAwLCJ1cGRhdGUiOjEyMDAwMDAwMDAwMH19",
          "dependencies": [
            "aws_internet_gateway.ex10_igw",
            "aws_route_table.public_rt",
            "aws_subnet.public_1c",
            "aws_vpc.ex10_vpc"
          ]
        }
      ]
    },
    {
      "mode": "managed",
      "type": "aws_route_table_association",
      "name": "public_1d",
      "provider": "provider[\"registry.terraform.io/hashicorp/aws\"]",
      "instances": [
        {
          "schema_version": 0,
          "attributes": {
            "gateway_id": "",
            "id": "rtbassoc-00211b63d0f3201c5",
            "region": "ap-northeast-1",
            "route_table_id": "rtb-0013a721bd924fa6a",
            "subnet_id": "subnet-054cb4ccf9b6532ef",
            "timeouts": null
          },
          "sensitive_attributes": [],
          "identity_schema_version": 0,
          "identity": {
            "account_id": "925047940866",
            "id": "rtbassoc-00211b63d0f3201c5",
            "region": "ap-northeast-1"
          },
          "private": "eyJlMmJmYjczMC1lY2FhLTExZTYtOGY4OC0zNDM2M2JjN2M0YzAiOnsiY3JlYXRlIjozMDAwMDAwMDAwMDAsImRlbGV0ZSI6MzAwMDAwMDAwMDAwLCJ1cGRhdGUiOjEyMDAwMDAwMDAwMH19",
          "dependencies": [
            "aws_internet_gateway.ex10_igw",
            "aws_route_table.public_rt",
            "aws_subnet.public_1d",
            "aws_vpc.ex10_vpc"
          ]
        }
      ]
    },
    {
      "mode": "managed",
      "type": "aws_security_group",
      "name": "alb_sg",
      "provider": "provider[\"registry.terraform.io/hashicorp/aws\"]",
      "instances": [
        {
          "schema_version": 1,
          "attributes": {
            "arn": "arn:aws:ec2:ap-northeast-1:925047940866:security-group/sg-0eaffaa063798a05b",
            "description": "Security Group for ex10 ALB",
            "egress": [
              {
                "cidr_blocks": [
                  "0.0.0.0/0"
                ],
                "description": "",
                "from_port": 0,
                "ipv6_cidr_blocks": [],
                "prefix_list_ids": [],
                "protocol": "-1",
                "security_groups": [],
                "self": false,
                "to_port": 0
              }
            ],
            "id": "sg-0eaffaa063798a05b",
            "ingress": [
              {
                "cidr_blocks": [
                  "0.0.0.0/0"
                ],
                "description": "HTTP",
                "from_port": 80,
                "ipv6_cidr_blocks": [],
                "prefix_list_ids": [],
                "protocol": "tcp",
                "security_groups": [],
                "self": false,
                "to_port": 80
              }
            ],
            "name": "std01-ex10-alb-sg",
            "name_prefix": "",
            "owner_id": "925047940866",
            "region": "ap-northeast-1",
            "revoke_rules_on_delete": false,
            "tags": {
              "Name": "std01-ex10-alb-sg"
            },
            "tags_all": {
              "Env": "test",
              "Name": "std01-ex10-alb-sg",
              "Owner": "std01",
              "Project": "ex10-asg-codedeploy"
            },
            "timeouts": null,
            "vpc_id": "vpc-05d1cec139af59a7b"
          },
          "sensitive_attributes": [],
          "identity_schema_version": 0,
          "identity": {
            "account_id": "925047940866",
            "id": "sg-0eaffaa063798a05b",
            "region": "ap-northeast-1"
          },
          "private": "eyJlMmJmYjczMC1lY2FhLTExZTYtOGY4OC0zNDM2M2JjN2M0YzAiOnsiY3JlYXRlIjo2MDAwMDAwMDAwMDAsImRlbGV0ZSI6OTAwMDAwMDAwMDAwfSwic2NoZW1hX3ZlcnNpb24iOiIxIn0=",
          "dependencies": [
            "aws_vpc.ex10_vpc"
          ]
        }
      ]
    },
    {
      "mode": "managed",
      "type": "aws_security_group",
      "name": "asg_sg",
      "provider": "provider[\"registry.terraform.io/hashicorp/aws\"]",
      "instances": [
        {
          "schema_version": 1,
          "attributes": {
            "arn": "arn:aws:ec2:ap-northeast-1:925047940866:security-group/sg-09248c508f8ef1f1d",
            "description": "Security Group for ex10 private ASG instances",
            "egress": [
              {
                "cidr_blocks": [
                  "0.0.0.0/0"
                ],
                "description": "",
                "from_port": 0,
                "ipv6_cidr_blocks": [],
                "prefix_list_ids": [],
                "protocol": "-1",
                "security_groups": [],
                "self": false,
                "to_port": 0
              }
            ],
            "id": "sg-09248c508f8ef1f1d",
            "ingress": [
              {
                "cidr_blocks": [],
                "description": "HTTP from ALB",
                "from_port": 80,
                "ipv6_cidr_blocks": [],
                "prefix_list_ids": [],
                "protocol": "tcp",
                "security_groups": [
                  "sg-0eaffaa063798a05b"
                ],
                "self": false,
                "to_port": 80
              }
            ],
            "name": "std01-ex10-asg-sg",
            "name_prefix": "",
            "owner_id": "925047940866",
            "region": "ap-northeast-1",
            "revoke_rules_on_delete": false,
            "tags": {
              "Name": "std01-ex10-asg-sg"
            },
            "tags_all": {
              "Env": "test",
              "Name": "std01-ex10-asg-sg",
              "Owner": "std01",
              "Project": "ex10-asg-codedeploy"
            },
            "timeouts": null,
            "vpc_id": "vpc-05d1cec139af59a7b"
          },
          "sensitive_attributes": [],
          "identity_schema_version": 0,
          "identity": {
            "account_id": "925047940866",
            "id": "sg-09248c508f8ef1f1d",
            "region": "ap-northeast-1"
          },
          "private": "eyJlMmJmYjczMC1lY2FhLTExZTYtOGY4OC0zNDM2M2JjN2M0YzAiOnsiY3JlYXRlIjo2MDAwMDAwMDAwMDAsImRlbGV0ZSI6OTAwMDAwMDAwMDAwfSwic2NoZW1hX3ZlcnNpb24iOiIxIn0=",
          "dependencies": [
            "aws_security_group.alb_sg",
            "aws_vpc.ex10_vpc"
          ]
        }
      ]
    },
    {
      "mode": "managed",
      "type": "aws_subnet",
      "name": "db_1a",
      "provider": "provider[\"registry.terraform.io/hashicorp/aws\"]",
      "instances": [
        {
          "schema_version": 1,
          "attributes": {
            "arn": "arn:aws:ec2:ap-northeast-1:925047940866:subnet/subnet-0bc8031c627b68fc1",
            "assign_ipv6_address_on_creation": false,
            "availability_zone": "ap-northeast-1a",
            "availability_zone_id": "apne1-az4",
            "cidr_block": "10.10.21.0/24",
            "customer_owned_ipv4_pool": "",
            "enable_dns64": false,
            "enable_lni_at_device_index": 0,
            "enable_resource_name_dns_a_record_on_launch": false,
            "enable_resource_name_dns_aaaa_record_on_launch": false,
            "id": "subnet-0bc8031c627b68fc1",
            "ipv4_ipam_pool_id": null,
            "ipv4_netmask_length": null,
            "ipv6_cidr_block": "",
            "ipv6_cidr_block_association_id": "",
            "ipv6_ipam_pool_id": null,
            "ipv6_native": false,
            "ipv6_netmask_length": null,
            "map_customer_owned_ip_on_launch": false,
            "map_public_ip_on_launch": false,
            "outpost_arn": "",
            "owner_id": "925047940866",
            "private_dns_hostname_type_on_launch": "ip-name",
            "region": "ap-northeast-1",
            "tags": {
              "Name": "std01-ex10-db-1a-subnet",
              "Type": "db"
            },
            "tags_all": {
              "Env": "test",
              "Name": "std01-ex10-db-1a-subnet",
              "Owner": "std01",
              "Project": "ex10-asg-codedeploy",
              "Type": "db"
            },
            "timeouts": null,
            "vpc_id": "vpc-05d1cec139af59a7b"
          },
          "sensitive_attributes": [],
          "identity_schema_version": 0,
          "identity": {
            "account_id": "925047940866",
            "id": "subnet-0bc8031c627b68fc1",
            "region": "ap-northeast-1"
          },
          "private": "eyJlMmJmYjczMC1lY2FhLTExZTYtOGY4OC0zNDM2M2JjN2M0YzAiOnsiY3JlYXRlIjo2MDAwMDAwMDAwMDAsImRlbGV0ZSI6MTIwMDAwMDAwMDAwMH0sInNjaGVtYV92ZXJzaW9uIjoiMSJ9",
          "dependencies": [
            "aws_vpc.ex10_vpc"
          ]
        }
      ]
    },
    {
      "mode": "managed",
      "type": "aws_subnet",
      "name": "db_1c",
      "provider": "provider[\"registry.terraform.io/hashicorp/aws\"]",
      "instances": [
        {
          "schema_version": 1,
          "attributes": {
            "arn": "arn:aws:ec2:ap-northeast-1:925047940866:subnet/subnet-084339f1d2a3a8ec1",
            "assign_ipv6_address_on_creation": false,
            "availability_zone": "ap-northeast-1c",
            "availability_zone_id": "apne1-az1",
            "cidr_block": "10.10.22.0/24",
            "customer_owned_ipv4_pool": "",
            "enable_dns64": false,
            "enable_lni_at_device_index": 0,
            "enable_resource_name_dns_a_record_on_launch": false,
            "enable_resource_name_dns_aaaa_record_on_launch": false,
            "id": "subnet-084339f1d2a3a8ec1",
            "ipv4_ipam_pool_id": null,
            "ipv4_netmask_length": null,
            "ipv6_cidr_block": "",
            "ipv6_cidr_block_association_id": "",
            "ipv6_ipam_pool_id": null,
            "ipv6_native": false,
            "ipv6_netmask_length": null,
            "map_customer_owned_ip_on_launch": false,
            "map_public_ip_on_launch": false,
            "outpost_arn": "",
            "owner_id": "925047940866",
            "private_dns_hostname_type_on_launch": "ip-name",
            "region": "ap-northeast-1",
            "tags": {
              "Name": "std01-ex10-db-1c-subnet",
              "Type": "db"
            },
            "tags_all": {
              "Env": "test",
              "Name": "std01-ex10-db-1c-subnet",
              "Owner": "std01",
              "Project": "ex10-asg-codedeploy",
              "Type": "db"
            },
            "timeouts": null,
            "vpc_id": "vpc-05d1cec139af59a7b"
          },
          "sensitive_attributes": [],
          "identity_schema_version": 0,
          "identity": {
            "account_id": "925047940866",
            "id": "subnet-084339f1d2a3a8ec1",
            "region": "ap-northeast-1"
          },
          "private": "eyJlMmJmYjczMC1lY2FhLTExZTYtOGY4OC0zNDM2M2JjN2M0YzAiOnsiY3JlYXRlIjo2MDAwMDAwMDAwMDAsImRlbGV0ZSI6MTIwMDAwMDAwMDAwMH0sInNjaGVtYV92ZXJzaW9uIjoiMSJ9",
          "dependencies": [
            "aws_vpc.ex10_vpc"
          ]
        }
      ]
    },
    {
      "mode": "managed",
      "type": "aws_subnet",
      "name": "db_1d",
      "provider": "provider[\"registry.terraform.io/hashicorp/aws\"]",
      "instances": [
        {
          "schema_version": 1,
          "attributes": {
            "arn": "arn:aws:ec2:ap-northeast-1:925047940866:subnet/subnet-08a951a2310cc6856",
            "assign_ipv6_address_on_creation": false,
            "availability_zone": "ap-northeast-1d",
            "availability_zone_id": "apne1-az2",
            "cidr_block": "10.10.23.0/24",
            "customer_owned_ipv4_pool": "",
            "enable_dns64": false,
            "enable_lni_at_device_index": 0,
            "enable_resource_name_dns_a_record_on_launch": false,
            "enable_resource_name_dns_aaaa_record_on_launch": false,
            "id": "subnet-08a951a2310cc6856",
            "ipv4_ipam_pool_id": null,
            "ipv4_netmask_length": null,
            "ipv6_cidr_block": "",
            "ipv6_cidr_block_association_id": "",
            "ipv6_ipam_pool_id": null,
            "ipv6_native": false,
            "ipv6_netmask_length": null,
            "map_customer_owned_ip_on_launch": false,
            "map_public_ip_on_launch": false,
            "outpost_arn": "",
            "owner_id": "925047940866",
            "private_dns_hostname_type_on_launch": "ip-name",
            "region": "ap-northeast-1",
            "tags": {
              "Name": "std01-ex10-db-1d-subnet",
              "Type": "db"
            },
            "tags_all": {
              "Env": "test",
              "Name": "std01-ex10-db-1d-subnet",
              "Owner": "std01",
              "Project": "ex10-asg-codedeploy",
              "Type": "db"
            },
            "timeouts": null,
            "vpc_id": "vpc-05d1cec139af59a7b"
          },
          "sensitive_attributes": [],
          "identity_schema_version": 0,
          "identity": {
            "account_id": "925047940866",
            "id": "subnet-08a951a2310cc6856",
            "region": "ap-northeast-1"
          },
          "private": "eyJlMmJmYjczMC1lY2FhLTExZTYtOGY4OC0zNDM2M2JjN2M0YzAiOnsiY3JlYXRlIjo2MDAwMDAwMDAwMDAsImRlbGV0ZSI6MTIwMDAwMDAwMDAwMH0sInNjaGVtYV92ZXJzaW9uIjoiMSJ9",
          "dependencies": [
            "aws_vpc.ex10_vpc"
          ]
        }
      ]
    },
    {
      "mode": "managed",
      "type": "aws_subnet",
      "name": "private_1a",
      "provider": "provider[\"registry.terraform.io/hashicorp/aws\"]",
      "instances": [
        {
          "schema_version": 1,
          "attributes": {
            "arn": "arn:aws:ec2:ap-northeast-1:925047940866:subnet/subnet-064a9701b6d1f0c6a",
            "assign_ipv6_address_on_creation": false,
            "availability_zone": "ap-northeast-1a",
            "availability_zone_id": "apne1-az4",
            "cidr_block": "10.10.11.0/24",
            "customer_owned_ipv4_pool": "",
            "enable_dns64": false,
            "enable_lni_at_device_index": 0,
            "enable_resource_name_dns_a_record_on_launch": false,
            "enable_resource_name_dns_aaaa_record_on_launch": false,
            "id": "subnet-064a9701b6d1f0c6a",
            "ipv4_ipam_pool_id": null,
            "ipv4_netmask_length": null,
            "ipv6_cidr_block": "",
            "ipv6_cidr_block_association_id": "",
            "ipv6_ipam_pool_id": null,
            "ipv6_native": false,
            "ipv6_netmask_length": null,
            "map_customer_owned_ip_on_launch": false,
            "map_public_ip_on_launch": false,
            "outpost_arn": "",
            "owner_id": "925047940866",
            "private_dns_hostname_type_on_launch": "ip-name",
            "region": "ap-northeast-1",
            "tags": {
              "Name": "std01-ex10-private-1a-subnet",
              "Type": "private"
            },
            "tags_all": {
              "Env": "test",
              "Name": "std01-ex10-private-1a-subnet",
              "Owner": "std01",
              "Project": "ex10-asg-codedeploy",
              "Type": "private"
            },
            "timeouts": null,
            "vpc_id": "vpc-05d1cec139af59a7b"
          },
          "sensitive_attributes": [],
          "identity_schema_version": 0,
          "identity": {
            "account_id": "925047940866",
            "id": "subnet-064a9701b6d1f0c6a",
            "region": "ap-northeast-1"
          },
          "private": "eyJlMmJmYjczMC1lY2FhLTExZTYtOGY4OC0zNDM2M2JjN2M0YzAiOnsiY3JlYXRlIjo2MDAwMDAwMDAwMDAsImRlbGV0ZSI6MTIwMDAwMDAwMDAwMH0sInNjaGVtYV92ZXJzaW9uIjoiMSJ9",
          "dependencies": [
            "aws_vpc.ex10_vpc"
          ]
        }
      ]
    },
    {
      "mode": "managed",
      "type": "aws_subnet",
      "name": "private_1c",
      "provider": "provider[\"registry.terraform.io/hashicorp/aws\"]",
      "instances": [
        {
          "schema_version": 1,
          "attributes": {
            "arn": "arn:aws:ec2:ap-northeast-1:925047940866:subnet/subnet-063237b324077df65",
            "assign_ipv6_address_on_creation": false,
            "availability_zone": "ap-northeast-1c",
            "availability_zone_id": "apne1-az1",
            "cidr_block": "10.10.12.0/24",
            "customer_owned_ipv4_pool": "",
            "enable_dns64": false,
            "enable_lni_at_device_index": 0,
            "enable_resource_name_dns_a_record_on_launch": false,
            "enable_resource_name_dns_aaaa_record_on_launch": false,
            "id": "subnet-063237b324077df65",
            "ipv4_ipam_pool_id": null,
            "ipv4_netmask_length": null,
            "ipv6_cidr_block": "",
            "ipv6_cidr_block_association_id": "",
            "ipv6_ipam_pool_id": null,
            "ipv6_native": false,
            "ipv6_netmask_length": null,
            "map_customer_owned_ip_on_launch": false,
            "map_public_ip_on_launch": false,
            "outpost_arn": "",
            "owner_id": "925047940866",
            "private_dns_hostname_type_on_launch": "ip-name",
            "region": "ap-northeast-1",
            "tags": {
              "Name": "std01-ex10-private-1c-subnet",
              "Type": "private"
            },
            "tags_all": {
              "Env": "test",
              "Name": "std01-ex10-private-1c-subnet",
              "Owner": "std01",
              "Project": "ex10-asg-codedeploy",
              "Type": "private"
            },
            "timeouts": null,
            "vpc_id": "vpc-05d1cec139af59a7b"
          },
          "sensitive_attributes": [],
          "identity_schema_version": 0,
          "identity": {
            "account_id": "925047940866",
            "id": "subnet-063237b324077df65",
            "region": "ap-northeast-1"
          },
          "private": "eyJlMmJmYjczMC1lY2FhLTExZTYtOGY4OC0zNDM2M2JjN2M0YzAiOnsiY3JlYXRlIjo2MDAwMDAwMDAwMDAsImRlbGV0ZSI6MTIwMDAwMDAwMDAwMH0sInNjaGVtYV92ZXJzaW9uIjoiMSJ9",
          "dependencies": [
            "aws_vpc.ex10_vpc"
          ]
        }
      ]
    },
    {
      "mode": "managed",
      "type": "aws_subnet",
      "name": "private_1d",
      "provider": "provider[\"registry.terraform.io/hashicorp/aws\"]",
      "instances": [
        {
          "schema_version": 1,
          "attributes": {
            "arn": "arn:aws:ec2:ap-northeast-1:925047940866:subnet/subnet-0a7153f076415bedb",
            "assign_ipv6_address_on_creation": false,
            "availability_zone": "ap-northeast-1d",
            "availability_zone_id": "apne1-az2",
            "cidr_block": "10.10.13.0/24",
            "customer_owned_ipv4_pool": "",
            "enable_dns64": false,
            "enable_lni_at_device_index": 0,
            "enable_resource_name_dns_a_record_on_launch": false,
            "enable_resource_name_dns_aaaa_record_on_launch": false,
            "id": "subnet-0a7153f076415bedb",
            "ipv4_ipam_pool_id": null,
            "ipv4_netmask_length": null,
            "ipv6_cidr_block": "",
            "ipv6_cidr_block_association_id": "",
            "ipv6_ipam_pool_id": null,
            "ipv6_native": false,
            "ipv6_netmask_length": null,
            "map_customer_owned_ip_on_launch": false,
            "map_public_ip_on_launch": false,
            "outpost_arn": "",
            "owner_id": "925047940866",
            "private_dns_hostname_type_on_launch": "ip-name",
            "region": "ap-northeast-1",
            "tags": {
              "Name": "std01-ex10-private-1d-subnet",
              "Type": "private"
            },
            "tags_all": {
              "Env": "test",
              "Name": "std01-ex10-private-1d-subnet",
              "Owner": "std01",
              "Project": "ex10-asg-codedeploy",
              "Type": "private"
            },
            "timeouts": null,
            "vpc_id": "vpc-05d1cec139af59a7b"
          },
          "sensitive_attributes": [],
          "identity_schema_version": 0,
          "identity": {
            "account_id": "925047940866",
            "id": "subnet-0a7153f076415bedb",
            "region": "ap-northeast-1"
          },
          "private": "eyJlMmJmYjczMC1lY2FhLTExZTYtOGY4OC0zNDM2M2JjN2M0YzAiOnsiY3JlYXRlIjo2MDAwMDAwMDAwMDAsImRlbGV0ZSI6MTIwMDAwMDAwMDAwMH0sInNjaGVtYV92ZXJzaW9uIjoiMSJ9",
          "dependencies": [
            "aws_vpc.ex10_vpc"
          ]
        }
      ]
    },
    {
      "mode": "managed",
      "type": "aws_subnet",
      "name": "public_1a",
      "provider": "provider[\"registry.terraform.io/hashicorp/aws\"]",
      "instances": [
        {
          "schema_version": 1,
          "attributes": {
            "arn": "arn:aws:ec2:ap-northeast-1:925047940866:subnet/subnet-05a8b6e4003b6872e",
            "assign_ipv6_address_on_creation": false,
            "availability_zone": "ap-northeast-1a",
            "availability_zone_id": "apne1-az4",
            "cidr_block": "10.10.1.0/24",
            "customer_owned_ipv4_pool": "",
            "enable_dns64": false,
            "enable_lni_at_device_index": 0,
            "enable_resource_name_dns_a_record_on_launch": false,
            "enable_resource_name_dns_aaaa_record_on_launch": false,
            "id": "subnet-05a8b6e4003b6872e",
            "ipv4_ipam_pool_id": null,
            "ipv4_netmask_length": null,
            "ipv6_cidr_block": "",
            "ipv6_cidr_block_association_id": "",
            "ipv6_ipam_pool_id": null,
            "ipv6_native": false,
            "ipv6_netmask_length": null,
            "map_customer_owned_ip_on_launch": false,
            "map_public_ip_on_launch": true,
            "outpost_arn": "",
            "owner_id": "925047940866",
            "private_dns_hostname_type_on_launch": "ip-name",
            "region": "ap-northeast-1",
            "tags": {
              "Name": "std01-ex10-public-1a-subnet",
              "Type": "public"
            },
            "tags_all": {
              "Env": "test",
              "Name": "std01-ex10-public-1a-subnet",
              "Owner": "std01",
              "Project": "ex10-asg-codedeploy",
              "Type": "public"
            },
            "timeouts": null,
            "vpc_id": "vpc-05d1cec139af59a7b"
          },
          "sensitive_attributes": [],
          "identity_schema_version": 0,
          "identity": {
            "account_id": "925047940866",
            "id": "subnet-05a8b6e4003b6872e",
            "region": "ap-northeast-1"
          },
          "private": "eyJlMmJmYjczMC1lY2FhLTExZTYtOGY4OC0zNDM2M2JjN2M0YzAiOnsiY3JlYXRlIjo2MDAwMDAwMDAwMDAsImRlbGV0ZSI6MTIwMDAwMDAwMDAwMH0sInNjaGVtYV92ZXJzaW9uIjoiMSJ9",
          "dependencies": [
            "aws_vpc.ex10_vpc"
          ]
        }
      ]
    },
    {
      "mode": "managed",
      "type": "aws_subnet",
      "name": "public_1c",
      "provider": "provider[\"registry.terraform.io/hashicorp/aws\"]",
      "instances": [
        {
          "schema_version": 1,
          "attributes": {
            "arn": "arn:aws:ec2:ap-northeast-1:925047940866:subnet/subnet-04256113cf9d85c69",
            "assign_ipv6_address_on_creation": false,
            "availability_zone": "ap-northeast-1c",
            "availability_zone_id": "apne1-az1",
            "cidr_block": "10.10.2.0/24",
            "customer_owned_ipv4_pool": "",
            "enable_dns64": false,
            "enable_lni_at_device_index": 0,
            "enable_resource_name_dns_a_record_on_launch": false,
            "enable_resource_name_dns_aaaa_record_on_launch": false,
            "id": "subnet-04256113cf9d85c69",
            "ipv4_ipam_pool_id": null,
            "ipv4_netmask_length": null,
            "ipv6_cidr_block": "",
            "ipv6_cidr_block_association_id": "",
            "ipv6_ipam_pool_id": null,
            "ipv6_native": false,
            "ipv6_netmask_length": null,
            "map_customer_owned_ip_on_launch": false,
            "map_public_ip_on_launch": true,
            "outpost_arn": "",
            "owner_id": "925047940866",
            "private_dns_hostname_type_on_launch": "ip-name",
            "region": "ap-northeast-1",
            "tags": {
              "Name": "std01-ex10-public-1c-subnet",
              "Type": "public"
            },
            "tags_all": {
              "Env": "test",
              "Name": "std01-ex10-public-1c-subnet",
              "Owner": "std01",
              "Project": "ex10-asg-codedeploy",
              "Type": "public"
            },
            "timeouts": null,
            "vpc_id": "vpc-05d1cec139af59a7b"
          },
          "sensitive_attributes": [],
          "identity_schema_version": 0,
          "identity": {
            "account_id": "925047940866",
            "id": "subnet-04256113cf9d85c69",
            "region": "ap-northeast-1"
          },
          "private": "eyJlMmJmYjczMC1lY2FhLTExZTYtOGY4OC0zNDM2M2JjN2M0YzAiOnsiY3JlYXRlIjo2MDAwMDAwMDAwMDAsImRlbGV0ZSI6MTIwMDAwMDAwMDAwMH0sInNjaGVtYV92ZXJzaW9uIjoiMSJ9",
          "dependencies": [
            "aws_vpc.ex10_vpc"
          ]
        }
      ]
    },
    {
      "mode": "managed",
      "type": "aws_subnet",
      "name": "public_1d",
      "provider": "provider[\"registry.terraform.io/hashicorp/aws\"]",
      "instances": [
        {
          "schema_version": 1,
          "attributes": {
            "arn": "arn:aws:ec2:ap-northeast-1:925047940866:subnet/subnet-054cb4ccf9b6532ef",
            "assign_ipv6_address_on_creation": false,
            "availability_zone": "ap-northeast-1d",
            "availability_zone_id": "apne1-az2",
            "cidr_block": "10.10.3.0/24",
            "customer_owned_ipv4_pool": "",
            "enable_dns64": false,
            "enable_lni_at_device_index": 0,
            "enable_resource_name_dns_a_record_on_launch": false,
            "enable_resource_name_dns_aaaa_record_on_launch": false,
            "id": "subnet-054cb4ccf9b6532ef",
            "ipv4_ipam_pool_id": null,
            "ipv4_netmask_length": null,
            "ipv6_cidr_block": "",
            "ipv6_cidr_block_association_id": "",
            "ipv6_ipam_pool_id": null,
            "ipv6_native": false,
            "ipv6_netmask_length": null,
            "map_customer_owned_ip_on_launch": false,
            "map_public_ip_on_launch": true,
            "outpost_arn": "",
            "owner_id": "925047940866",
            "private_dns_hostname_type_on_launch": "ip-name",
            "region": "ap-northeast-1",
            "tags": {
              "Name": "std01-ex10-public-1d-subnet",
              "Type": "public"
            },
            "tags_all": {
              "Env": "test",
              "Name": "std01-ex10-public-1d-subnet",
              "Owner": "std01",
              "Project": "ex10-asg-codedeploy",
              "Type": "public"
            },
            "timeouts": null,
            "vpc_id": "vpc-05d1cec139af59a7b"
          },
          "sensitive_attributes": [],
          "identity_schema_version": 0,
          "identity": {
            "account_id": "925047940866",
            "id": "subnet-054cb4ccf9b6532ef",
            "region": "ap-northeast-1"
          },
          "private": "eyJlMmJmYjczMC1lY2FhLTExZTYtOGY4OC0zNDM2M2JjN2M0YzAiOnsiY3JlYXRlIjo2MDAwMDAwMDAwMDAsImRlbGV0ZSI6MTIwMDAwMDAwMDAwMH0sInNjaGVtYV92ZXJzaW9uIjoiMSJ9",
          "dependencies": [
            "aws_vpc.ex10_vpc"
          ]
        }
      ]
    },
    {
      "mode": "managed",
      "type": "aws_vpc",
      "name": "ex10_vpc",
      "provider": "provider[\"registry.terraform.io/hashicorp/aws\"]",
      "instances": [
        {
          "schema_version": 1,
          "attributes": {
            "arn": "arn:aws:ec2:ap-northeast-1:925047940866:vpc/vpc-05d1cec139af59a7b",
            "assign_generated_ipv6_cidr_block": false,
            "cidr_block": "10.10.0.0/16",
            "default_network_acl_id": "acl-0dd407b4376792fde",
            "default_route_table_id": "rtb-0a4cd1fea0e384d81",
            "default_security_group_id": "sg-0673282125ebf5393",
            "dhcp_options_id": "dopt-09d5e833a8c2c2f60",
            "enable_dns_hostnames": true,
            "enable_dns_support": true,
            "enable_network_address_usage_metrics": false,
            "id": "vpc-05d1cec139af59a7b",
            "instance_tenancy": "default",
            "ipv4_ipam_pool_id": null,
            "ipv4_netmask_length": null,
            "ipv6_association_id": "",
            "ipv6_cidr_block": "",
            "ipv6_cidr_block_network_border_group": "",
            "ipv6_ipam_pool_id": "",
            "ipv6_netmask_length": 0,
            "main_route_table_id": "rtb-0a4cd1fea0e384d81",
            "owner_id": "925047940866",
            "region": "ap-northeast-1",
            "tags": {
              "Name": "std01-ex10-vpc"
            },
            "tags_all": {
              "Env": "test",
              "Name": "std01-ex10-vpc",
              "Owner": "std01",
              "Project": "ex10-asg-codedeploy"
            }
          },
          "sensitive_attributes": [],
          "identity_schema_version": 0,
          "identity": {
            "account_id": "925047940866",
            "id": "vpc-05d1cec139af59a7b",
            "region": "ap-northeast-1"
          },
          "private": "eyJzY2hlbWFfdmVyc2lvbiI6IjEifQ=="
        }
      ]
    }
  ],
  "check_results": null
}
