{
  "version": 4,
  "terraform_version": "1.16.1",
  "serial": 254,
  "lineage": "54382eb0-ea38-3c81-6cbc-f28a1dc1ad31",
  "outputs": {
    "alb_dns_name": {
      "value": "std01-ex10-alb-1657914656.ap-northeast-1.elb.amazonaws.com",
      "type": "string"
    },
    "autoscaling_group_name": {
      "value": "std01-ex10-codedeploy-asg",
      "type": "string"
    },
    "codedeploy_application_name": {
      "value": "std01-ex10-codedeploy-app",
      "type": "string"
    },
    "codedeploy_deployment_group_name": {
      "value": "std01-ex10-deployment-group",
      "type": "string"
    },
    "codepipeline_name": {
      "value": "std01-ex10-asg-cicd-pipeline",
      "type": "string"
    },
    "db_subnet_ids": {
      "value": [
        "subnet-0946afe0f8f7669bf",
        "subnet-0bc91f3e9b5f39732",
        "subnet-0b340060cc0009f1e"
      ],
      "type": [
        "tuple",
        [
          "string",
          "string",
          "string"
        ]
      ]
    },
    "ecr_repository_url": {
      "value": "925047940866.dkr.ecr.ap-northeast-1.amazonaws.com/std01-ex10-nginx",
      "type": "string"
    },
    "github_connection_arn": {
      "value": "arn:aws:codestar-connections:ap-northeast-1:925047940866:connection/d46039db-ccb2-496d-be36-8cc7e827f1c1",
      "type": "string"
    },
    "github_connection_status": {
      "value": "PENDING",
      "type": "string"
    },
    "launch_template_id": {
      "value": "lt-0c0dc1a41b284f769",
      "type": "string"
    },
    "private_subnet_ids": {
      "value": [
        "subnet-01bda0d8ae04a3664",
        "subnet-080074925c2ed7eeb",
        "subnet-0f1af5a725e5212cf"
      ],
      "type": [
        "tuple",
        [
          "string",
          "string",
          "string"
        ]
      ]
    },
    "public_subnet_ids": {
      "value": [
        "subnet-01c5cbe678dfdba71",
        "subnet-03b2c0a616c4d3b5f",
        "subnet-0a422cc9ab2e1d0ad"
      ],
      "type": [
        "tuple",
        [
          "string",
          "string",
          "string"
        ]
      ]
    },
    "target_group_arn": {
      "value": "arn:aws:elasticloadbalancing:ap-northeast-1:925047940866:targetgroup/std01-ex10-tg/b37bfe3d6cb6f0cb",
      "type": "string"
    },
    "vpc_id": {
      "value": "vpc-0d3600f41d6b330a2",
      "type": "string"
    }
  },
  "resources": [
    {
      "module": "module.alb",
      "mode": "managed",
      "type": "aws_lb",
      "name": "app_alb",
      "provider": "provider[\"registry.terraform.io/hashicorp/aws\"]",
      "instances": [
        {
          "schema_version": 0,
          "attributes": {
            "access_logs": [
              {
                "bucket": "",
                "enabled": false,
                "prefix": ""
              }
            ],
            "arn": "arn:aws:elasticloadbalancing:ap-northeast-1:925047940866:loadbalancer/app/std01-ex10-alb/fd0c6fa156c9b78d",
            "arn_suffix": "app/std01-ex10-alb/fd0c6fa156c9b78d",
            "client_keep_alive": 3600,
            "connection_logs": [
              {
                "bucket": "",
                "enabled": false,
                "prefix": ""
              }
            ],
            "customer_owned_ipv4_pool": "",
            "desync_mitigation_mode": "defensive",
            "dns_name": "std01-ex10-alb-1657914656.ap-northeast-1.elb.amazonaws.com",
            "dns_record_client_routing_policy": null,
            "drop_invalid_header_fields": false,
            "enable_cross_zone_load_balancing": true,
            "enable_deletion_protection": false,
            "enable_http2": true,
            "enable_prefix_for_ipv6_source_nat": "off",
            "enable_tls_version_and_cipher_suite_headers": false,
            "enable_waf_fail_open": false,
            "enable_xff_client_port": false,
            "enable_zonal_shift": false,
            "enforce_security_group_inbound_rules_on_private_link_traffic": "",
            "health_check_logs": [
              {
                "bucket": "",
                "enabled": false,
                "prefix": ""
              }
            ],
            "id": "arn:aws:elasticloadbalancing:ap-northeast-1:925047940866:loadbalancer/app/std01-ex10-alb/fd0c6fa156c9b78d",
            "idle_timeout": 60,
            "internal": false,
            "ip_address_type": "ipv4",
            "ipam_pools": [],
            "load_balancer_type": "application",
            "minimum_load_balancer_capacity": [],
            "name": "std01-ex10-alb",
            "name_prefix": "",
            "preserve_host_header": false,
            "region": "ap-northeast-1",
            "secondary_ips_auto_assigned_per_subnet": null,
            "security_groups": [
              "sg-02975db74aa51ef14"
            ],
            "subnet_mapping": [
              {
                "allocation_id": "",
                "ipv6_address": "",
                "outpost_id": "",
                "private_ipv4_address": "",
                "subnet_id": "subnet-01c5cbe678dfdba71"
              },
              {
                "allocation_id": "",
                "ipv6_address": "",
                "outpost_id": "",
                "private_ipv4_address": "",
                "subnet_id": "subnet-03b2c0a616c4d3b5f"
              },
              {
                "allocation_id": "",
                "ipv6_address": "",
                "outpost_id": "",
                "private_ipv4_address": "",
                "subnet_id": "subnet-0a422cc9ab2e1d0ad"
              }
            ],
            "subnets": [
              "subnet-01c5cbe678dfdba71",
              "subnet-03b2c0a616c4d3b5f",
              "subnet-0a422cc9ab2e1d0ad"
            ],
            "tags": {
              "Name": "std01-ex10-alb"
            },
            "tags_all": {
              "Env": "test",
              "Name": "std01-ex10-alb",
              "Owner": "std01",
              "Project": "ex10-asg-codedeploy"
            },
            "timeouts": null,
            "vpc_id": "vpc-0d3600f41d6b330a2",
            "xff_header_processing_mode": "append",
            "zone_id": "Z14GRHDCWA56QT"
          },
          "sensitive_attributes": [],
          "identity_schema_version": 0,
          "identity": {
            "arn": "arn:aws:elasticloadbalancing:ap-northeast-1:925047940866:loadbalancer/app/std01-ex10-alb/fd0c6fa156c9b78d"
          },
          "private": "eyJlMmJmYjczMC1lY2FhLTExZTYtOGY4OC0zNDM2M2JjN2M0YzAiOnsiY3JlYXRlIjo2MDAwMDAwMDAwMDAsImRlbGV0ZSI6NjAwMDAwMDAwMDAwLCJ1cGRhdGUiOjYwMDAwMDAwMDAwMH19",
          "dependencies": [
            "module.network.aws_security_group.alb_sg",
            "module.network.aws_subnet.public_1a",
            "module.network.aws_subnet.public_1c",
            "module.network.aws_subnet.public_1d",
            "module.network.aws_vpc.ex10_vpc"
          ]
        }
      ]
    },
    {
      "module": "module.alb",
      "mode": "managed",
      "type": "aws_lb_listener",
      "name": "http",
      "provider": "provider[\"registry.terraform.io/hashicorp/aws\"]",
      "instances": [
        {
          "schema_version": 0,
          "attributes": {
            "alpn_policy": null,
            "arn": "arn:aws:elasticloadbalancing:ap-northeast-1:925047940866:listener/app/std01-ex10-alb/fd0c6fa156c9b78d/fcfb911dd04c8ee1",
            "certificate_arn": null,
            "default_action": [
              {
                "authenticate_cognito": [],
                "authenticate_oidc": [],
                "fixed_response": [],
                "forward": [],
                "jwt_validation": [],
                "order": 1,
                "redirect": [],
                "target_group_arn": "arn:aws:elasticloadbalancing:ap-northeast-1:925047940866:targetgroup/std01-ex10-tg/b37bfe3d6cb6f0cb",
                "type": "forward"
              }
            ],
            "id": "arn:aws:elasticloadbalancing:ap-northeast-1:925047940866:listener/app/std01-ex10-alb/fd0c6fa156c9b78d/fcfb911dd04c8ee1",
            "load_balancer_arn": "arn:aws:elasticloadbalancing:ap-northeast-1:925047940866:loadbalancer/app/std01-ex10-alb/fd0c6fa156c9b78d",
            "mutual_authentication": [],
            "port": 80,
            "protocol": "HTTP",
            "region": "ap-northeast-1",
            "routing_http_request_x_amzn_mtls_clientcert_header_name": null,
            "routing_http_request_x_amzn_mtls_clientcert_issuer_header_name": null,
            "routing_http_request_x_amzn_mtls_clientcert_leaf_header_name": null,
            "routing_http_request_x_amzn_mtls_clientcert_serial_number_header_name": null,
            "routing_http_request_x_amzn_mtls_clientcert_subject_header_name": null,
            "routing_http_request_x_amzn_mtls_clientcert_validity_header_name": null,
            "routing_http_request_x_amzn_tls_cipher_suite_header_name": null,
            "routing_http_request_x_amzn_tls_version_header_name": null,
            "routing_http_response_access_control_allow_credentials_header_value": "",
            "routing_http_response_access_control_allow_headers_header_value": "",
            "routing_http_response_access_control_allow_methods_header_value": "",
            "routing_http_response_access_control_allow_origin_header_value": "",
            "routing_http_response_access_control_expose_headers_header_value": "",
            "routing_http_response_access_control_max_age_header_value": "",
            "routing_http_response_content_security_policy_header_value": "",
            "routing_http_response_server_enabled": true,
            "routing_http_response_strict_transport_security_header_value": "",
            "routing_http_response_x_content_type_options_header_value": "",
            "routing_http_response_x_frame_options_header_value": "",
            "ssl_policy": "",
            "tags": null,
            "tags_all": {
              "Env": "test",
              "Owner": "std01",
              "Project": "ex10-asg-codedeploy"
            },
            "tcp_idle_timeout_seconds": null,
            "timeouts": null
          },
          "sensitive_attributes": [],
          "identity_schema_version": 0,
          "identity": {
            "arn": "arn:aws:elasticloadbalancing:ap-northeast-1:925047940866:listener/app/std01-ex10-alb/fd0c6fa156c9b78d/fcfb911dd04c8ee1"
          },
          "private": "eyJlMmJmYjczMC1lY2FhLTExZTYtOGY4OC0zNDM2M2JjN2M0YzAiOnsiY3JlYXRlIjozMDAwMDAwMDAwMDAsInVwZGF0ZSI6MzAwMDAwMDAwMDAwfX0=",
          "dependencies": [
            "module.alb.aws_lb.app_alb",
            "module.alb.aws_lb_target_group.app_tg",
            "module.network.aws_security_group.alb_sg",
            "module.network.aws_subnet.public_1a",
            "module.network.aws_subnet.public_1c",
            "module.network.aws_subnet.public_1d",
            "module.network.aws_vpc.ex10_vpc"
          ]
        }
      ]
    },
    {
      "module": "module.alb",
      "mode": "managed",
      "type": "aws_lb_target_group",
      "name": "app_tg",
      "provider": "provider[\"registry.terraform.io/hashicorp/aws\"]",
      "instances": [
        {
          "schema_version": 0,
          "attributes": {
            "arn": "arn:aws:elasticloadbalancing:ap-northeast-1:925047940866:targetgroup/std01-ex10-tg/b37bfe3d6cb6f0cb",
            "arn_suffix": "targetgroup/std01-ex10-tg/b37bfe3d6cb6f0cb",
            "connection_termination": null,
            "deregistration_delay": "300",
            "health_check": [
              {
                "enabled": true,
                "healthy_threshold": 2,
                "interval": 30,
                "matcher": "200-399",
                "path": "/",
                "port": "traffic-port",
                "protocol": "HTTP",
                "timeout": 5,
                "unhealthy_threshold": 2
              }
            ],
            "id": "arn:aws:elasticloadbalancing:ap-northeast-1:925047940866:targetgroup/std01-ex10-tg/b37bfe3d6cb6f0cb",
            "ip_address_type": "ipv4",
            "lambda_multi_value_headers_enabled": false,
            "load_balancer_arns": [],
            "load_balancing_algorithm_type": "round_robin",
            "load_balancing_anomaly_mitigation": "off",
            "load_balancing_cross_zone_enabled": "use_load_balancer_configuration",
            "name": "std01-ex10-tg",
            "name_prefix": "",
            "port": 80,
            "preserve_client_ip": null,
            "protocol": "HTTP",
            "protocol_version": "HTTP1",
            "proxy_protocol_v2": false,
            "region": "ap-northeast-1",
            "slow_start": 0,
            "stickiness": [
              {
                "cookie_duration": 86400,
                "cookie_name": "",
                "enabled": false,
                "type": "lb_cookie"
              }
            ],
            "tags": {
              "Name": "std01-ex10-tg"
            },
            "tags_all": {
              "Env": "test",
              "Name": "std01-ex10-tg",
              "Owner": "std01",
              "Project": "ex10-asg-codedeploy"
            },
            "target_control_port": 0,
            "target_failover": [
              {
                "on_deregistration": null,
                "on_unhealthy": null
              }
            ],
            "target_group_health": [
              {
                "dns_failover": [
                  {
                    "minimum_healthy_targets_count": "1",
                    "minimum_healthy_targets_percentage": "off"
                  }
                ],
                "unhealthy_state_routing": [
                  {
                    "minimum_healthy_targets_count": 1,
                    "minimum_healthy_targets_percentage": "off"
                  }
                ]
              }
            ],
            "target_health_state": [
              {
                "enable_unhealthy_connection_termination": null,
                "unhealthy_draining_interval": null
              }
            ],
            "target_type": "instance",
            "vpc_id": "vpc-0d3600f41d6b330a2"
          },
          "sensitive_attributes": [],
          "identity_schema_version": 0,
          "identity": {
            "arn": "arn:aws:elasticloadbalancing:ap-northeast-1:925047940866:targetgroup/std01-ex10-tg/b37bfe3d6cb6f0cb"
          },
          "private": "bnVsbA==",
          "dependencies": [
            "module.network.aws_vpc.ex10_vpc"
          ]
        }
      ]
    },
    {
      "module": "module.asg",
      "mode": "data",
      "type": "aws_ami",
      "name": "al2023",
      "provider": "provider[\"registry.terraform.io/hashicorp/aws\"]",
      "instances": [
        {
          "schema_version": 0,
          "attributes": {
            "allow_unsafe_filter": null,
            "architecture": "x86_64",
            "arn": "arn:aws:ec2:ap-northeast-1::image/ami-056b9c4e492f025fa",
            "block_device_mappings": [
              {
                "device_name": "/dev/xvda",
                "ebs": {
                  "delete_on_termination": "true",
                  "encrypted": "false",
                  "iops": "3000",
                  "snapshot_id": "snap-0450e5e781e395d99",
                  "throughput": "125",
                  "volume_initialization_rate": "0",
                  "volume_size": "8",
                  "volume_type": "gp3"
                },
                "no_device": "",
                "virtual_name": ""
              }
            ],
            "boot_mode": "uefi-preferred",
            "creation_date": "2026-09-18T04:42:39.000Z",
            "deprecation_time": "2026-12-17T04:44:00.000Z",
            "description": "Amazon Linux 2023 AMI 2023.12.20260918.0 x86_64 HVM kernel-6.12",
            "ena_support": true,
            "executable_users": null,
            "filter": [
              {
                "name": "architecture",
                "values": [
                  "x86_64"
                ]
              },
              {
                "name": "name",
                "values": [
                  "al2023-ami-2023.*-x86_64"
                ]
              },
              {
                "name": "root-device-type",
                "values": [
                  "ebs"
                ]
              },
              {
                "name": "virtualization-type",
                "values": [
                  "hvm"
                ]
              }
            ],
            "hypervisor": "xen",
            "id": "ami-056b9c4e492f025fa",
            "image_id": "ami-056b9c4e492f025fa",
            "image_location": "amazon/al2023-ami-2023.12.20260918.0-kernel-6.12-x86_64",
            "image_owner_alias": "amazon",
            "image_type": "machine",
            "imds_support": "v2.0",
            "include_deprecated": false,
            "kernel_id": "",
            "last_launched_time": "",
            "most_recent": true,
            "name": "al2023-ami-2023.12.20260918.0-kernel-6.12-x86_64",
            "name_regex": null,
            "owner_id": "137112412989",
            "owners": [
              "amazon"
            ],
            "platform": "",
            "platform_details": "Linux/UNIX",
            "product_codes": [],
            "public": true,
            "ramdisk_id": "",
            "region": "ap-northeast-1",
            "root_device_name": "/dev/xvda",
            "root_device_type": "ebs",
            "root_snapshot_id": "snap-0450e5e781e395d99",
            "sriov_net_support": "simple",
            "state": "available",
            "state_reason": {
              "code": "UNSET",
              "message": "UNSET"
            },
            "tags": {},
            "timeouts": null,
            "tpm_support": "",
            "uefi_data": null,
            "usage_operation": "RunInstances",
            "virtualization_type": "hvm"
          },
          "sensitive_attributes": [],
          "identity_schema_version": 0
        }
      ]
    },
    {
      "module": "module.asg",
      "mode": "managed",
      "type": "aws_autoscaling_group",
      "name": "asg",
      "provider": "provider[\"registry.terraform.io/hashicorp/aws\"]",
      "instances": [
        {
          "schema_version": 1,
          "attributes": {
            "arn": "arn:aws:autoscaling:ap-northeast-1:925047940866:autoScalingGroup:f228190d-a2eb-4c86-88b1-b71b656b962d:autoScalingGroupName/std01-ex10-codedeploy-asg",
            "availability_zone_distribution": [
              {
                "capacity_distribution_strategy": "balanced-best-effort"
              }
            ],
            "availability_zones": [
              "ap-northeast-1a",
              "ap-northeast-1c",
              "ap-northeast-1d"
            ],
            "capacity_rebalance": false,
            "capacity_reservation_specification": [
              {
                "capacity_reservation_preference": "default",
                "capacity_reservation_target": []
              }
            ],
            "context": "",
            "default_cooldown": 300,
            "default_instance_warmup": 0,
            "desired_capacity": 2,
            "desired_capacity_type": "",
            "enabled_metrics": null,
            "force_delete": false,
            "force_delete_warm_pool": false,
            "health_check_grace_period": 120,
            "health_check_type": "EC2",
            "id": "std01-ex10-codedeploy-asg",
            "ignore_failed_scaling_activities": false,
            "initial_lifecycle_hook": [],
            "instance_lifecycle_policy": [
              {
                "retention_triggers": [
                  {
                    "terminate_hook_abandon": "terminate"
                  }
                ]
              }
            ],
            "instance_maintenance_policy": [],
            "instance_refresh": [],
            "launch_configuration": "",
            "launch_template": [
              {
                "id": "lt-0c0dc1a41b284f769",
                "name": "std01-ex10-asg-lt-85f8dccb487efd370378429250",
                "version": "$Latest"
              }
            ],
            "load_balancers": [],
            "max_instance_lifetime": 0,
            "max_size": 3,
            "metrics_granularity": "1Minute",
            "min_elb_capacity": null,
            "min_size": 1,
            "mixed_instances_policy": [],
            "name": "std01-ex10-codedeploy-asg",
            "name_prefix": "",
            "placement_group": "",
            "predicted_capacity": 0,
            "protect_from_scale_in": false,
            "region": "ap-northeast-1",
            "service_linked_role_arn": "arn:aws:iam::925047940866:role/aws-service-role/autoscaling.amazonaws.com/AWSServiceRoleForAutoScaling",
            "suspended_processes": null,
            "tag": [
              {
                "key": "Name",
                "propagate_at_launch": true,
                "value": "std01-ex10-asg-node-instance"
              }
            ],
            "target_group_arns": [
              "arn:aws:elasticloadbalancing:ap-northeast-1:925047940866:targetgroup/std01-ex10-tg/b37bfe3d6cb6f0cb"
            ],
            "termination_policies": null,
            "timeouts": null,
            "traffic_source": [
              {
                "identifier": "arn:aws:elasticloadbalancing:ap-northeast-1:925047940866:targetgroup/std01-ex10-tg/b37bfe3d6cb6f0cb",
                "type": "elbv2"
              }
            ],
            "vpc_zone_identifier": [
              "subnet-01bda0d8ae04a3664",
              "subnet-080074925c2ed7eeb",
              "subnet-0f1af5a725e5212cf"
            ],
            "wait_for_capacity_timeout": "10m",
            "wait_for_elb_capacity": null,
            "warm_pool": [],
            "warm_pool_size": 0
          },
          "sensitive_attributes": [],
          "identity_schema_version": 0,
          "identity": {
            "account_id": "925047940866",
            "name": "std01-ex10-codedeploy-asg",
            "region": "ap-northeast-1"
          },
          "private": "eyJlMmJmYjczMC1lY2FhLTExZTYtOGY4OC0zNDM2M2JjN2M0YzAiOnsiZGVsZXRlIjo2MDAwMDAwMDAwMDAsInVwZGF0ZSI6NjAwMDAwMDAwMDAwfSwic2NoZW1hX3ZlcnNpb24iOiIxIn0=",
          "dependencies": [
            "module.alb.aws_lb_target_group.app_tg",
            "module.asg.aws_iam_instance_profile.asg_node_profile",
            "module.asg.aws_iam_role.asg_node_role",
            "module.asg.aws_launch_template.asg_lt",
            "module.asg.data.aws_ami.al2023",
            "module.network.aws_eip.nat_eip",
            "module.network.aws_internet_gateway.ex10_igw",
            "module.network.aws_nat_gateway.nat",
            "module.network.aws_route_table.db_rt",
            "module.network.aws_route_table.private_rt",
            "module.network.aws_route_table.public_rt",
            "module.network.aws_route_table_association.db_1a",
            "module.network.aws_route_table_association.db_1c",
            "module.network.aws_route_table_association.db_1d",
            "module.network.aws_route_table_association.private_1a",
            "module.network.aws_route_table_association.private_1c",
            "module.network.aws_route_table_association.private_1d",
            "module.network.aws_route_table_association.public_1a",
            "module.network.aws_route_table_association.public_1c",
            "module.network.aws_route_table_association.public_1d",
            "module.network.aws_security_group.alb_sg",
            "module.network.aws_security_group.asg_sg",
            "module.network.aws_subnet.db_1a",
            "module.network.aws_subnet.db_1c",
            "module.network.aws_subnet.db_1d",
            "module.network.aws_subnet.private_1a",
            "module.network.aws_subnet.private_1c",
            "module.network.aws_subnet.private_1d",
            "module.network.aws_subnet.public_1a",
            "module.network.aws_subnet.public_1c",
            "module.network.aws_subnet.public_1d",
            "module.network.aws_vpc.ex10_vpc"
          ]
        }
      ]
    },
    {
      "module": "module.asg",
      "mode": "managed",
      "type": "aws_iam_instance_profile",
      "name": "asg_node_profile",
      "provider": "provider[\"registry.terraform.io/hashicorp/aws\"]",
      "instances": [
        {
          "schema_version": 0,
          "attributes": {
            "arn": "arn:aws:iam::925047940866:instance-profile/std01-ex10-asg-node-instance-profile",
            "create_date": "2026-09-22T00:41:00Z",
            "id": "std01-ex10-asg-node-instance-profile",
            "name": "std01-ex10-asg-node-instance-profile",
            "name_prefix": "",
            "path": "/",
            "role": "std01-ex10-asg-node-role",
            "tags": null,
            "tags_all": {
              "Env": "test",
              "Owner": "std01",
              "Project": "ex10-asg-codedeploy"
            },
            "unique_id": "AIPA5OYJHM4BK7M4MJWQC"
          },
          "sensitive_attributes": [],
          "identity_schema_version": 0,
          "identity": {
            "account_id": "925047940866",
            "name": "std01-ex10-asg-node-instance-profile"
          },
          "private": "bnVsbA==",
          "dependencies": [
            "module.asg.aws_iam_role.asg_node_role",
            "module.network.aws_eip.nat_eip",
            "module.network.aws_internet_gateway.ex10_igw",
            "module.network.aws_nat_gateway.nat",
            "module.network.aws_route_table.db_rt",
            "module.network.aws_route_table.private_rt",
            "module.network.aws_route_table.public_rt",
            "module.network.aws_route_table_association.db_1a",
            "module.network.aws_route_table_association.db_1c",
            "module.network.aws_route_table_association.db_1d",
            "module.network.aws_route_table_association.private_1a",
            "module.network.aws_route_table_association.private_1c",
            "module.network.aws_route_table_association.private_1d",
            "module.network.aws_route_table_association.public_1a",
            "module.network.aws_route_table_association.public_1c",
            "module.network.aws_route_table_association.public_1d",
            "module.network.aws_security_group.alb_sg",
            "module.network.aws_security_group.asg_sg",
            "module.network.aws_subnet.db_1a",
            "module.network.aws_subnet.db_1c",
            "module.network.aws_subnet.db_1d",
            "module.network.aws_subnet.private_1a",
            "module.network.aws_subnet.private_1c",
            "module.network.aws_subnet.private_1d",
            "module.network.aws_subnet.public_1a",
            "module.network.aws_subnet.public_1c",
            "module.network.aws_subnet.public_1d",
            "module.network.aws_vpc.ex10_vpc"
          ]
        }
      ]
    },
    {
      "module": "module.asg",
      "mode": "managed",
      "type": "aws_iam_role",
      "name": "asg_node_role",
      "provider": "provider[\"registry.terraform.io/hashicorp/aws\"]",
      "instances": [
        {
          "schema_version": 0,
          "attributes": {
            "arn": "arn:aws:iam::925047940866:role/std01-ex10-asg-node-role",
            "assume_role_policy": "{\"Statement\":[{\"Action\":\"sts:AssumeRole\",\"Effect\":\"Allow\",\"Principal\":{\"Service\":\"ec2.amazonaws.com\"}}],\"Version\":\"2012-10-17\"}",
            "create_date": "2026-09-22T00:40:58Z",
            "description": "",
            "force_detach_policies": false,
            "id": "std01-ex10-asg-node-role",
            "inline_policy": [],
            "managed_policy_arns": [],
            "max_session_duration": 3600,
            "name": "std01-ex10-asg-node-role",
            "name_prefix": "",
            "path": "/",
            "permissions_boundary": "",
            "tags": {
              "Name": "std01-ex10-asg-node-role"
            },
            "tags_all": {
              "Env": "test",
              "Name": "std01-ex10-asg-node-role",
              "Owner": "std01",
              "Project": "ex10-asg-codedeploy"
            },
            "unique_id": "AROA5OYJHM4BHAOA3UJKP"
          },
          "sensitive_attributes": [],
          "identity_schema_version": 0,
          "identity": {
            "account_id": "925047940866",
            "name": "std01-ex10-asg-node-role"
          },
          "private": "bnVsbA==",
          "dependencies": [
            "module.network.aws_eip.nat_eip",
            "module.network.aws_internet_gateway.ex10_igw",
            "module.network.aws_nat_gateway.nat",
            "module.network.aws_route_table.db_rt",
            "module.network.aws_route_table.private_rt",
            "module.network.aws_route_table.public_rt",
            "module.network.aws_route_table_association.db_1a",
            "module.network.aws_route_table_association.db_1c",
            "module.network.aws_route_table_association.db_1d",
            "module.network.aws_route_table_association.private_1a",
            "module.network.aws_route_table_association.private_1c",
            "module.network.aws_route_table_association.private_1d",
            "module.network.aws_route_table_association.public_1a",
            "module.network.aws_route_table_association.public_1c",
            "module.network.aws_route_table_association.public_1d",
            "module.network.aws_security_group.alb_sg",
            "module.network.aws_security_group.asg_sg",
            "module.network.aws_subnet.db_1a",
            "module.network.aws_subnet.db_1c",
            "module.network.aws_subnet.db_1d",
            "module.network.aws_subnet.private_1a",
            "module.network.aws_subnet.private_1c",
            "module.network.aws_subnet.private_1d",
            "module.network.aws_subnet.public_1a",
            "module.network.aws_subnet.public_1c",
            "module.network.aws_subnet.public_1d",
            "module.network.aws_vpc.ex10_vpc"
          ]
        }
      ]
    },
    {
      "module": "module.asg",
      "mode": "managed",
      "type": "aws_iam_role_policy_attachment",
      "name": "ecr_read",
      "provider": "provider[\"registry.terraform.io/hashicorp/aws\"]",
      "instances": [
        {
          "schema_version": 0,
          "attributes": {
            "id": "std01-ex10-asg-node-role/arn:aws:iam::aws:policy/AmazonEC2ContainerRegistryReadOnly",
            "policy_arn": "arn:aws:iam::aws:policy/AmazonEC2ContainerRegistryReadOnly",
            "role": "std01-ex10-asg-node-role"
          },
          "sensitive_attributes": [],
          "identity_schema_version": 0,
          "identity": {
            "account_id": "925047940866",
            "policy_arn": "arn:aws:iam::aws:policy/AmazonEC2ContainerRegistryReadOnly",
            "role": "std01-ex10-asg-node-role"
          },
          "private": "bnVsbA==",
          "dependencies": [
            "module.asg.aws_iam_role.asg_node_role",
            "module.network.aws_eip.nat_eip",
            "module.network.aws_internet_gateway.ex10_igw",
            "module.network.aws_nat_gateway.nat",
            "module.network.aws_route_table.db_rt",
            "module.network.aws_route_table.private_rt",
            "module.network.aws_route_table.public_rt",
            "module.network.aws_route_table_association.db_1a",
            "module.network.aws_route_table_association.db_1c",
            "module.network.aws_route_table_association.db_1d",
            "module.network.aws_route_table_association.private_1a",
            "module.network.aws_route_table_association.private_1c",
            "module.network.aws_route_table_association.private_1d",
            "module.network.aws_route_table_association.public_1a",
            "module.network.aws_route_table_association.public_1c",
            "module.network.aws_route_table_association.public_1d",
            "module.network.aws_security_group.alb_sg",
            "module.network.aws_security_group.asg_sg",
            "module.network.aws_subnet.db_1a",
            "module.network.aws_subnet.db_1c",
            "module.network.aws_subnet.db_1d",
            "module.network.aws_subnet.private_1a",
            "module.network.aws_subnet.private_1c",
            "module.network.aws_subnet.private_1d",
            "module.network.aws_subnet.public_1a",
            "module.network.aws_subnet.public_1c",
            "module.network.aws_subnet.public_1d",
            "module.network.aws_vpc.ex10_vpc"
          ]
        }
      ]
    },
    {
      "module": "module.asg",
      "mode": "managed",
      "type": "aws_iam_role_policy_attachment",
      "name": "s3_read",
      "provider": "provider[\"registry.terraform.io/hashicorp/aws\"]",
      "instances": [
        {
          "schema_version": 0,
          "attributes": {
            "id": "std01-ex10-asg-node-role/arn:aws:iam::aws:policy/AmazonS3ReadOnlyAccess",
            "policy_arn": "arn:aws:iam::aws:policy/AmazonS3ReadOnlyAccess",
            "role": "std01-ex10-asg-node-role"
          },
          "sensitive_attributes": [],
          "identity_schema_version": 0,
          "identity": {
            "account_id": "925047940866",
            "policy_arn": "arn:aws:iam::aws:policy/AmazonS3ReadOnlyAccess",
            "role": "std01-ex10-asg-node-role"
          },
          "private": "bnVsbA==",
          "dependencies": [
            "module.asg.aws_iam_role.asg_node_role",
            "module.network.aws_eip.nat_eip",
            "module.network.aws_internet_gateway.ex10_igw",
            "module.network.aws_nat_gateway.nat",
            "module.network.aws_route_table.db_rt",
            "module.network.aws_route_table.private_rt",
            "module.network.aws_route_table.public_rt",
            "module.network.aws_route_table_association.db_1a",
            "module.network.aws_route_table_association.db_1c",
            "module.network.aws_route_table_association.db_1d",
            "module.network.aws_route_table_association.private_1a",
            "module.network.aws_route_table_association.private_1c",
            "module.network.aws_route_table_association.private_1d",
            "module.network.aws_route_table_association.public_1a",
            "module.network.aws_route_table_association.public_1c",
            "module.network.aws_route_table_association.public_1d",
            "module.network.aws_security_group.alb_sg",
            "module.network.aws_security_group.asg_sg",
            "module.network.aws_subnet.db_1a",
            "module.network.aws_subnet.db_1c",
            "module.network.aws_subnet.db_1d",
            "module.network.aws_subnet.private_1a",
            "module.network.aws_subnet.private_1c",
            "module.network.aws_subnet.private_1d",
            "module.network.aws_subnet.public_1a",
            "module.network.aws_subnet.public_1c",
            "module.network.aws_subnet.public_1d",
            "module.network.aws_vpc.ex10_vpc"
          ]
        }
      ]
    },
    {
      "module": "module.asg",
      "mode": "managed",
      "type": "aws_iam_role_policy_attachment",
      "name": "ssm_core",
      "provider": "provider[\"registry.terraform.io/hashicorp/aws\"]",
      "instances": [
        {
          "schema_version": 0,
          "attributes": {
            "id": "std01-ex10-asg-node-role/arn:aws:iam::aws:policy/AmazonSSMManagedInstanceCore",
            "policy_arn": "arn:aws:iam::aws:policy/AmazonSSMManagedInstanceCore",
            "role": "std01-ex10-asg-node-role"
          },
          "sensitive_attributes": [],
          "identity_schema_version": 0,
          "identity": {
            "account_id": "925047940866",
            "policy_arn": "arn:aws:iam::aws:policy/AmazonSSMManagedInstanceCore",
            "role": "std01-ex10-asg-node-role"
          },
          "private": "bnVsbA==",
          "dependencies": [
            "module.asg.aws_iam_role.asg_node_role",
            "module.network.aws_eip.nat_eip",
            "module.network.aws_internet_gateway.ex10_igw",
            "module.network.aws_nat_gateway.nat",
            "module.network.aws_route_table.db_rt",
            "module.network.aws_route_table.private_rt",
            "module.network.aws_route_table.public_rt",
            "module.network.aws_route_table_association.db_1a",
            "module.network.aws_route_table_association.db_1c",
            "module.network.aws_route_table_association.db_1d",
            "module.network.aws_route_table_association.private_1a",
            "module.network.aws_route_table_association.private_1c",
            "module.network.aws_route_table_association.private_1d",
            "module.network.aws_route_table_association.public_1a",
            "module.network.aws_route_table_association.public_1c",
            "module.network.aws_route_table_association.public_1d",
            "module.network.aws_security_group.alb_sg",
            "module.network.aws_security_group.asg_sg",
            "module.network.aws_subnet.db_1a",
            "module.network.aws_subnet.db_1c",
            "module.network.aws_subnet.db_1d",
            "module.network.aws_subnet.private_1a",
            "module.network.aws_subnet.private_1c",
            "module.network.aws_subnet.private_1d",
            "module.network.aws_subnet.public_1a",
            "module.network.aws_subnet.public_1c",
            "module.network.aws_subnet.public_1d",
            "module.network.aws_vpc.ex10_vpc"
          ]
        }
      ]
    },
    {
      "module": "module.asg",
      "mode": "managed",
      "type": "aws_launch_template",
      "name": "asg_lt",
      "provider": "provider[\"registry.terraform.io/hashicorp/aws\"]",
      "instances": [
        {
          "schema_version": 1,
          "attributes": {
            "arn": "arn:aws:ec2:ap-northeast-1:925047940866:launch-template/lt-0c0dc1a41b284f769",
            "block_device_mappings": [],
            "capacity_reservation_specification": [],
            "cpu_options": [],
            "credit_specification": [],
            "default_version": 1,
            "description": "",
            "disable_api_stop": false,
            "disable_api_termination": false,
            "ebs_optimized": "",
            "enclave_options": [],
            "hibernation_options": [],
            "iam_instance_profile": [
              {
                "arn": "",
                "name": "std01-ex10-asg-node-instance-profile"
              }
            ],
            "id": "lt-0c0dc1a41b284f769",
            "image_id": "ami-056b9c4e492f025fa",
            "instance_initiated_shutdown_behavior": "",
            "instance_market_options": [],
            "instance_requirements": [],
            "instance_type": "t3.micro",
            "kernel_id": "",
            "key_name": "",
            "latest_version": 1,
            "license_specification": [],
            "maintenance_options": [],
            "metadata_options": [],
            "monitoring": [],
            "name": "std01-ex10-asg-lt-85f8dccb487efd370378429250",
            "name_prefix": "std01-ex10-asg-lt-",
            "network_interfaces": [],
            "network_performance_options": [],
            "placement": [],
            "private_dns_name_options": [],
            "ram_disk_id": "",
            "region": "ap-northeast-1",
            "secondary_interfaces": [],
            "security_group_names": null,
            "tag_specifications": [
              {
                "resource_type": "instance",
                "tags": {
                  "Name": "std01-ex10-asg-node-instance"
                }
              },
              {
                "resource_type": "volume",
                "tags": {
                  "Name": "std01-ex10-asg-node-volume"
                }
              }
            ],
            "tags": {
              "Name": "std01-ex10-asg-launch-template"
            },
            "tags_all": {
              "Env": "test",
              "Name": "std01-ex10-asg-launch-template",
              "Owner": "std01",
              "Project": "ex10-asg-codedeploy"
            },
            "update_default_version": null,
            "user_data": "IyEvYmluL2Jhc2gKCnNldCAtZQoKZG5mIHVwZGF0ZSAteQoKZG5mIGluc3RhbGwgLXkgXAogIHJ1YnkgXAogIHdnZXQgXAogIGRvY2tlcgoKc3lzdGVtY3RsIGVuYWJsZSBkb2NrZXIKc3lzdGVtY3RsIHN0YXJ0IGRvY2tlcgoKdXNlcm1vZCAtYUcgZG9ja2VyIGVjMi11c2VyCgpjZCAvdG1wCgp3Z2V0IGh0dHBzOi8vYXdzLWNvZGVkZXBsb3ktYXAtbm9ydGhlYXN0LTEuczMuYXAtbm9ydGhlYXN0LTEuYW1hem9uYXdzLmNvbS9sYXRlc3QvaW5zdGFsbAoKY2htb2QgK3ggLi9pbnN0YWxsCgouL2luc3RhbGwgYXV0bwoKc3lzdGVtY3RsIGVuYWJsZSBjb2RlZGVwbG95LWFnZW50CnN5c3RlbWN0bCBzdGFydCBjb2RlZGVwbG95LWFnZW50Cg==",
            "vpc_security_group_ids": [
              "sg-04e5b31d1f34e3ae3"
            ]
          },
          "sensitive_attributes": [],
          "identity_schema_version": 0,
          "identity": {
            "account_id": "925047940866",
            "id": "lt-0c0dc1a41b284f769",
            "region": "ap-northeast-1"
          },
          "private": "eyJzY2hlbWFfdmVyc2lvbiI6IjEifQ==",
          "dependencies": [
            "module.asg.aws_iam_instance_profile.asg_node_profile",
            "module.asg.aws_iam_role.asg_node_role",
            "module.asg.data.aws_ami.al2023",
            "module.network.aws_eip.nat_eip",
            "module.network.aws_internet_gateway.ex10_igw",
            "module.network.aws_nat_gateway.nat",
            "module.network.aws_route_table.db_rt",
            "module.network.aws_route_table.private_rt",
            "module.network.aws_route_table.public_rt",
            "module.network.aws_route_table_association.db_1a",
            "module.network.aws_route_table_association.db_1c",
            "module.network.aws_route_table_association.db_1d",
            "module.network.aws_route_table_association.private_1a",
            "module.network.aws_route_table_association.private_1c",
            "module.network.aws_route_table_association.private_1d",
            "module.network.aws_route_table_association.public_1a",
            "module.network.aws_route_table_association.public_1c",
            "module.network.aws_route_table_association.public_1d",
            "module.network.aws_security_group.alb_sg",
            "module.network.aws_security_group.asg_sg",
            "module.network.aws_subnet.db_1a",
            "module.network.aws_subnet.db_1c",
            "module.network.aws_subnet.db_1d",
            "module.network.aws_subnet.private_1a",
            "module.network.aws_subnet.private_1c",
            "module.network.aws_subnet.private_1d",
            "module.network.aws_subnet.public_1a",
            "module.network.aws_subnet.public_1c",
            "module.network.aws_subnet.public_1d",
            "module.network.aws_vpc.ex10_vpc"
          ]
        }
      ]
    },
    {
      "module": "module.codedeploy",
      "mode": "managed",
      "type": "aws_codedeploy_app",
      "name": "app",
      "provider": "provider[\"registry.terraform.io/hashicorp/aws\"]",
      "instances": [
        {
          "schema_version": 0,
          "attributes": {
            "application_id": "9215aadc-10be-4bd2-bda8-f75f50968279",
            "arn": "arn:aws:codedeploy:ap-northeast-1:925047940866:application:std01-ex10-codedeploy-app",
            "compute_platform": "Server",
            "github_account_name": "",
            "id": "9215aadc-10be-4bd2-bda8-f75f50968279:std01-ex10-codedeploy-app",
            "linked_to_github": false,
            "name": "std01-ex10-codedeploy-app",
            "region": "ap-northeast-1",
            "tags": null,
            "tags_all": {
              "Env": "test",
              "Owner": "std01",
              "Project": "ex10-asg-codedeploy"
            }
          },
          "sensitive_attributes": [],
          "identity_schema_version": 0,
          "private": "bnVsbA=="
        }
      ]
    },
    {
      "module": "module.codedeploy",
      "mode": "managed",
      "type": "aws_codedeploy_deployment_group",
      "name": "deployment_group",
      "provider": "provider[\"registry.terraform.io/hashicorp/aws\"]",
      "instances": [
        {
          "schema_version": 0,
          "attributes": {
            "alarm_configuration": [],
            "app_name": "std01-ex10-codedeploy-app",
            "arn": "arn:aws:codedeploy:ap-northeast-1:925047940866:deploymentgroup:std01-ex10-codedeploy-app/std01-ex10-deployment-group",
            "auto_rollback_configuration": [
              {
                "enabled": true,
                "events": [
                  "DEPLOYMENT_FAILURE"
                ]
              }
            ],
            "autoscaling_groups": [
              "std01-ex10-codedeploy-asg"
            ],
            "blue_green_deployment_config": [],
            "compute_platform": "Server",
            "deployment_config_name": "CodeDeployDefault.AllAtOnce",
            "deployment_group_id": "5b28f155-d5ca-40f0-8146-0b613b36838b",
            "deployment_group_name": "std01-ex10-deployment-group",
            "deployment_style": [
              {
                "deployment_option": "WITHOUT_TRAFFIC_CONTROL",
                "deployment_type": "IN_PLACE"
              }
            ],
            "ec2_tag_filter": [],
            "ec2_tag_set": [],
            "ecs_service": [],
            "id": "5b28f155-d5ca-40f0-8146-0b613b36838b",
            "load_balancer_info": [],
            "on_premises_instance_tag_filter": [],
            "outdated_instances_strategy": "UPDATE",
            "region": "ap-northeast-1",
            "service_role_arn": "arn:aws:iam::925047940866:role/std01-ex10-codedeploy-service-role",
            "tags": null,
            "tags_all": {
              "Env": "test",
              "Owner": "std01",
              "Project": "ex10-asg-codedeploy"
            },
            "termination_hook_enabled": false,
            "trigger_configuration": []
          },
          "sensitive_attributes": [],
          "identity_schema_version": 0,
          "private": "bnVsbA==",
          "dependencies": [
            "module.alb.aws_lb_target_group.app_tg",
            "module.asg.aws_autoscaling_group.asg",
            "module.asg.aws_iam_instance_profile.asg_node_profile",
            "module.asg.aws_iam_role.asg_node_role",
            "module.asg.aws_launch_template.asg_lt",
            "module.asg.data.aws_ami.al2023",
            "module.codedeploy.aws_codedeploy_app.app",
            "module.codedeploy.aws_iam_role.codedeploy_role",
            "module.network.aws_eip.nat_eip",
            "module.network.aws_internet_gateway.ex10_igw",
            "module.network.aws_nat_gateway.nat",
            "module.network.aws_route_table.db_rt",
            "module.network.aws_route_table.private_rt",
            "module.network.aws_route_table.public_rt",
            "module.network.aws_route_table_association.db_1a",
            "module.network.aws_route_table_association.db_1c",
            "module.network.aws_route_table_association.db_1d",
            "module.network.aws_route_table_association.private_1a",
            "module.network.aws_route_table_association.private_1c",
            "module.network.aws_route_table_association.private_1d",
            "module.network.aws_route_table_association.public_1a",
            "module.network.aws_route_table_association.public_1c",
            "module.network.aws_route_table_association.public_1d",
            "module.network.aws_security_group.alb_sg",
            "module.network.aws_security_group.asg_sg",
            "module.network.aws_subnet.db_1a",
            "module.network.aws_subnet.db_1c",
            "module.network.aws_subnet.db_1d",
            "module.network.aws_subnet.private_1a",
            "module.network.aws_subnet.private_1c",
            "module.network.aws_subnet.private_1d",
            "module.network.aws_subnet.public_1a",
            "module.network.aws_subnet.public_1c",
            "module.network.aws_subnet.public_1d",
            "module.network.aws_vpc.ex10_vpc"
          ]
        }
      ]
    },
    {
      "module": "module.codedeploy",
      "mode": "managed",
      "type": "aws_iam_role",
      "name": "codedeploy_role",
      "provider": "provider[\"registry.terraform.io/hashicorp/aws\"]",
      "instances": [
        {
          "schema_version": 0,
          "attributes": {
            "arn": "arn:aws:iam::925047940866:role/std01-ex10-codedeploy-service-role",
            "assume_role_policy": "{\"Statement\":[{\"Action\":\"sts:AssumeRole\",\"Effect\":\"Allow\",\"Principal\":{\"Service\":\"codedeploy.amazonaws.com\"}}],\"Version\":\"2012-10-17\"}",
            "create_date": "2026-09-22T00:38:49Z",
            "description": "",
            "force_detach_policies": false,
            "id": "std01-ex10-codedeploy-service-role",
            "inline_policy": [],
            "managed_policy_arns": [],
            "max_session_duration": 3600,
            "name": "std01-ex10-codedeploy-service-role",
            "name_prefix": "",
            "path": "/",
            "permissions_boundary": "",
            "tags": {
              "Name": "std01-ex10-codedeploy-service-role"
            },
            "tags_all": {
              "Env": "test",
              "Name": "std01-ex10-codedeploy-service-role",
              "Owner": "std01",
              "Project": "ex10-asg-codedeploy"
            },
            "unique_id": "AROA5OYJHM4BHIO2MU34U"
          },
          "sensitive_attributes": [],
          "identity_schema_version": 0,
          "identity": {
            "account_id": "925047940866",
            "name": "std01-ex10-codedeploy-service-role"
          },
          "private": "bnVsbA=="
        }
      ]
    },
    {
      "module": "module.codedeploy",
      "mode": "managed",
      "type": "aws_iam_role_policy_attachment",
      "name": "codedeploy_policy",
      "provider": "provider[\"registry.terraform.io/hashicorp/aws\"]",
      "instances": [
        {
          "schema_version": 0,
          "attributes": {
            "id": "std01-ex10-codedeploy-service-role/arn:aws:iam::aws:policy/service-role/AWSCodeDeployRole",
            "policy_arn": "arn:aws:iam::aws:policy/service-role/AWSCodeDeployRole",
            "role": "std01-ex10-codedeploy-service-role"
          },
          "sensitive_attributes": [],
          "identity_schema_version": 0,
          "identity": {
            "account_id": "925047940866",
            "policy_arn": "arn:aws:iam::aws:policy/service-role/AWSCodeDeployRole",
            "role": "std01-ex10-codedeploy-service-role"
          },
          "private": "bnVsbA==",
          "dependencies": [
            "module.codedeploy.aws_iam_role.codedeploy_role"
          ]
        }
      ]
    },
    {
      "module": "module.ecr",
      "mode": "managed",
      "type": "aws_ecr_repository",
      "name": "this",
      "provider": "provider[\"registry.terraform.io/hashicorp/aws\"]",
      "instances": [
        {
          "schema_version": 0,
          "attributes": {
            "arn": "arn:aws:ecr:ap-northeast-1:925047940866:repository/std01-ex10-nginx",
            "encryption_configuration": [
              {
                "encryption_type": "AES256",
                "kms_key": ""
              }
            ],
            "force_delete": true,
            "id": "std01-ex10-nginx",
            "image_scanning_configuration": [
              {
                "scan_on_push": true
              }
            ],
            "image_tag_mutability": "MUTABLE",
            "image_tag_mutability_exclusion_filter": [],
            "name": "std01-ex10-nginx",
            "region": "ap-northeast-1",
            "registry_id": "925047940866",
            "repository_url": "925047940866.dkr.ecr.ap-northeast-1.amazonaws.com/std01-ex10-nginx",
            "tags": {
              "Name": "std01-ex10-nginx"
            },
            "tags_all": {
              "Env": "test",
              "Name": "std01-ex10-nginx",
              "Owner": "std01",
              "Project": "ex10-asg-codedeploy"
            },
            "timeouts": null
          },
          "sensitive_attributes": [],
          "identity_schema_version": 0,
          "identity": {
            "account_id": "925047940866",
            "name": "std01-ex10-nginx",
            "region": "ap-northeast-1"
          },
          "private": "eyJlMmJmYjczMC1lY2FhLTExZTYtOGY4OC0zNDM2M2JjN2M0YzAiOnsiZGVsZXRlIjoxMjAwMDAwMDAwMDAwfX0="
        }
      ]
    },
    {
      "module": "module.network",
      "mode": "managed",
      "type": "aws_eip",
      "name": "nat_eip",
      "provider": "provider[\"registry.terraform.io/hashicorp/aws\"]",
      "instances": [
        {
          "schema_version": 0,
          "attributes": {
            "address": null,
            "allocation_id": "eipalloc-0a8c17c4a29027bee",
            "arn": "arn:aws:ec2:ap-northeast-1:925047940866:elastic-ip/eipalloc-0a8c17c4a29027bee",
            "associate_with_private_ip": null,
            "association_id": "",
            "carrier_ip": "",
            "customer_owned_ip": "",
            "customer_owned_ipv4_pool": "",
            "domain": "vpc",
            "id": "eipalloc-0a8c17c4a29027bee",
            "instance": "",
            "ipam_pool_id": "",
            "network_border_group": "ap-northeast-1",
            "network_interface": "",
            "private_dns": "",
            "private_ip": "",
            "ptr_record": "",
            "public_dns": "ec2-35-73-148-68.ap-northeast-1.compute.amazonaws.com",
            "public_ip": "35.73.148.68",
            "public_ipv4_pool": "amazon",
            "region": "ap-northeast-1",
            "tags": {
              "Name": "std01-ex10-nat-eip"
            },
            "tags_all": {
              "Env": "test",
              "Name": "std01-ex10-nat-eip",
              "Owner": "std01",
              "Project": "ex10-asg-codedeploy"
            },
            "timeouts": null
          },
          "sensitive_attributes": [],
          "identity_schema_version": 0,
          "identity": {
            "account_id": "925047940866",
            "id": "eipalloc-0a8c17c4a29027bee",
            "region": "ap-northeast-1"
          },
          "private": "eyJlMmJmYjczMC1lY2FhLTExZTYtOGY4OC0zNDM2M2JjN2M0YzAiOnsiZGVsZXRlIjoxODAwMDAwMDAwMDAsInJlYWQiOjkwMDAwMDAwMDAwMCwidXBkYXRlIjozMDAwMDAwMDAwMDB9fQ=="
        }
      ]
    },
    {
      "module": "module.network",
      "mode": "managed",
      "type": "aws_internet_gateway",
      "name": "ex10_igw",
      "provider": "provider[\"registry.terraform.io/hashicorp/aws\"]",
      "instances": [
        {
          "schema_version": 0,
          "attributes": {
            "arn": "arn:aws:ec2:ap-northeast-1:925047940866:internet-gateway/igw-01dc461f939b7dd5a",
            "id": "igw-01dc461f939b7dd5a",
            "owner_id": "925047940866",
            "region": "ap-northeast-1",
            "tags": {
              "Name": "std01-ex10-igw"
            },
            "tags_all": {
              "Env": "test",
              "Name": "std01-ex10-igw",
              "Owner": "std01",
              "Project": "ex10-asg-codedeploy"
            },
            "timeouts": null,
            "vpc_id": "vpc-0d3600f41d6b330a2"
          },
          "sensitive_attributes": [],
          "identity_schema_version": 0,
          "identity": {
            "account_id": "925047940866",
            "id": "igw-01dc461f939b7dd5a",
            "region": "ap-northeast-1"
          },
          "private": "eyJlMmJmYjczMC1lY2FhLTExZTYtOGY4OC0zNDM2M2JjN2M0YzAiOnsiY3JlYXRlIjoxMjAwMDAwMDAwMDAwLCJkZWxldGUiOjEyMDAwMDAwMDAwMDAsInVwZGF0ZSI6MTIwMDAwMDAwMDAwMH19",
          "dependencies": [
            "module.network.aws_vpc.ex10_vpc"
          ]
        }
      ]
    },
    {
      "module": "module.network",
      "mode": "managed",
      "type": "aws_nat_gateway",
      "name": "nat",
      "provider": "provider[\"registry.terraform.io/hashicorp/aws\"]",
      "instances": [
        {
          "schema_version": 0,
          "attributes": {
            "allocation_id": "eipalloc-0a8c17c4a29027bee",
            "association_id": "eipassoc-054ac634f7510f867",
            "auto_provision_zones": null,
            "auto_scaling_ips": null,
            "availability_mode": "zonal",
            "availability_zone_address": [],
            "connectivity_type": "public",
            "id": "nat-0f1c0c6e7781c5652",
            "network_interface_id": "eni-057a70ddd476c0b28",
            "private_ip": "10.10.1.230",
            "public_ip": "35.73.148.68",
            "region": "ap-northeast-1",
            "regional_nat_gateway_address": [],
            "regional_nat_gateway_auto_mode": null,
            "route_table_id": null,
            "secondary_allocation_ids": [],
            "secondary_private_ip_address_count": 0,
            "secondary_private_ip_addresses": [],
            "subnet_id": "subnet-01c5cbe678dfdba71",
            "tags": {
              "Name": "std01-ex10-nat-gateway"
            },
            "tags_all": {
              "Env": "test",
              "Name": "std01-ex10-nat-gateway",
              "Owner": "std01",
              "Project": "ex10-asg-codedeploy"
            },
            "timeouts": null,
            "vpc_id": "vpc-0d3600f41d6b330a2"
          },
          "sensitive_attributes": [],
          "identity_schema_version": 0,
          "identity": {
            "account_id": "925047940866",
            "id": "nat-0f1c0c6e7781c5652",
            "region": "ap-northeast-1"
          },
          "private": "eyJlMmJmYjczMC1lY2FhLTExZTYtOGY4OC0zNDM2M2JjN2M0YzAiOnsiY3JlYXRlIjo2MDAwMDAwMDAwMDAsImRlbGV0ZSI6MTgwMDAwMDAwMDAwMCwidXBkYXRlIjo2MDAwMDAwMDAwMDB9fQ==",
          "dependencies": [
            "module.network.aws_eip.nat_eip",
            "module.network.aws_internet_gateway.ex10_igw",
            "module.network.aws_subnet.public_1a",
            "module.network.aws_vpc.ex10_vpc"
          ]
        }
      ]
    },
    {
      "module": "module.network",
      "mode": "managed",
      "type": "aws_route_table",
      "name": "db_rt",
      "provider": "provider[\"registry.terraform.io/hashicorp/aws\"]",
      "instances": [
        {
          "schema_version": 0,
          "attributes": {
            "arn": "arn:aws:ec2:ap-northeast-1:925047940866:route-table/rtb-05e9c16e77817b527",
            "id": "rtb-05e9c16e77817b527",
            "owner_id": "925047940866",
            "propagating_vgws": [],
            "region": "ap-northeast-1",
            "route": [],
            "tags": {
              "Name": "std01-ex10-db-rt"
            },
            "tags_all": {
              "Env": "test",
              "Name": "std01-ex10-db-rt",
              "Owner": "std01",
              "Project": "ex10-asg-codedeploy"
            },
            "timeouts": null,
            "vpc_id": "vpc-0d3600f41d6b330a2"
          },
          "sensitive_attributes": [],
          "identity_schema_version": 0,
          "identity": {
            "account_id": "925047940866",
            "id": "rtb-05e9c16e77817b527",
            "region": "ap-northeast-1"
          },
          "private": "eyJlMmJmYjczMC1lY2FhLTExZTYtOGY4OC0zNDM2M2JjN2M0YzAiOnsiY3JlYXRlIjozMDAwMDAwMDAwMDAsImRlbGV0ZSI6MzAwMDAwMDAwMDAwLCJ1cGRhdGUiOjEyMDAwMDAwMDAwMH19",
          "dependencies": [
            "module.network.aws_vpc.ex10_vpc"
          ]
        }
      ]
    },
    {
      "module": "module.network",
      "mode": "managed",
      "type": "aws_route_table",
      "name": "private_rt",
      "provider": "provider[\"registry.terraform.io/hashicorp/aws\"]",
      "instances": [
        {
          "schema_version": 0,
          "attributes": {
            "arn": "arn:aws:ec2:ap-northeast-1:925047940866:route-table/rtb-07cf2cc2692497781",
            "id": "rtb-07cf2cc2692497781",
            "owner_id": "925047940866",
            "propagating_vgws": [],
            "region": "ap-northeast-1",
            "route": [
              {
                "carrier_gateway_id": "",
                "cidr_block": "0.0.0.0/0",
                "core_network_arn": "",
                "destination_prefix_list_id": "",
                "egress_only_gateway_id": "",
                "gateway_id": "",
                "ipv6_cidr_block": "",
                "local_gateway_id": "",
                "nat_gateway_id": "nat-0f1c0c6e7781c5652",
                "network_interface_id": "",
                "odb_network_arn": "",
                "transit_gateway_id": "",
                "vpc_endpoint_id": "",
                "vpc_peering_connection_id": ""
              }
            ],
            "tags": {
              "Name": "std01-ex10-private-rt"
            },
            "tags_all": {
              "Env": "test",
              "Name": "std01-ex10-private-rt",
              "Owner": "std01",
              "Project": "ex10-asg-codedeploy"
            },
            "timeouts": null,
            "vpc_id": "vpc-0d3600f41d6b330a2"
          },
          "sensitive_attributes": [],
          "identity_schema_version": 0,
          "identity": {
            "account_id": "925047940866",
            "id": "rtb-07cf2cc2692497781",
            "region": "ap-northeast-1"
          },
          "private": "eyJlMmJmYjczMC1lY2FhLTExZTYtOGY4OC0zNDM2M2JjN2M0YzAiOnsiY3JlYXRlIjozMDAwMDAwMDAwMDAsImRlbGV0ZSI6MzAwMDAwMDAwMDAwLCJ1cGRhdGUiOjEyMDAwMDAwMDAwMH19",
          "dependencies": [
            "module.network.aws_eip.nat_eip",
            "module.network.aws_internet_gateway.ex10_igw",
            "module.network.aws_nat_gateway.nat",
            "module.network.aws_subnet.public_1a",
            "module.network.aws_vpc.ex10_vpc"
          ]
        }
      ]
    },
    {
      "module": "module.network",
      "mode": "managed",
      "type": "aws_route_table",
      "name": "public_rt",
      "provider": "provider[\"registry.terraform.io/hashicorp/aws\"]",
      "instances": [
        {
          "schema_version": 0,
          "attributes": {
            "arn": "arn:aws:ec2:ap-northeast-1:925047940866:route-table/rtb-083ac28e460af7f57",
            "id": "rtb-083ac28e460af7f57",
            "owner_id": "925047940866",
            "propagating_vgws": [],
            "region": "ap-northeast-1",
            "route": [
              {
                "carrier_gateway_id": "",
                "cidr_block": "0.0.0.0/0",
                "core_network_arn": "",
                "destination_prefix_list_id": "",
                "egress_only_gateway_id": "",
                "gateway_id": "igw-01dc461f939b7dd5a",
                "ipv6_cidr_block": "",
                "local_gateway_id": "",
                "nat_gateway_id": "",
                "network_interface_id": "",
                "odb_network_arn": "",
                "transit_gateway_id": "",
                "vpc_endpoint_id": "",
                "vpc_peering_connection_id": ""
              }
            ],
            "tags": {
              "Name": "std01-ex10-public-rt"
            },
            "tags_all": {
              "Env": "test",
              "Name": "std01-ex10-public-rt",
              "Owner": "std01",
              "Project": "ex10-asg-codedeploy"
            },
            "timeouts": null,
            "vpc_id": "vpc-0d3600f41d6b330a2"
          },
          "sensitive_attributes": [],
          "identity_schema_version": 0,
          "identity": {
            "account_id": "925047940866",
            "id": "rtb-083ac28e460af7f57",
            "region": "ap-northeast-1"
          },
          "private": "eyJlMmJmYjczMC1lY2FhLTExZTYtOGY4OC0zNDM2M2JjN2M0YzAiOnsiY3JlYXRlIjozMDAwMDAwMDAwMDAsImRlbGV0ZSI6MzAwMDAwMDAwMDAwLCJ1cGRhdGUiOjEyMDAwMDAwMDAwMH19",
          "dependencies": [
            "module.network.aws_internet_gateway.ex10_igw",
            "module.network.aws_vpc.ex10_vpc"
          ]
        }
      ]
    },
    {
      "module": "module.network",
      "mode": "managed",
      "type": "aws_route_table_association",
      "name": "db_1a",
      "provider": "provider[\"registry.terraform.io/hashicorp/aws\"]",
      "instances": [
        {
          "schema_version": 0,
          "attributes": {
            "gateway_id": "",
            "id": "rtbassoc-022478c833ebf854a",
            "region": "ap-northeast-1",
            "route_table_id": "rtb-05e9c16e77817b527",
            "subnet_id": "subnet-0946afe0f8f7669bf",
            "timeouts": null
          },
          "sensitive_attributes": [],
          "identity_schema_version": 0,
          "identity": {
            "account_id": "925047940866",
            "id": "rtbassoc-022478c833ebf854a",
            "region": "ap-northeast-1"
          },
          "private": "eyJlMmJmYjczMC1lY2FhLTExZTYtOGY4OC0zNDM2M2JjN2M0YzAiOnsiY3JlYXRlIjozMDAwMDAwMDAwMDAsImRlbGV0ZSI6MzAwMDAwMDAwMDAwLCJ1cGRhdGUiOjEyMDAwMDAwMDAwMH19",
          "dependencies": [
            "module.network.aws_route_table.db_rt",
            "module.network.aws_subnet.db_1a",
            "module.network.aws_vpc.ex10_vpc"
          ]
        }
      ]
    },
    {
      "module": "module.network",
      "mode": "managed",
      "type": "aws_route_table_association",
      "name": "db_1c",
      "provider": "provider[\"registry.terraform.io/hashicorp/aws\"]",
      "instances": [
        {
          "schema_version": 0,
          "attributes": {
            "gateway_id": "",
            "id": "rtbassoc-0477ddda259d75a5e",
            "region": "ap-northeast-1",
            "route_table_id": "rtb-05e9c16e77817b527",
            "subnet_id": "subnet-0bc91f3e9b5f39732",
            "timeouts": null
          },
          "sensitive_attributes": [],
          "identity_schema_version": 0,
          "identity": {
            "account_id": "925047940866",
            "id": "rtbassoc-0477ddda259d75a5e",
            "region": "ap-northeast-1"
          },
          "private": "eyJlMmJmYjczMC1lY2FhLTExZTYtOGY4OC0zNDM2M2JjN2M0YzAiOnsiY3JlYXRlIjozMDAwMDAwMDAwMDAsImRlbGV0ZSI6MzAwMDAwMDAwMDAwLCJ1cGRhdGUiOjEyMDAwMDAwMDAwMH19",
          "dependencies": [
            "module.network.aws_route_table.db_rt",
            "module.network.aws_subnet.db_1c",
            "module.network.aws_vpc.ex10_vpc"
          ]
        }
      ]
    },
    {
      "module": "module.network",
      "mode": "managed",
      "type": "aws_route_table_association",
      "name": "db_1d",
      "provider": "provider[\"registry.terraform.io/hashicorp/aws\"]",
      "instances": [
        {
          "schema_version": 0,
          "attributes": {
            "gateway_id": "",
            "id": "rtbassoc-09fcb9d562596f004",
            "region": "ap-northeast-1",
            "route_table_id": "rtb-05e9c16e77817b527",
            "subnet_id": "subnet-0b340060cc0009f1e",
            "timeouts": null
          },
          "sensitive_attributes": [],
          "identity_schema_version": 0,
          "identity": {
            "account_id": "925047940866",
            "id": "rtbassoc-09fcb9d562596f004",
            "region": "ap-northeast-1"
          },
          "private": "eyJlMmJmYjczMC1lY2FhLTExZTYtOGY4OC0zNDM2M2JjN2M0YzAiOnsiY3JlYXRlIjozMDAwMDAwMDAwMDAsImRlbGV0ZSI6MzAwMDAwMDAwMDAwLCJ1cGRhdGUiOjEyMDAwMDAwMDAwMH19",
          "dependencies": [
            "module.network.aws_route_table.db_rt",
            "module.network.aws_subnet.db_1d",
            "module.network.aws_vpc.ex10_vpc"
          ]
        }
      ]
    },
    {
      "module": "module.network",
      "mode": "managed",
      "type": "aws_route_table_association",
      "name": "private_1a",
      "provider": "provider[\"registry.terraform.io/hashicorp/aws\"]",
      "instances": [
        {
          "schema_version": 0,
          "attributes": {
            "gateway_id": "",
            "id": "rtbassoc-035e2ec4c08693884",
            "region": "ap-northeast-1",
            "route_table_id": "rtb-07cf2cc2692497781",
            "subnet_id": "subnet-01bda0d8ae04a3664",
            "timeouts": null
          },
          "sensitive_attributes": [],
          "identity_schema_version": 0,
          "identity": {
            "account_id": "925047940866",
            "id": "rtbassoc-035e2ec4c08693884",
            "region": "ap-northeast-1"
          },
          "private": "eyJlMmJmYjczMC1lY2FhLTExZTYtOGY4OC0zNDM2M2JjN2M0YzAiOnsiY3JlYXRlIjozMDAwMDAwMDAwMDAsImRlbGV0ZSI6MzAwMDAwMDAwMDAwLCJ1cGRhdGUiOjEyMDAwMDAwMDAwMH19",
          "dependencies": [
            "module.network.aws_eip.nat_eip",
            "module.network.aws_internet_gateway.ex10_igw",
            "module.network.aws_nat_gateway.nat",
            "module.network.aws_route_table.private_rt",
            "module.network.aws_subnet.private_1a",
            "module.network.aws_subnet.public_1a",
            "module.network.aws_vpc.ex10_vpc"
          ]
        }
      ]
    },
    {
      "module": "module.network",
      "mode": "managed",
      "type": "aws_route_table_association",
      "name": "private_1c",
      "provider": "provider[\"registry.terraform.io/hashicorp/aws\"]",
      "instances": [
        {
          "schema_version": 0,
          "attributes": {
            "gateway_id": "",
            "id": "rtbassoc-0fc0bd05b4dc2047d",
            "region": "ap-northeast-1",
            "route_table_id": "rtb-07cf2cc2692497781",
            "subnet_id": "subnet-080074925c2ed7eeb",
            "timeouts": null
          },
          "sensitive_attributes": [],
          "identity_schema_version": 0,
          "identity": {
            "account_id": "925047940866",
            "id": "rtbassoc-0fc0bd05b4dc2047d",
            "region": "ap-northeast-1"
          },
          "private": "eyJlMmJmYjczMC1lY2FhLTExZTYtOGY4OC0zNDM2M2JjN2M0YzAiOnsiY3JlYXRlIjozMDAwMDAwMDAwMDAsImRlbGV0ZSI6MzAwMDAwMDAwMDAwLCJ1cGRhdGUiOjEyMDAwMDAwMDAwMH19",
          "dependencies": [
            "module.network.aws_eip.nat_eip",
            "module.network.aws_internet_gateway.ex10_igw",
            "module.network.aws_nat_gateway.nat",
            "module.network.aws_route_table.private_rt",
            "module.network.aws_subnet.private_1c",
            "module.network.aws_subnet.public_1a",
            "module.network.aws_vpc.ex10_vpc"
          ]
        }
      ]
    },
    {
      "module": "module.network",
      "mode": "managed",
      "type": "aws_route_table_association",
      "name": "private_1d",
      "provider": "provider[\"registry.terraform.io/hashicorp/aws\"]",
      "instances": [
        {
          "schema_version": 0,
          "attributes": {
            "gateway_id": "",
            "id": "rtbassoc-0c1743dce72dd39bd",
            "region": "ap-northeast-1",
            "route_table_id": "rtb-07cf2cc2692497781",
            "subnet_id": "subnet-0f1af5a725e5212cf",
            "timeouts": null
          },
          "sensitive_attributes": [],
          "identity_schema_version": 0,
          "identity": {
            "account_id": "925047940866",
            "id": "rtbassoc-0c1743dce72dd39bd",
            "region": "ap-northeast-1"
          },
          "private": "eyJlMmJmYjczMC1lY2FhLTExZTYtOGY4OC0zNDM2M2JjN2M0YzAiOnsiY3JlYXRlIjozMDAwMDAwMDAwMDAsImRlbGV0ZSI6MzAwMDAwMDAwMDAwLCJ1cGRhdGUiOjEyMDAwMDAwMDAwMH19",
          "dependencies": [
            "module.network.aws_eip.nat_eip",
            "module.network.aws_internet_gateway.ex10_igw",
            "module.network.aws_nat_gateway.nat",
            "module.network.aws_route_table.private_rt",
            "module.network.aws_subnet.private_1d",
            "module.network.aws_subnet.public_1a",
            "module.network.aws_vpc.ex10_vpc"
          ]
        }
      ]
    },
    {
      "module": "module.network",
      "mode": "managed",
      "type": "aws_route_table_association",
      "name": "public_1a",
      "provider": "provider[\"registry.terraform.io/hashicorp/aws\"]",
      "instances": [
        {
          "schema_version": 0,
          "attributes": {
            "gateway_id": "",
            "id": "rtbassoc-01f458d78bccba2ce",
            "region": "ap-northeast-1",
            "route_table_id": "rtb-083ac28e460af7f57",
            "subnet_id": "subnet-01c5cbe678dfdba71",
            "timeouts": null
          },
          "sensitive_attributes": [],
          "identity_schema_version": 0,
          "identity": {
            "account_id": "925047940866",
            "id": "rtbassoc-01f458d78bccba2ce",
            "region": "ap-northeast-1"
          },
          "private": "eyJlMmJmYjczMC1lY2FhLTExZTYtOGY4OC0zNDM2M2JjN2M0YzAiOnsiY3JlYXRlIjozMDAwMDAwMDAwMDAsImRlbGV0ZSI6MzAwMDAwMDAwMDAwLCJ1cGRhdGUiOjEyMDAwMDAwMDAwMH19",
          "dependencies": [
            "module.network.aws_internet_gateway.ex10_igw",
            "module.network.aws_route_table.public_rt",
            "module.network.aws_subnet.public_1a",
            "module.network.aws_vpc.ex10_vpc"
          ]
        }
      ]
    },
    {
      "module": "module.network",
      "mode": "managed",
      "type": "aws_route_table_association",
      "name": "public_1c",
      "provider": "provider[\"registry.terraform.io/hashicorp/aws\"]",
      "instances": [
        {
          "schema_version": 0,
          "attributes": {
            "gateway_id": "",
            "id": "rtbassoc-002c6bbd0fd9d2a48",
            "region": "ap-northeast-1",
            "route_table_id": "rtb-083ac28e460af7f57",
            "subnet_id": "subnet-03b2c0a616c4d3b5f",
            "timeouts": null
          },
          "sensitive_attributes": [],
          "identity_schema_version": 0,
          "identity": {
            "account_id": "925047940866",
            "id": "rtbassoc-002c6bbd0fd9d2a48",
            "region": "ap-northeast-1"
          },
          "private": "eyJlMmJmYjczMC1lY2FhLTExZTYtOGY4OC0zNDM2M2JjN2M0YzAiOnsiY3JlYXRlIjozMDAwMDAwMDAwMDAsImRlbGV0ZSI6MzAwMDAwMDAwMDAwLCJ1cGRhdGUiOjEyMDAwMDAwMDAwMH19",
          "dependencies": [
            "module.network.aws_internet_gateway.ex10_igw",
            "module.network.aws_route_table.public_rt",
            "module.network.aws_subnet.public_1c",
            "module.network.aws_vpc.ex10_vpc"
          ]
        }
      ]
    },
    {
      "module": "module.network",
      "mode": "managed",
      "type": "aws_route_table_association",
      "name": "public_1d",
      "provider": "provider[\"registry.terraform.io/hashicorp/aws\"]",
      "instances": [
        {
          "schema_version": 0,
          "attributes": {
            "gateway_id": "",
            "id": "rtbassoc-0bb4eca1b38e333fb",
            "region": "ap-northeast-1",
            "route_table_id": "rtb-083ac28e460af7f57",
            "subnet_id": "subnet-0a422cc9ab2e1d0ad",
            "timeouts": null
          },
          "sensitive_attributes": [],
          "identity_schema_version": 0,
          "identity": {
            "account_id": "925047940866",
            "id": "rtbassoc-0bb4eca1b38e333fb",
            "region": "ap-northeast-1"
          },
          "private": "eyJlMmJmYjczMC1lY2FhLTExZTYtOGY4OC0zNDM2M2JjN2M0YzAiOnsiY3JlYXRlIjozMDAwMDAwMDAwMDAsImRlbGV0ZSI6MzAwMDAwMDAwMDAwLCJ1cGRhdGUiOjEyMDAwMDAwMDAwMH19",
          "dependencies": [
            "module.network.aws_internet_gateway.ex10_igw",
            "module.network.aws_route_table.public_rt",
            "module.network.aws_subnet.public_1d",
            "module.network.aws_vpc.ex10_vpc"
          ]
        }
      ]
    },
    {
      "module": "module.network",
      "mode": "managed",
      "type": "aws_security_group",
      "name": "alb_sg",
      "provider": "provider[\"registry.terraform.io/hashicorp/aws\"]",
      "instances": [
        {
          "schema_version": 1,
          "attributes": {
            "arn": "arn:aws:ec2:ap-northeast-1:925047940866:security-group/sg-02975db74aa51ef14",
            "description": "Security Group for ex10 ALB",
            "egress": [
              {
                "cidr_blocks": [
                  "0.0.0.0/0"
                ],
                "description": "",
                "from_port": 0,
                "ipv6_cidr_blocks": [],
                "prefix_list_ids": [],
                "protocol": "-1",
                "security_groups": [],
                "self": false,
                "to_port": 0
              }
            ],
            "id": "sg-02975db74aa51ef14",
            "ingress": [
              {
                "cidr_blocks": [
                  "0.0.0.0/0"
                ],
                "description": "HTTP",
                "from_port": 80,
                "ipv6_cidr_blocks": [],
                "prefix_list_ids": [],
                "protocol": "tcp",
                "security_groups": [],
                "self": false,
                "to_port": 80
              }
            ],
            "name": "std01-ex10-alb-sg",
            "name_prefix": "",
            "owner_id": "925047940866",
            "region": "ap-northeast-1",
            "revoke_rules_on_delete": false,
            "tags": {
              "Name": "std01-ex10-alb-sg"
            },
            "tags_all": {
              "Env": "test",
              "Name": "std01-ex10-alb-sg",
              "Owner": "std01",
              "Project": "ex10-asg-codedeploy"
            },
            "timeouts": null,
            "vpc_id": "vpc-0d3600f41d6b330a2"
          },
          "sensitive_attributes": [],
          "identity_schema_version": 0,
          "identity": {
            "account_id": "925047940866",
            "id": "sg-02975db74aa51ef14",
            "region": "ap-northeast-1"
          },
          "private": "eyJlMmJmYjczMC1lY2FhLTExZTYtOGY4OC0zNDM2M2JjN2M0YzAiOnsiY3JlYXRlIjo2MDAwMDAwMDAwMDAsImRlbGV0ZSI6OTAwMDAwMDAwMDAwfSwic2NoZW1hX3ZlcnNpb24iOiIxIn0=",
          "dependencies": [
            "module.network.aws_vpc.ex10_vpc"
          ]
        }
      ]
    },
    {
      "module": "module.network",
      "mode": "managed",
      "type": "aws_security_group",
      "name": "asg_sg",
      "provider": "provider[\"registry.terraform.io/hashicorp/aws\"]",
      "instances": [
        {
          "schema_version": 1,
          "attributes": {
            "arn": "arn:aws:ec2:ap-northeast-1:925047940866:security-group/sg-04e5b31d1f34e3ae3",
            "description": "Security Group for ex10 private ASG instances",
            "egress": [
              {
                "cidr_blocks": [
                  "0.0.0.0/0"
                ],
                "description": "",
                "from_port": 0,
                "ipv6_cidr_blocks": [],
                "prefix_list_ids": [],
                "protocol": "-1",
                "security_groups": [],
                "self": false,
                "to_port": 0
              }
            ],
            "id": "sg-04e5b31d1f34e3ae3",
            "ingress": [
              {
                "cidr_blocks": [],
                "description": "HTTP from ALB",
                "from_port": 80,
                "ipv6_cidr_blocks": [],
                "prefix_list_ids": [],
                "protocol": "tcp",
                "security_groups": [
                  "sg-02975db74aa51ef14"
                ],
                "self": false,
                "to_port": 80
              }
            ],
            "name": "std01-ex10-asg-sg",
            "name_prefix": "",
            "owner_id": "925047940866",
            "region": "ap-northeast-1",
            "revoke_rules_on_delete": false,
            "tags": {
              "Name": "std01-ex10-asg-sg"
            },
            "tags_all": {
              "Env": "test",
              "Name": "std01-ex10-asg-sg",
              "Owner": "std01",
              "Project": "ex10-asg-codedeploy"
            },
            "timeouts": null,
            "vpc_id": "vpc-0d3600f41d6b330a2"
          },
          "sensitive_attributes": [],
          "identity_schema_version": 0,
          "identity": {
            "account_id": "925047940866",
            "id": "sg-04e5b31d1f34e3ae3",
            "region": "ap-northeast-1"
          },
          "private": "eyJlMmJmYjczMC1lY2FhLTExZTYtOGY4OC0zNDM2M2JjN2M0YzAiOnsiY3JlYXRlIjo2MDAwMDAwMDAwMDAsImRlbGV0ZSI6OTAwMDAwMDAwMDAwfSwic2NoZW1hX3ZlcnNpb24iOiIxIn0=",
          "dependencies": [
            "module.network.aws_security_group.alb_sg",
            "module.network.aws_vpc.ex10_vpc"
          ]
        }
      ]
    },
    {
      "module": "module.network",
      "mode": "managed",
      "type": "aws_subnet",
      "name": "db_1a",
      "provider": "provider[\"registry.terraform.io/hashicorp/aws\"]",
      "instances": [
        {
          "schema_version": 1,
          "attributes": {
            "arn": "arn:aws:ec2:ap-northeast-1:925047940866:subnet/subnet-0946afe0f8f7669bf",
            "assign_ipv6_address_on_creation": false,
            "availability_zone": "ap-northeast-1a",
            "availability_zone_id": "apne1-az4",
            "cidr_block": "10.10.21.0/24",
            "customer_owned_ipv4_pool": "",
            "enable_dns64": false,
            "enable_lni_at_device_index": 0,
            "enable_resource_name_dns_a_record_on_launch": false,
            "enable_resource_name_dns_aaaa_record_on_launch": false,
            "id": "subnet-0946afe0f8f7669bf",
            "ipv4_ipam_pool_id": null,
            "ipv4_netmask_length": null,
            "ipv6_cidr_block": "",
            "ipv6_cidr_block_association_id": "",
            "ipv6_ipam_pool_id": null,
            "ipv6_native": false,
            "ipv6_netmask_length": null,
            "map_customer_owned_ip_on_launch": false,
            "map_public_ip_on_launch": false,
            "outpost_arn": "",
            "owner_id": "925047940866",
            "private_dns_hostname_type_on_launch": "ip-name",
            "region": "ap-northeast-1",
            "tags": {
              "Name": "std01-ex10-db-1a-subnet",
              "Type": "db"
            },
            "tags_all": {
              "Env": "test",
              "Name": "std01-ex10-db-1a-subnet",
              "Owner": "std01",
              "Project": "ex10-asg-codedeploy",
              "Type": "db"
            },
            "timeouts": null,
            "vpc_id": "vpc-0d3600f41d6b330a2"
          },
          "sensitive_attributes": [],
          "identity_schema_version": 0,
          "identity": {
            "account_id": "925047940866",
            "id": "subnet-0946afe0f8f7669bf",
            "region": "ap-northeast-1"
          },
          "private": "eyJlMmJmYjczMC1lY2FhLTExZTYtOGY4OC0zNDM2M2JjN2M0YzAiOnsiY3JlYXRlIjo2MDAwMDAwMDAwMDAsImRlbGV0ZSI6MTIwMDAwMDAwMDAwMH0sInNjaGVtYV92ZXJzaW9uIjoiMSJ9",
          "dependencies": [
            "module.network.aws_vpc.ex10_vpc"
          ]
        }
      ]
    },
    {
      "module": "module.network",
      "mode": "managed",
      "type": "aws_subnet",
      "name": "db_1c",
      "provider": "provider[\"registry.terraform.io/hashicorp/aws\"]",
      "instances": [
        {
          "schema_version": 1,
          "attributes": {
            "arn": "arn:aws:ec2:ap-northeast-1:925047940866:subnet/subnet-0bc91f3e9b5f39732",
            "assign_ipv6_address_on_creation": false,
            "availability_zone": "ap-northeast-1c",
            "availability_zone_id": "apne1-az1",
            "cidr_block": "10.10.22.0/24",
            "customer_owned_ipv4_pool": "",
            "enable_dns64": false,
            "enable_lni_at_device_index": 0,
            "enable_resource_name_dns_a_record_on_launch": false,
            "enable_resource_name_dns_aaaa_record_on_launch": false,
            "id": "subnet-0bc91f3e9b5f39732",
            "ipv4_ipam_pool_id": null,
            "ipv4_netmask_length": null,
            "ipv6_cidr_block": "",
            "ipv6_cidr_block_association_id": "",
            "ipv6_ipam_pool_id": null,
            "ipv6_native": false,
            "ipv6_netmask_length": null,
            "map_customer_owned_ip_on_launch": false,
            "map_public_ip_on_launch": false,
            "outpost_arn": "",
            "owner_id": "925047940866",
            "private_dns_hostname_type_on_launch": "ip-name",
            "region": "ap-northeast-1",
            "tags": {
              "Name": "std01-ex10-db-1c-subnet",
              "Type": "db"
            },
            "tags_all": {
              "Env": "test",
              "Name": "std01-ex10-db-1c-subnet",
              "Owner": "std01",
              "Project": "ex10-asg-codedeploy",
              "Type": "db"
            },
            "timeouts": null,
            "vpc_id": "vpc-0d3600f41d6b330a2"
          },
          "sensitive_attributes": [],
          "identity_schema_version": 0,
          "identity": {
            "account_id": "925047940866",
            "id": "subnet-0bc91f3e9b5f39732",
            "region": "ap-northeast-1"
          },
          "private": "eyJlMmJmYjczMC1lY2FhLTExZTYtOGY4OC0zNDM2M2JjN2M0YzAiOnsiY3JlYXRlIjo2MDAwMDAwMDAwMDAsImRlbGV0ZSI6MTIwMDAwMDAwMDAwMH0sInNjaGVtYV92ZXJzaW9uIjoiMSJ9",
          "dependencies": [
            "module.network.aws_vpc.ex10_vpc"
          ]
        }
      ]
    },
    {
      "module": "module.network",
      "mode": "managed",
      "type": "aws_subnet",
      "name": "db_1d",
      "provider": "provider[\"registry.terraform.io/hashicorp/aws\"]",
      "instances": [
        {
          "schema_version": 1,
          "attributes": {
            "arn": "arn:aws:ec2:ap-northeast-1:925047940866:subnet/subnet-0b340060cc0009f1e",
            "assign_ipv6_address_on_creation": false,
            "availability_zone": "ap-northeast-1d",
            "availability_zone_id": "apne1-az2",
            "cidr_block": "10.10.23.0/24",
            "customer_owned_ipv4_pool": "",
            "enable_dns64": false,
            "enable_lni_at_device_index": 0,
            "enable_resource_name_dns_a_record_on_launch": false,
            "enable_resource_name_dns_aaaa_record_on_launch": false,
            "id": "subnet-0b340060cc0009f1e",
            "ipv4_ipam_pool_id": null,
            "ipv4_netmask_length": null,
            "ipv6_cidr_block": "",
            "ipv6_cidr_block_association_id": "",
            "ipv6_ipam_pool_id": null,
            "ipv6_native": false,
            "ipv6_netmask_length": null,
            "map_customer_owned_ip_on_launch": false,
            "map_public_ip_on_launch": false,
            "outpost_arn": "",
            "owner_id": "925047940866",
            "private_dns_hostname_type_on_launch": "ip-name",
            "region": "ap-northeast-1",
            "tags": {
              "Name": "std01-ex10-db-1d-subnet",
              "Type": "db"
            },
            "tags_all": {
              "Env": "test",
              "Name": "std01-ex10-db-1d-subnet",
              "Owner": "std01",
              "Project": "ex10-asg-codedeploy",
              "Type": "db"
            },
            "timeouts": null,
            "vpc_id": "vpc-0d3600f41d6b330a2"
          },
          "sensitive_attributes": [],
          "identity_schema_version": 0,
          "identity": {
            "account_id": "925047940866",
            "id": "subnet-0b340060cc0009f1e",
            "region": "ap-northeast-1"
          },
          "private": "eyJlMmJmYjczMC1lY2FhLTExZTYtOGY4OC0zNDM2M2JjN2M0YzAiOnsiY3JlYXRlIjo2MDAwMDAwMDAwMDAsImRlbGV0ZSI6MTIwMDAwMDAwMDAwMH0sInNjaGVtYV92ZXJzaW9uIjoiMSJ9",
          "dependencies": [
            "module.network.aws_vpc.ex10_vpc"
          ]
        }
      ]
    },
    {
      "module": "module.network",
      "mode": "managed",
      "type": "aws_subnet",
      "name": "private_1a",
      "provider": "provider[\"registry.terraform.io/hashicorp/aws\"]",
      "instances": [
        {
          "schema_version": 1,
          "attributes": {
            "arn": "arn:aws:ec2:ap-northeast-1:925047940866:subnet/subnet-01bda0d8ae04a3664",
            "assign_ipv6_address_on_creation": false,
            "availability_zone": "ap-northeast-1a",
            "availability_zone_id": "apne1-az4",
            "cidr_block": "10.10.11.0/24",
            "customer_owned_ipv4_pool": "",
            "enable_dns64": false,
            "enable_lni_at_device_index": 0,
            "enable_resource_name_dns_a_record_on_launch": false,
            "enable_resource_name_dns_aaaa_record_on_launch": false,
            "id": "subnet-01bda0d8ae04a3664",
            "ipv4_ipam_pool_id": null,
            "ipv4_netmask_length": null,
            "ipv6_cidr_block": "",
            "ipv6_cidr_block_association_id": "",
            "ipv6_ipam_pool_id": null,
            "ipv6_native": false,
            "ipv6_netmask_length": null,
            "map_customer_owned_ip_on_launch": false,
            "map_public_ip_on_launch": false,
            "outpost_arn": "",
            "owner_id": "925047940866",
            "private_dns_hostname_type_on_launch": "ip-name",
            "region": "ap-northeast-1",
            "tags": {
              "Name": "std01-ex10-private-1a-subnet",
              "Type": "private"
            },
            "tags_all": {
              "Env": "test",
              "Name": "std01-ex10-private-1a-subnet",
              "Owner": "std01",
              "Project": "ex10-asg-codedeploy",
              "Type": "private"
            },
            "timeouts": null,
            "vpc_id": "vpc-0d3600f41d6b330a2"
          },
          "sensitive_attributes": [],
          "identity_schema_version": 0,
          "identity": {
            "account_id": "925047940866",
            "id": "subnet-01bda0d8ae04a3664",
            "region": "ap-northeast-1"
          },
          "private": "eyJlMmJmYjczMC1lY2FhLTExZTYtOGY4OC0zNDM2M2JjN2M0YzAiOnsiY3JlYXRlIjo2MDAwMDAwMDAwMDAsImRlbGV0ZSI6MTIwMDAwMDAwMDAwMH0sInNjaGVtYV92ZXJzaW9uIjoiMSJ9",
          "dependencies": [
            "module.network.aws_vpc.ex10_vpc"
          ]
        }
      ]
    },
    {
      "module": "module.network",
      "mode": "managed",
      "type": "aws_subnet",
      "name": "private_1c",
      "provider": "provider[\"registry.terraform.io/hashicorp/aws\"]",
      "instances": [
        {
          "schema_version": 1,
          "attributes": {
            "arn": "arn:aws:ec2:ap-northeast-1:925047940866:subnet/subnet-080074925c2ed7eeb",
            "assign_ipv6_address_on_creation": false,
            "availability_zone": "ap-northeast-1c",
            "availability_zone_id": "apne1-az1",
            "cidr_block": "10.10.12.0/24",
            "customer_owned_ipv4_pool": "",
            "enable_dns64": false,
            "enable_lni_at_device_index": 0,
            "enable_resource_name_dns_a_record_on_launch": false,
            "enable_resource_name_dns_aaaa_record_on_launch": false,
            "id": "subnet-080074925c2ed7eeb",
            "ipv4_ipam_pool_id": null,
            "ipv4_netmask_length": null,
            "ipv6_cidr_block": "",
            "ipv6_cidr_block_association_id": "",
            "ipv6_ipam_pool_id": null,
            "ipv6_native": false,
            "ipv6_netmask_length": null,
            "map_customer_owned_ip_on_launch": false,
            "map_public_ip_on_launch": false,
            "outpost_arn": "",
            "owner_id": "925047940866",
            "private_dns_hostname_type_on_launch": "ip-name",
            "region": "ap-northeast-1",
            "tags": {
              "Name": "std01-ex10-private-1c-subnet",
              "Type": "private"
            },
            "tags_all": {
              "Env": "test",
              "Name": "std01-ex10-private-1c-subnet",
              "Owner": "std01",
              "Project": "ex10-asg-codedeploy",
              "Type": "private"
            },
            "timeouts": null,
            "vpc_id": "vpc-0d3600f41d6b330a2"
          },
          "sensitive_attributes": [],
          "identity_schema_version": 0,
          "identity": {
            "account_id": "925047940866",
            "id": "subnet-080074925c2ed7eeb",
            "region": "ap-northeast-1"
          },
          "private": "eyJlMmJmYjczMC1lY2FhLTExZTYtOGY4OC0zNDM2M2JjN2M0YzAiOnsiY3JlYXRlIjo2MDAwMDAwMDAwMDAsImRlbGV0ZSI6MTIwMDAwMDAwMDAwMH0sInNjaGVtYV92ZXJzaW9uIjoiMSJ9",
          "dependencies": [
            "module.network.aws_vpc.ex10_vpc"
          ]
        }
      ]
    },
    {
      "module": "module.network",
      "mode": "managed",
      "type": "aws_subnet",
      "name": "private_1d",
      "provider": "provider[\"registry.terraform.io/hashicorp/aws\"]",
      "instances": [
        {
          "schema_version": 1,
          "attributes": {
            "arn": "arn:aws:ec2:ap-northeast-1:925047940866:subnet/subnet-0f1af5a725e5212cf",
            "assign_ipv6_address_on_creation": false,
            "availability_zone": "ap-northeast-1d",
            "availability_zone_id": "apne1-az2",
            "cidr_block": "10.10.13.0/24",
            "customer_owned_ipv4_pool": "",
            "enable_dns64": false,
            "enable_lni_at_device_index": 0,
            "enable_resource_name_dns_a_record_on_launch": false,
            "enable_resource_name_dns_aaaa_record_on_launch": false,
            "id": "subnet-0f1af5a725e5212cf",
            "ipv4_ipam_pool_id": null,
            "ipv4_netmask_length": null,
            "ipv6_cidr_block": "",
            "ipv6_cidr_block_association_id": "",
            "ipv6_ipam_pool_id": null,
            "ipv6_native": false,
            "ipv6_netmask_length": null,
            "map_customer_owned_ip_on_launch": false,
            "map_public_ip_on_launch": false,
            "outpost_arn": "",
            "owner_id": "925047940866",
            "private_dns_hostname_type_on_launch": "ip-name",
            "region": "ap-northeast-1",
            "tags": {
              "Name": "std01-ex10-private-1d-subnet",
              "Type": "private"
            },
            "tags_all": {
              "Env": "test",
              "Name": "std01-ex10-private-1d-subnet",
              "Owner": "std01",
              "Project": "ex10-asg-codedeploy",
              "Type": "private"
            },
            "timeouts": null,
            "vpc_id": "vpc-0d3600f41d6b330a2"
          },
          "sensitive_attributes": [],
          "identity_schema_version": 0,
          "identity": {
            "account_id": "925047940866",
            "id": "subnet-0f1af5a725e5212cf",
            "region": "ap-northeast-1"
          },
          "private": "eyJlMmJmYjczMC1lY2FhLTExZTYtOGY4OC0zNDM2M2JjN2M0YzAiOnsiY3JlYXRlIjo2MDAwMDAwMDAwMDAsImRlbGV0ZSI6MTIwMDAwMDAwMDAwMH0sInNjaGVtYV92ZXJzaW9uIjoiMSJ9",
          "dependencies": [
            "module.network.aws_vpc.ex10_vpc"
          ]
        }
      ]
    },
    {
      "module": "module.network",
      "mode": "managed",
      "type": "aws_subnet",
      "name": "public_1a",
      "provider": "provider[\"registry.terraform.io/hashicorp/aws\"]",
      "instances": [
        {
          "schema_version": 1,
          "attributes": {
            "arn": "arn:aws:ec2:ap-northeast-1:925047940866:subnet/subnet-01c5cbe678dfdba71",
            "assign_ipv6_address_on_creation": false,
            "availability_zone": "ap-northeast-1a",
            "availability_zone_id": "apne1-az4",
            "cidr_block": "10.10.1.0/24",
            "customer_owned_ipv4_pool": "",
            "enable_dns64": false,
            "enable_lni_at_device_index": 0,
            "enable_resource_name_dns_a_record_on_launch": false,
            "enable_resource_name_dns_aaaa_record_on_launch": false,
            "id": "subnet-01c5cbe678dfdba71",
            "ipv4_ipam_pool_id": null,
            "ipv4_netmask_length": null,
            "ipv6_cidr_block": "",
            "ipv6_cidr_block_association_id": "",
            "ipv6_ipam_pool_id": null,
            "ipv6_native": false,
            "ipv6_netmask_length": null,
            "map_customer_owned_ip_on_launch": false,
            "map_public_ip_on_launch": true,
            "outpost_arn": "",
            "owner_id": "925047940866",
            "private_dns_hostname_type_on_launch": "ip-name",
            "region": "ap-northeast-1",
            "tags": {
              "Name": "std01-ex10-public-1a-subnet",
              "Type": "public"
            },
            "tags_all": {
              "Env": "test",
              "Name": "std01-ex10-public-1a-subnet",
              "Owner": "std01",
              "Project": "ex10-asg-codedeploy",
              "Type": "public"
            },
            "timeouts": null,
            "vpc_id": "vpc-0d3600f41d6b330a2"
          },
          "sensitive_attributes": [],
          "identity_schema_version": 0,
          "identity": {
            "account_id": "925047940866",
            "id": "subnet-01c5cbe678dfdba71",
            "region": "ap-northeast-1"
          },
          "private": "eyJlMmJmYjczMC1lY2FhLTExZTYtOGY4OC0zNDM2M2JjN2M0YzAiOnsiY3JlYXRlIjo2MDAwMDAwMDAwMDAsImRlbGV0ZSI6MTIwMDAwMDAwMDAwMH0sInNjaGVtYV92ZXJzaW9uIjoiMSJ9",
          "dependencies": [
            "module.network.aws_vpc.ex10_vpc"
          ]
        }
      ]
    },
    {
      "module": "module.network",
      "mode": "managed",
      "type": "aws_subnet",
      "name": "public_1c",
      "provider": "provider[\"registry.terraform.io/hashicorp/aws\"]",
      "instances": [
        {
          "schema_version": 1,
          "attributes": {
            "arn": "arn:aws:ec2:ap-northeast-1:925047940866:subnet/subnet-03b2c0a616c4d3b5f",
            "assign_ipv6_address_on_creation": false,
            "availability_zone": "ap-northeast-1c",
            "availability_zone_id": "apne1-az1",
            "cidr_block": "10.10.2.0/24",
            "customer_owned_ipv4_pool": "",
            "enable_dns64": false,
            "enable_lni_at_device_index": 0,
            "enable_resource_name_dns_a_record_on_launch": false,
            "enable_resource_name_dns_aaaa_record_on_launch": false,
            "id": "subnet-03b2c0a616c4d3b5f",
            "ipv4_ipam_pool_id": null,
            "ipv4_netmask_length": null,
            "ipv6_cidr_block": "",
            "ipv6_cidr_block_association_id": "",
            "ipv6_ipam_pool_id": null,
            "ipv6_native": false,
            "ipv6_netmask_length": null,
            "map_customer_owned_ip_on_launch": false,
            "map_public_ip_on_launch": true,
            "outpost_arn": "",
            "owner_id": "925047940866",
            "private_dns_hostname_type_on_launch": "ip-name",
            "region": "ap-northeast-1",
            "tags": {
              "Name": "std01-ex10-public-1c-subnet",
              "Type": "public"
            },
            "tags_all": {
              "Env": "test",
              "Name": "std01-ex10-public-1c-subnet",
              "Owner": "std01",
              "Project": "ex10-asg-codedeploy",
              "Type": "public"
            },
            "timeouts": null,
            "vpc_id": "vpc-0d3600f41d6b330a2"
          },
          "sensitive_attributes": [],
          "identity_schema_version": 0,
          "identity": {
            "account_id": "925047940866",
            "id": "subnet-03b2c0a616c4d3b5f",
            "region": "ap-northeast-1"
          },
          "private": "eyJlMmJmYjczMC1lY2FhLTExZTYtOGY4OC0zNDM2M2JjN2M0YzAiOnsiY3JlYXRlIjo2MDAwMDAwMDAwMDAsImRlbGV0ZSI6MTIwMDAwMDAwMDAwMH0sInNjaGVtYV92ZXJzaW9uIjoiMSJ9",
          "dependencies": [
            "module.network.aws_vpc.ex10_vpc"
          ]
        }
      ]
    },
    {
      "module": "module.network",
      "mode": "managed",
      "type": "aws_subnet",
      "name": "public_1d",
      "provider": "provider[\"registry.terraform.io/hashicorp/aws\"]",
      "instances": [
        {
          "schema_version": 1,
          "attributes": {
            "arn": "arn:aws:ec2:ap-northeast-1:925047940866:subnet/subnet-0a422cc9ab2e1d0ad",
            "assign_ipv6_address_on_creation": false,
            "availability_zone": "ap-northeast-1d",
            "availability_zone_id": "apne1-az2",
            "cidr_block": "10.10.3.0/24",
            "customer_owned_ipv4_pool": "",
            "enable_dns64": false,
            "enable_lni_at_device_index": 0,
            "enable_resource_name_dns_a_record_on_launch": false,
            "enable_resource_name_dns_aaaa_record_on_launch": false,
            "id": "subnet-0a422cc9ab2e1d0ad",
            "ipv4_ipam_pool_id": null,
            "ipv4_netmask_length": null,
            "ipv6_cidr_block": "",
            "ipv6_cidr_block_association_id": "",
            "ipv6_ipam_pool_id": null,
            "ipv6_native": false,
            "ipv6_netmask_length": null,
            "map_customer_owned_ip_on_launch": false,
            "map_public_ip_on_launch": true,
            "outpost_arn": "",
            "owner_id": "925047940866",
            "private_dns_hostname_type_on_launch": "ip-name",
            "region": "ap-northeast-1",
            "tags": {
              "Name": "std01-ex10-public-1d-subnet",
              "Type": "public"
            },
            "tags_all": {
              "Env": "test",
              "Name": "std01-ex10-public-1d-subnet",
              "Owner": "std01",
              "Project": "ex10-asg-codedeploy",
              "Type": "public"
            },
            "timeouts": null,
            "vpc_id": "vpc-0d3600f41d6b330a2"
          },
          "sensitive_attributes": [],
          "identity_schema_version": 0,
          "identity": {
            "account_id": "925047940866",
            "id": "subnet-0a422cc9ab2e1d0ad",
            "region": "ap-northeast-1"
          },
          "private": "eyJlMmJmYjczMC1lY2FhLTExZTYtOGY4OC0zNDM2M2JjN2M0YzAiOnsiY3JlYXRlIjo2MDAwMDAwMDAwMDAsImRlbGV0ZSI6MTIwMDAwMDAwMDAwMH0sInNjaGVtYV92ZXJzaW9uIjoiMSJ9",
          "dependencies": [
            "module.network.aws_vpc.ex10_vpc"
          ]
        }
      ]
    },
    {
      "module": "module.network",
      "mode": "managed",
      "type": "aws_vpc",
      "name": "ex10_vpc",
      "provider": "provider[\"registry.terraform.io/hashicorp/aws\"]",
      "instances": [
        {
          "schema_version": 1,
          "attributes": {
            "arn": "arn:aws:ec2:ap-northeast-1:925047940866:vpc/vpc-0d3600f41d6b330a2",
            "assign_generated_ipv6_cidr_block": false,
            "cidr_block": "10.10.0.0/16",
            "default_network_acl_id": "acl-08d61e6636212df2c",
            "default_route_table_id": "rtb-082ad4e247ca5509b",
            "default_security_group_id": "sg-06d76de9bcbc5aad4",
            "dhcp_options_id": "dopt-09d5e833a8c2c2f60",
            "enable_dns_hostnames": true,
            "enable_dns_support": true,
            "enable_network_address_usage_metrics": false,
            "id": "vpc-0d3600f41d6b330a2",
            "instance_tenancy": "default",
            "ipv4_ipam_pool_id": null,
            "ipv4_netmask_length": null,
            "ipv6_association_id": "",
            "ipv6_cidr_block": "",
            "ipv6_cidr_block_network_border_group": "",
            "ipv6_ipam_pool_id": "",
            "ipv6_netmask_length": 0,
            "main_route_table_id": "rtb-082ad4e247ca5509b",
            "owner_id": "925047940866",
            "region": "ap-northeast-1",
            "tags": {
              "Name": "std01-ex10-vpc"
            },
            "tags_all": {
              "Env": "test",
              "Name": "std01-ex10-vpc",
              "Owner": "std01",
              "Project": "ex10-asg-codedeploy"
            }
          },
          "sensitive_attributes": [],
          "identity_schema_version": 0,
          "identity": {
            "account_id": "925047940866",
            "id": "vpc-0d3600f41d6b330a2",
            "region": "ap-northeast-1"
          },
          "private": "eyJzY2hlbWFfdmVyc2lvbiI6IjEifQ=="
        }
      ]
    },
    {
      "module": "module.pipeline",
      "mode": "data",
      "type": "aws_caller_identity",
      "name": "current",
      "provider": "provider[\"registry.terraform.io/hashicorp/aws\"]",
      "instances": [
        {
          "schema_version": 0,
          "attributes": {
            "account_id": "925047940866",
            "arn": "arn:aws:iam::925047940866:user/bipa17-student01",
            "id": "925047940866",
            "user_id": "AIDA5OYJHM4BG6ZADE2X6"
          },
          "sensitive_attributes": [],
          "identity_schema_version": 0
        }
      ]
    },
    {
      "module": "module.pipeline",
      "mode": "managed",
      "type": "aws_codepipeline",
      "name": "pipeline",
      "provider": "provider[\"registry.terraform.io/hashicorp/aws\"]",
      "instances": [
        {
          "schema_version": 0,
          "attributes": {
            "arn": "arn:aws:codepipeline:ap-northeast-1:925047940866:std01-ex10-asg-cicd-pipeline",
            "artifact_store": [
              {
                "encryption_key": [],
                "location": "std01-ex10-pipeline-artifacts-925047940866",
                "region": "",
                "type": "S3"
              }
            ],
            "execution_mode": "SUPERSEDED",
            "id": "std01-ex10-asg-cicd-pipeline",
            "name": "std01-ex10-asg-cicd-pipeline",
            "pipeline_type": "V1",
            "region": "ap-northeast-1",
            "role_arn": "arn:aws:iam::925047940866:role/std01-ex10-codepipeline-service-role",
            "stage": [
              {
                "action": [
                  {
                    "category": "Source",
                    "commands": null,
                    "configuration": {
                      "BranchName": "main",
                      "ConnectionArn": "arn:aws:codestar-connections:ap-northeast-1:925047940866:connection/d46039db-ccb2-496d-be36-8cc7e827f1c1",
                      "DetectChanges": "false",
                      "FullRepositoryId": "cdmi4613/ex10-asg-codedeploy",
                      "OutputArtifactFormat": "CODE_ZIP"
                    },
                    "input_artifacts": null,
                    "name": "Source",
                    "namespace": "",
                    "output_artifacts": [
                      "source_output"
                    ],
                    "output_artifacts_for_compute_action": [],
                    "output_variables": null,
                    "owner": "AWS",
                    "provider": "CodeStarSourceConnection",
                    "region": "",
                    "role_arn": "",
                    "run_order": 1,
                    "timeout_in_minutes": 0,
                    "version": "1"
                  }
                ],
                "before_entry": [],
                "name": "Source",
                "on_failure": [],
                "on_success": []
              },
              {
                "action": [
                  {
                    "category": "Deploy",
                    "commands": null,
                    "configuration": {
                      "ApplicationName": "std01-ex10-codedeploy-app",
                      "DeploymentGroupName": "std01-ex10-deployment-group"
                    },
                    "input_artifacts": [
                      "source_output"
                    ],
                    "name": "Deploy",
                    "namespace": "",
                    "output_artifacts": null,
                    "output_artifacts_for_compute_action": [],
                    "output_variables": null,
                    "owner": "AWS",
                    "provider": "CodeDeploy",
                    "region": "",
                    "role_arn": "",
                    "run_order": 1,
                    "timeout_in_minutes": 0,
                    "version": "1"
                  }
                ],
                "before_entry": [],
                "name": "Deploy",
                "on_failure": [],
                "on_success": []
              }
            ],
            "tags": null,
            "tags_all": {
              "Env": "test",
              "Owner": "std01",
              "Project": "ex10-asg-codedeploy"
            },
            "trigger": [],
            "trigger_all": [],
            "variable": []
          },
          "sensitive_attributes": [],
          "identity_schema_version": 0,
          "identity": {
            "account_id": "925047940866",
            "name": "std01-ex10-asg-cicd-pipeline",
            "region": "ap-northeast-1"
          },
          "private": "bnVsbA==",
          "dependencies": [
            "module.alb.aws_lb_target_group.app_tg",
            "module.asg.aws_autoscaling_group.asg",
            "module.asg.aws_iam_instance_profile.asg_node_profile",
            "module.asg.aws_iam_role.asg_node_role",
            "module.asg.aws_launch_template.asg_lt",
            "module.asg.data.aws_ami.al2023",
            "module.codedeploy.aws_codedeploy_app.app",
            "module.codedeploy.aws_codedeploy_deployment_group.deployment_group",
            "module.codedeploy.aws_iam_role.codedeploy_role",
            "module.network.aws_eip.nat_eip",
            "module.network.aws_internet_gateway.ex10_igw",
            "module.network.aws_nat_gateway.nat",
            "module.network.aws_route_table.db_rt",
            "module.network.aws_route_table.private_rt",
            "module.network.aws_route_table.public_rt",
            "module.network.aws_route_table_association.db_1a",
            "module.network.aws_route_table_association.db_1c",
            "module.network.aws_route_table_association.db_1d",
            "module.network.aws_route_table_association.private_1a",
            "module.network.aws_route_table_association.private_1c",
            "module.network.aws_route_table_association.private_1d",
            "module.network.aws_route_table_association.public_1a",
            "module.network.aws_route_table_association.public_1c",
            "module.network.aws_route_table_association.public_1d",
            "module.network.aws_security_group.alb_sg",
            "module.network.aws_security_group.asg_sg",
            "module.network.aws_subnet.db_1a",
            "module.network.aws_subnet.db_1c",
            "module.network.aws_subnet.db_1d",
            "module.network.aws_subnet.private_1a",
            "module.network.aws_subnet.private_1c",
            "module.network.aws_subnet.private_1d",
            "module.network.aws_subnet.public_1a",
            "module.network.aws_subnet.public_1c",
            "module.network.aws_subnet.public_1d",
            "module.network.aws_vpc.ex10_vpc",
            "module.pipeline.aws_codestarconnections_connection.github",
            "module.pipeline.aws_iam_role.codepipeline_role",
            "module.pipeline.aws_s3_bucket.artifacts",
            "module.pipeline.data.aws_caller_identity.current"
          ]
        }
      ]
    },
    {
      "module": "module.pipeline",
      "mode": "managed",
      "type": "aws_codestarconnections_connection",
      "name": "github",
      "provider": "provider[\"registry.terraform.io/hashicorp/aws\"]",
      "instances": [
        {
          "schema_version": 0,
          "attributes": {
            "arn": "arn:aws:codestar-connections:ap-northeast-1:925047940866:connection/d46039db-ccb2-496d-be36-8cc7e827f1c1",
            "connection_status": "PENDING",
            "host_arn": "",
            "id": "arn:aws:codestar-connections:ap-northeast-1:925047940866:connection/d46039db-ccb2-496d-be36-8cc7e827f1c1",
            "name": "std01-ex10-github-connection",
            "provider_type": "GitHub",
            "region": "ap-northeast-1",
            "tags": null,
            "tags_all": {
              "Env": "test",
              "Owner": "std01",
              "Project": "ex10-asg-codedeploy"
            }
          },
          "sensitive_attributes": [],
          "identity_schema_version": 0,
          "identity": {
            "arn": "arn:aws:codestar-connections:ap-northeast-1:925047940866:connection/d46039db-ccb2-496d-be36-8cc7e827f1c1"
          },
          "private": "bnVsbA=="
        }
      ]
    },
    {
      "module": "module.pipeline",
      "mode": "managed",
      "type": "aws_iam_role",
      "name": "codepipeline_role",
      "provider": "provider[\"registry.terraform.io/hashicorp/aws\"]",
      "instances": [
        {
          "schema_version": 0,
          "attributes": {
            "arn": "arn:aws:iam::925047940866:role/std01-ex10-codepipeline-service-role",
            "assume_role_policy": "{\"Statement\":[{\"Action\":\"sts:AssumeRole\",\"Effect\":\"Allow\",\"Principal\":{\"Service\":\"codepipeline.amazonaws.com\"}}],\"Version\":\"2012-10-17\"}",
            "create_date": "2026-09-22T00:38:49Z",
            "description": "",
            "force_detach_policies": false,
            "id": "std01-ex10-codepipeline-service-role",
            "inline_policy": [],
            "managed_policy_arns": [],
            "max_session_duration": 3600,
            "name": "std01-ex10-codepipeline-service-role",
            "name_prefix": "",
            "path": "/",
            "permissions_boundary": "",
            "tags": {
              "Name": "std01-ex10-codepipeline-service-role"
            },
            "tags_all": {
              "Env": "test",
              "Name": "std01-ex10-codepipeline-service-role",
              "Owner": "std01",
              "Project": "ex10-asg-codedeploy"
            },
            "unique_id": "AROA5OYJHM4BMY2MTZSM4"
          },
          "sensitive_attributes": [],
          "identity_schema_version": 0,
          "identity": {
            "account_id": "925047940866",
            "name": "std01-ex10-codepipeline-service-role"
          },
          "private": "bnVsbA=="
        }
      ]
    },
    {
      "module": "module.pipeline",
      "mode": "managed",
      "type": "aws_iam_role_policy",
      "name": "codepipeline_policy",
      "provider": "provider[\"registry.terraform.io/hashicorp/aws\"]",
      "instances": [
        {
          "schema_version": 0,
          "attributes": {
            "id": "std01-ex10-codepipeline-service-role:std01-ex10-codepipeline-policy",
            "name": "std01-ex10-codepipeline-policy",
            "name_prefix": "",
            "policy": "{\"Version\":\"2012-10-17\",\"Statement\":[{\"Action\":[\"s3:GetObject\",\"s3:GetObjectVersion\",\"s3:GetBucketVersioning\",\"s3:PutObject\"],\"Effect\":\"Allow\",\"Resource\":[\"arn:aws:s3:::std01-ex10-pipeline-artifacts-925047940866\",\"arn:aws:s3:::std01-ex10-pipeline-artifacts-925047940866/*\"]},{\"Action\":[\"codedeploy:CreateDeployment\",\"codedeploy:GetApplication\",\"codedeploy:GetApplicationRevision\",\"codedeploy:GetDeployment\",\"codedeploy:GetDeploymentConfig\",\"codedeploy:RegisterApplicationRevision\"],\"Effect\":\"Allow\",\"Resource\":\"*\"},{\"Action\":[\"codeconnections:UseConnection\",\"codestar-connections:UseConnection\"],\"Effect\":\"Allow\",\"Resource\":\"arn:aws:codestar-connections:ap-northeast-1:925047940866:connection/d46039db-ccb2-496d-be36-8cc7e827f1c1\"}]}",
            "role": "std01-ex10-codepipeline-service-role"
          },
          "sensitive_attributes": [],
          "identity_schema_version": 0,
          "identity": {
            "account_id": "925047940866",
            "name": "std01-ex10-codepipeline-policy",
            "role": "std01-ex10-codepipeline-service-role"
          },
          "private": "bnVsbA==",
          "dependencies": [
            "module.pipeline.aws_codestarconnections_connection.github",
            "module.pipeline.aws_iam_role.codepipeline_role",
            "module.pipeline.aws_s3_bucket.artifacts",
            "module.pipeline.data.aws_caller_identity.current"
          ]
        }
      ]
    },
    {
      "module": "module.pipeline",
      "mode": "managed",
      "type": "aws_s3_bucket",
      "name": "artifacts",
      "provider": "provider[\"registry.terraform.io/hashicorp/aws\"]",
      "instances": [
        {
          "schema_version": 0,
          "attributes": {
            "acceleration_status": "",
            "acl": null,
            "arn": "arn:aws:s3:::std01-ex10-pipeline-artifacts-925047940866",
            "bucket": "std01-ex10-pipeline-artifacts-925047940866",
            "bucket_domain_name": "std01-ex10-pipeline-artifacts-925047940866.s3.amazonaws.com",
            "bucket_namespace": "global",
            "bucket_prefix": "",
            "bucket_region": "ap-northeast-1",
            "bucket_regional_domain_name": "std01-ex10-pipeline-artifacts-925047940866.s3.ap-northeast-1.amazonaws.com",
            "cors_rule": [],
            "force_destroy": true,
            "grant": [
              {
                "id": "48a4998ee9dbb8c9838542304e2045249588229286098a2fe5cd3251eb0d4502",
                "permissions": [
                  "FULL_CONTROL"
                ],
                "type": "CanonicalUser",
                "uri": ""
              }
            ],
            "hosted_zone_id": "Z2M4EHUR26P7ZW",
            "id": "std01-ex10-pipeline-artifacts-925047940866",
            "lifecycle_rule": [],
            "logging": [],
            "object_lock_configuration": [],
            "object_lock_enabled": false,
            "policy": "",
            "region": "ap-northeast-1",
            "replication_configuration": [],
            "request_payer": "BucketOwner",
            "server_side_encryption_configuration": [
              {
                "rule": [
                  {
                    "apply_server_side_encryption_by_default": [
                      {
                        "kms_master_key_id": "",
                        "sse_algorithm": "AES256"
                      }
                    ],
                    "bucket_key_enabled": false
                  }
                ]
              }
            ],
            "tags": {
              "Name": "std01-ex10-pipeline-artifacts"
            },
            "tags_all": {
              "Env": "test",
              "Name": "std01-ex10-pipeline-artifacts",
              "Owner": "std01",
              "Project": "ex10-asg-codedeploy"
            },
            "timeouts": null,
            "versioning": [
              {
                "enabled": false,
                "mfa_delete": false
              }
            ],
            "website": [],
            "website_domain": null,
            "website_endpoint": null
          },
          "sensitive_attributes": [],
          "identity_schema_version": 0,
          "identity": {
            "account_id": "925047940866",
            "bucket": "std01-ex10-pipeline-artifacts-925047940866",
            "region": "ap-northeast-1"
          },
          "private": "eyJlMmJmYjczMC1lY2FhLTExZTYtOGY4OC0zNDM2M2JjN2M0YzAiOnsiY3JlYXRlIjoxMjAwMDAwMDAwMDAwLCJkZWxldGUiOjM2MDAwMDAwMDAwMDAsInJlYWQiOjEyMDAwMDAwMDAwMDAsInVwZGF0ZSI6MTIwMDAwMDAwMDAwMH19",
          "dependencies": [
            "module.pipeline.data.aws_caller_identity.current"
          ]
        }
      ]
    },
    {
      "module": "module.pipeline",
      "mode": "managed",
      "type": "aws_s3_bucket_public_access_block",
      "name": "artifacts",
      "provider": "provider[\"registry.terraform.io/hashicorp/aws\"]",
      "instances": [
        {
          "schema_version": 0,
          "attributes": {
            "block_public_acls": true,
            "block_public_policy": true,
            "bucket": "std01-ex10-pipeline-artifacts-925047940866",
            "id": "std01-ex10-pipeline-artifacts-925047940866",
            "ignore_public_acls": true,
            "region": "ap-northeast-1",
            "restrict_public_buckets": true,
            "skip_destroy": null
          },
          "sensitive_attributes": [],
          "identity_schema_version": 0,
          "identity": {
            "account_id": "925047940866",
            "bucket": "std01-ex10-pipeline-artifacts-925047940866",
            "region": "ap-northeast-1"
          },
          "private": "bnVsbA==",
          "dependencies": [
            "module.pipeline.aws_s3_bucket.artifacts",
            "module.pipeline.data.aws_caller_identity.current"
          ]
        }
      ]
    },
    {
      "module": "module.pipeline",
      "mode": "managed",
      "type": "aws_s3_bucket_server_side_encryption_configuration",
      "name": "artifacts",
      "provider": "provider[\"registry.terraform.io/hashicorp/aws\"]",
      "instances": [
        {
          "schema_version": 0,
          "attributes": {
            "bucket": "std01-ex10-pipeline-artifacts-925047940866",
            "expected_bucket_owner": "",
            "id": "std01-ex10-pipeline-artifacts-925047940866",
            "region": "ap-northeast-1",
            "rule": [
              {
                "apply_server_side_encryption_by_default": [
                  {
                    "kms_master_key_id": "",
                    "sse_algorithm": "AES256"
                  }
                ],
                "blocked_encryption_types": [
                  "SSE-C"
                ],
                "bucket_key_enabled": false
              }
            ]
          },
          "sensitive_attributes": [],
          "identity_schema_version": 1,
          "identity": {
            "account_id": "925047940866",
            "bucket": "std01-ex10-pipeline-artifacts-925047940866",
            "region": "ap-northeast-1"
          },
          "private": "bnVsbA==",
          "dependencies": [
            "module.pipeline.aws_s3_bucket.artifacts",
            "module.pipeline.data.aws_caller_identity.current"
          ]
        }
      ]
    }
  ],
  "check_results": null
}
